{
  "com.gradle:develocity-gradle-plugin:3.17.1": {
    "develocity-gradle-plugin-3.17.1.jar": {
      "url": "https://plugins.gradle.org/m2/com/gradle/develocity-gradle-plugin/3.17.1/develocity-gradle-plugin-3.17.1.jar",
      "hash": "sha256-bAAMQBmW0v63MWsdUK6qcXnW4kCni/nqvZAIdomH28k="
    },
    "develocity-gradle-plugin-3.17.1.jar.asc": {
      "url": "https://plugins.gradle.org/m2/com/gradle/develocity-gradle-plugin/3.17.1/develocity-gradle-plugin-3.17.1.jar.asc",
      "hash": "sha256-Q8yAGr+eJvpmYRSIE4VQ0+W+H0e4kj8zOvMVODErAE8="
    },
    "develocity-gradle-plugin-3.17.1.module": {
      "url": "https://plugins.gradle.org/m2/com/gradle/develocity-gradle-plugin/3.17.1/develocity-gradle-plugin-3.17.1.module",
      "hash": "sha256-DPA3Fh9qfIjzQu3IhxAKhA+UhYqAlJD25rk0cfZTRv0="
    },
    "develocity-gradle-plugin-3.17.1.module.asc": {
      "url": "https://plugins.gradle.org/m2/com/gradle/develocity-gradle-plugin/3.17.1/develocity-gradle-plugin-3.17.1.module.asc",
      "hash": "sha256-cqQrp1R4760SV+xmnMql8fUUZW/HprcAmJfkB8LS1f8="
    },
    "develocity-gradle-plugin-3.17.1.pom": {
      "url": "https://plugins.gradle.org/m2/com/gradle/develocity-gradle-plugin/3.17.1/develocity-gradle-plugin-3.17.1.pom",
      "hash": "sha256-R9YmIZoMTOZbCHjRQrLjPg1lQX1BryVXzwrGD/92CEY="
    }
  },
  "com.gradle:develocity-testing-annotations:2.0.1": {
    "develocity-testing-annotations-2.0.1.jar": {
      "url": "https://repo.maven.apache.org/maven2/com/gradle/develocity-testing-annotations/2.0.1/develocity-testing-annotations-2.0.1.jar",
      "hash": "sha256-R7O0Zd4YtNb7E3phvHK+qunjQc/uD9gafix9RtvENW4="
    },
    "develocity-testing-annotations-2.0.1.jar.asc": {
      "url": "https://repo.maven.apache.org/maven2/com/gradle/develocity-testing-annotations/2.0.1/develocity-testing-annotations-2.0.1.jar.asc",
      "hash": "sha256-Gg1ubwHbm9Y5Sv7n/TL3G2oMghN0k7zu5v7hr9tfJeM="
    },
    "develocity-testing-annotations-2.0.1.module": {
      "url": "https://repo.maven.apache.org/maven2/com/gradle/develocity-testing-annotations/2.0.1/develocity-testing-annotations-2.0.1.module",
      "hash": "sha256-ZIBzdweKtM18FdjnyGsPG//8fhtJGwu5X4ZjMpnOHKI="
    },
    "develocity-testing-annotations-2.0.1.module.asc": {
      "url": "https://repo.maven.apache.org/maven2/com/gradle/develocity-testing-annotations/2.0.1/develocity-testing-annotations-2.0.1.module.asc",
      "hash": "sha256-rJxCskMPxVg1hnjbV4TrD1dLlhKPIUtXdEMD2NsHrZo="
    },
    "develocity-testing-annotations-2.0.1.pom": {
      "url": "https://repo.maven.apache.org/maven2/com/gradle/develocity-testing-annotations/2.0.1/develocity-testing-annotations-2.0.1.pom",
      "hash": "sha256-5sqGKqdZUm+rALHuqYfI+xNKDY8kWtSniZTB6YjskYg="
    }
  },
  "com.gradle.develocity:com.gradle.develocity.gradle.plugin:3.17.1": {
    "com.gradle.develocity.gradle.plugin-3.17.1.pom": {
      "url": "https://plugins.gradle.org/m2/com/gradle/develocity/com.gradle.develocity.gradle.plugin/3.17.1/com.gradle.develocity.gradle.plugin-3.17.1.pom",
      "hash": "sha256-XXIDRnXiR+u7LjcjFFu/74WNwBhM4YauW07Ms/bqSW0="
    }
  }
}
