{
  "com.fasterxml.jackson.core:jackson-core:2.13.3": {
    "jackson-core-2.13.3.jar": {
      "url": "https://repo.maven.apache.org/maven2/com/fasterxml/jackson/core/jackson-core/2.13.3/jackson-core-2.13.3.jar",
      "hash": "sha256-qxGajqPMaUcuvA6HC4Sb+75TatV9YT3DhFPM1ZLKaj0="
    },
    "jackson-core-2.13.3.jar.asc": {
      "url": "https://repo.maven.apache.org/maven2/com/fasterxml/jackson/core/jackson-core/2.13.3/jackson-core-2.13.3.jar.asc",
      "hash": "sha256-OrE76O722zveJhE36CZm1912TlqvpFvTy7EcxVfftGo="
    },
    "jackson-core-2.13.3.module": {
      "url": "https://repo.maven.apache.org/maven2/com/fasterxml/jackson/core/jackson-core/2.13.3/jackson-core-2.13.3.module",
      "hash": "sha256-7KKsTR1nron0PmOQ/Ly/FjP9jDoaSWjZMhTr5YJfYeM="
    },
    "jackson-core-2.13.3.module.asc": {
      "url": "https://repo.maven.apache.org/maven2/com/fasterxml/jackson/core/jackson-core/2.13.3/jackson-core-2.13.3.module.asc",
      "hash": "sha256-T5bLYRc86k6hXdI1MrpGkUNUY7dAkNn3rIa77eqGJnc="
    },
    "jackson-core-2.13.3.pom": {
      "url": "https://repo.maven.apache.org/maven2/com/fasterxml/jackson/core/jackson-core/2.13.3/jackson-core-2.13.3.pom",
      "hash": "sha256-PTyORDm/LbQ3YKYSB9/JV62ZpZt1LMhHaZC0neAM3vw="
    }
  },
  "com.gradle.publish:plugin-publish-plugin:1.0.0-rc-3": {
    "plugin-publish-plugin-1.0.0-rc-3.jar": {
      "url": "https://plugins.gradle.org/m2/com/gradle/publish/plugin-publish-plugin/1.0.0-rc-3/plugin-publish-plugin-1.0.0-rc-3.jar",
      "hash": "sha256-NEGldy3LlGEUaqWcry61pmWCbtOTNA0QsW8TRtETQMA="
    },
    "plugin-publish-plugin-1.0.0-rc-3.jar.asc": {
      "url": "https://plugins.gradle.org/m2/com/gradle/publish/plugin-publish-plugin/1.0.0-rc-3/plugin-publish-plugin-1.0.0-rc-3.jar.asc",
      "hash": "sha256-QL95DZ9C/CEjhhgkwSThj7E+eYzxEA1u2++8JrfoA+A="
    },
    "plugin-publish-plugin-1.0.0-rc-3.module": {
      "url": "https://plugins.gradle.org/m2/com/gradle/publish/plugin-publish-plugin/1.0.0-rc-3/plugin-publish-plugin-1.0.0-rc-3.module",
      "hash": "sha256-ro7OuVoJYHAvxInV9q+u+exhM34QZo0K56Hm1KtQqT8="
    },
    "plugin-publish-plugin-1.0.0-rc-3.module.asc": {
      "url": "https://plugins.gradle.org/m2/com/gradle/publish/plugin-publish-plugin/1.0.0-rc-3/plugin-publish-plugin-1.0.0-rc-3.module.asc",
      "hash": "sha256-DJMlDpF422i5++1wtCm8+4SdV6vr47Q7Lld95qsZ1+k="
    },
    "plugin-publish-plugin-1.0.0-rc-3.pom": {
      "url": "https://plugins.gradle.org/m2/com/gradle/publish/plugin-publish-plugin/1.0.0-rc-3/plugin-publish-plugin-1.0.0-rc-3.pom",
      "hash": "sha256-W0nNJac/itabgJHWwGS2xdYIAyol+7I4FHLHqimKlbI="
    }
  },
  "com.gradle:gradle-enterprise-gradle-plugin:3.10.2": {
    "gradle-enterprise-gradle-plugin-3.10.2.jar": {
      "url": "https://plugins.gradle.org/m2/com/gradle/gradle-enterprise-gradle-plugin/3.10.2/gradle-enterprise-gradle-plugin-3.10.2.jar",
      "hash": "sha256-cb/WSxQ8+O03/S4Ng4PeEnhWxfMTqj9WRyGrSzFxC/o="
    },
    "gradle-enterprise-gradle-plugin-3.10.2.pom": {
      "url": "https://plugins.gradle.org/m2/com/gradle/gradle-enterprise-gradle-plugin/3.10.2/gradle-enterprise-gradle-plugin-3.10.2.pom",
      "hash": "sha256-V2A8mnWp74bOMLHLLbco082crxvpZzQ/H8IxbIXfVlM="
    }
  },
  "com.gradle.enterprise:com.gradle.enterprise.gradle.plugin:3.10.2": {
    "com.gradle.enterprise.gradle.plugin-3.10.2.pom": {
      "url": "https://plugins.gradle.org/m2/com/gradle/enterprise/com.gradle.enterprise.gradle.plugin/3.10.2/com.gradle.enterprise.gradle.plugin-3.10.2.pom",
      "hash": "sha256-G6i6wBPnOclOQv/iwP1L8BikSAEyk7MGLqy+Zvk939g="
    }
  },
  "org.jsoup:jsoup:1.15.1": {
    "jsoup-1.15.1.jar": {
      "url": "https://repo.maven.apache.org/maven2/org/jsoup/jsoup/1.15.1/jsoup-1.15.1.jar",
      "hash": "sha256-JGlHtPpftfzURsfa5Gqx/xd5sx9q96M+Hgqr+9tth0k="
    },
    "jsoup-1.15.1.jar.asc": {
      "url": "https://repo.maven.apache.org/maven2/org/jsoup/jsoup/1.15.1/jsoup-1.15.1.jar.asc",
      "hash": "sha256-jOwc4QOLgqv/FppD54gYEbXAz5Uv57G49AuJcLYW9is="
    },
    "jsoup-1.15.1.pom": {
      "url": "https://plugins.gradle.org/m2/org/jsoup/jsoup/1.15.1/jsoup-1.15.1.pom",
      "hash": "sha256-Neuxtof7WDHXW2XfWX+qRhEEZhrFtehafGlynj1GYSU="
    },
    "jsoup-1.15.1.pom.asc": {
      "url": "https://plugins.gradle.org/m2/org/jsoup/jsoup/1.15.1/jsoup-1.15.1.pom.asc",
      "hash": "sha256-M1HYy7KokM46ga/lYRbpNHxYTGCujBSkVcXj+mg/wd4="
    }
  },
  "org.gradle:test-retry-gradle-plugin:1.4.0": {
    "test-retry-gradle-plugin-1.4.0.jar": {
      "url": "https://plugins.gradle.org/m2/org/gradle/test-retry-gradle-plugin/1.4.0/test-retry-gradle-plugin-1.4.0.jar",
      "hash": "sha256-/H7kD51zpqlXXAM1uvgITFHNr4XepNIgEQZZqAVGvXw="
    },
    "test-retry-gradle-plugin-1.4.0.pom": {
      "url": "https://plugins.gradle.org/m2/org/gradle/test-retry-gradle-plugin/1.4.0/test-retry-gradle-plugin-1.4.0.pom",
      "hash": "sha256-n04DgVUvpRTmmW1NpiY82PBXlSUemV1NAvcSK52T9zU="
    }
  }
}
