{
  "nodes": {
    "android-nixpkgs": {
      "inputs": {
        "devshell": "devshell",
        "flake-utils": "flake-utils",
        "nixpkgs": [
          "nixpkgs"
        ]
      },
      "locked": {
        "lastModified": 1775421112,
        "narHash": "sha256-TX87j6uwO3b8DLZmbqW2fp4N9xGdqjRThfGAQsUBxnk=",
        "owner": "tadfisher",
        "repo": "android-nixpkgs",
        "rev": "32eb4f4cba33fed6e03e5dfe2861e53875e53b31",
        "type": "github"
      },
      "original": {
        "owner": "tadfisher",
        "ref": "stable",
        "repo": "android-nixpkgs",
        "type": "github"
      }
    },
    "devshell": {
      "inputs": {
        "nixpkgs": [
          "android-nixpkgs",
          "nixpkgs"
        ]
      },
      "locked": {
        "lastModified": 1768818222,
        "narHash": "sha256-460jc0+CZfyaO8+w8JNtlClB2n4ui1RbHfPTLkpwhU8=",
        "owner": "numtide",
        "repo": "devshell",
        "rev": "255a2b1725a20d060f566e4755dbf571bbbb5f76",
        "type": "github"
      },
      "original": {
        "owner": "numtide",
        "repo": "devshell",
        "type": "github"
      }
    },
    "devshell_2": {
      "inputs": {
        "nixpkgs": [
          "nix-kernelsu-builder",
          "nur-xddxdd",
          "nixpkgs"
        ]
      },
      "locked": {
        "lastModified": 1762521437,
        "narHash": "sha256-RXN+lcx4DEn3ZS+LqEJSUu/HH+dwGvy0syN7hTo/Chg=",
        "owner": "numtide",
        "repo": "devshell",
        "rev": "07bacc9531f5f4df6657c0a02a806443685f384a",
        "type": "github"
      },
      "original": {
        "owner": "numtide",
        "repo": "devshell",
        "type": "github"
      }
    },
    "flake-compat": {
      "flake": false,
      "locked": {
        "lastModified": 1767039857,
        "narHash": "sha256-vNpUSpF5Nuw8xvDLj2KCwwksIbjua2LZCqhV1LNRDns=",
        "owner": "NixOS",
        "repo": "flake-compat",
        "rev": "5edf11c44bc78a0d334f6334cdaf7d60d732daab",
        "type": "github"
      },
      "original": {
        "owner": "NixOS",
        "repo": "flake-compat",
        "type": "github"
      }
    },
    "flake-compat_2": {
      "flake": false,
      "locked": {
        "lastModified": 1747046372,
        "narHash": "sha256-CIVLLkVgvHYbgI2UpXvIIBJ12HWgX+fjA8Xf8PUmqCY=",
        "owner": "edolstra",
        "repo": "flake-compat",
        "rev": "9100a0f413b0c601e0533d1d94ffd501ce2e7885",
        "type": "github"
      },
      "original": {
        "owner": "edolstra",
        "repo": "flake-compat",
        "type": "github"
      }
    },
    "flake-compat_3": {
      "locked": {
        "lastModified": 1746162366,
        "narHash": "sha256-5SSSZ/oQkwfcAz/o/6TlejlVGqeK08wyREBQ5qFFPhM=",
        "owner": "nix-community",
        "repo": "flake-compat",
        "rev": "0f158086a2ecdbb138cd0429410e44994f1b7e4b",
        "type": "github"
      },
      "original": {
        "owner": "nix-community",
        "repo": "flake-compat",
        "type": "github"
      }
    },
    "flake-compat_4": {
      "locked": {
        "lastModified": 1761640442,
        "narHash": "sha256-AtrEP6Jmdvrqiv4x2xa5mrtaIp3OEe8uBYCDZDS+hu8=",
        "owner": "nix-community",
        "repo": "flake-compat",
        "rev": "4a56054d8ffc173222d09dad23adf4ba946c8884",
        "type": "github"
      },
      "original": {
        "owner": "nix-community",
        "repo": "flake-compat",
        "type": "github"
      }
    },
    "flake-parts": {
      "inputs": {
        "nixpkgs-lib": "nixpkgs-lib"
      },
      "locked": {
        "lastModified": 1775087534,
        "narHash": "sha256-91qqW8lhL7TLwgQWijoGBbiD4t7/q75KTi8NxjVmSmA=",
        "owner": "hercules-ci",
        "repo": "flake-parts",
        "rev": "3107b77cd68437b9a76194f0f7f9c55f2329ca5b",
        "type": "github"
      },
      "original": {
        "owner": "hercules-ci",
        "repo": "flake-parts",
        "type": "github"
      }
    },
    "flake-utils": {
      "inputs": {
        "systems": "systems"
      },
      "locked": {
        "lastModified": 1731533236,
        "narHash": "sha256-l0KFg5HjrsfsO/JpG+r7fRrqm12kzFHyUHqHCVpMMbI=",
        "owner": "numtide",
        "repo": "flake-utils",
        "rev": "11707dc2f618dd54ca8739b309ec4fc024de578b",
        "type": "github"
      },
      "original": {
        "owner": "numtide",
        "repo": "flake-utils",
        "type": "github"
      }
    },
    "flake-utils_2": {
      "inputs": {
        "systems": "systems_2"
      },
      "locked": {
        "lastModified": 1731533236,
        "narHash": "sha256-l0KFg5HjrsfsO/JpG+r7fRrqm12kzFHyUHqHCVpMMbI=",
        "owner": "numtide",
        "repo": "flake-utils",
        "rev": "11707dc2f618dd54ca8739b309ec4fc024de578b",
        "type": "github"
      },
      "original": {
        "owner": "numtide",
        "repo": "flake-utils",
        "type": "github"
      }
    },
    "gitignore": {
      "inputs": {
        "nixpkgs": [
          "nix-kernelsu-builder",
          "nur-xddxdd",
          "pre-commit-hooks-nix",
          "nixpkgs"
        ]
      },
      "locked": {
        "lastModified": 1709087332,
        "narHash": "sha256-HG2cCnktfHsKV0s4XW83gU3F57gaTljL9KNSuG6bnQs=",
        "owner": "hercules-ci",
        "repo": "gitignore.nix",
        "rev": "637db329424fd7e46cf4185293b9cc8c88c95394",
        "type": "github"
      },
      "original": {
        "owner": "hercules-ci",
        "repo": "gitignore.nix",
        "type": "github"
      }
    },
    "gradle2nix": {
      "inputs": {
        "flake-utils": "flake-utils_2",
        "nixpkgs": [
          "nixpkgs"
        ]
      },
      "locked": {
        "lastModified": 1755902591,
        "narHash": "sha256-mnPaPH9k6Mbr7O0KzBBdkiDDS88oB5NiFHVSFkCzswU=",
        "owner": "tadfisher",
        "repo": "gradle2nix",
        "rev": "30cfe5889188524223364ee7919d94e83d6ee44a",
        "type": "github"
      },
      "original": {
        "owner": "tadfisher",
        "ref": "v2",
        "repo": "gradle2nix",
        "type": "github"
      }
    },
    "nix-github-actions": {
      "inputs": {
        "nixpkgs": [
          "nixpkgs"
        ]
      },
      "locked": {
        "lastModified": 1737420293,
        "narHash": "sha256-F1G5ifvqTpJq7fdkT34e/Jy9VCyzd5XfJ9TO8fHhJWE=",
        "owner": "nix-community",
        "repo": "nix-github-actions",
        "rev": "f4158fa080ef4503c8f4c820967d946c2af31ec9",
        "type": "github"
      },
      "original": {
        "owner": "nix-community",
        "repo": "nix-github-actions",
        "type": "github"
      }
    },
    "nix-index-database": {
      "inputs": {
        "nixpkgs": [
          "nix-kernelsu-builder",
          "nur-xddxdd",
          "nixpkgs"
        ]
      },
      "locked": {
        "lastModified": 1763265660,
        "narHash": "sha256-Ad9Rd3ZAidrH01xP73S3CjPiyXo7ywZs3uCESjPwUdc=",
        "owner": "nix-community",
        "repo": "nix-index-database",
        "rev": "469ef53571ea80890c9497952787920c79c1ee6e",
        "type": "github"
      },
      "original": {
        "owner": "nix-community",
        "repo": "nix-index-database",
        "type": "github"
      }
    },
    "nix-kernelsu-builder": {
      "inputs": {
        "flake-parts": [
          "flake-parts"
        ],
        "nixpkgs": [
          "nixpkgs"
        ],
        "nur-xddxdd": "nur-xddxdd"
      },
      "locked": {
        "lastModified": 1772866044,
        "narHash": "sha256-nlZNmY/VNzuWHYyHYejSfm+Jn7lWTVQwxitafiV4x10=",
        "owner": "xddxdd",
        "repo": "nix-kernelsu-builder",
        "rev": "cc0fce340e330ad07331692b7c3673d9974be377",
        "type": "github"
      },
      "original": {
        "owner": "xddxdd",
        "repo": "nix-kernelsu-builder",
        "rev": "cc0fce340e330ad07331692b7c3673d9974be377",
        "type": "github"
      }
    },
    "nixos-apple-silicon": {
      "inputs": {
        "flake-compat": "flake-compat_3",
        "nixpkgs": "nixpkgs",
        "treefmt-nix": "treefmt-nix_2"
      },
      "locked": {
        "lastModified": 1757528648,
        "narHash": "sha256-wCQYUIi5/Vk8W27cO5udbumpbW10F+iHXSODNNVMeJY=",
        "owner": "mio-19",
        "repo": "nixos-apple-silicon",
        "rev": "9cc227f269ffa9b6135d14d9a4f31af7d9d4b6ab",
        "type": "github"
      },
      "original": {
        "owner": "mio-19",
        "ref": "mio-release-2025-08-23",
        "repo": "nixos-apple-silicon",
        "type": "github"
      }
    },
    "nixpkgs": {
      "locked": {
        "lastModified": 1755615617,
        "narHash": "sha256-HMwfAJBdrr8wXAkbGhtcby1zGFvs+StOp19xNsbqdOg=",
        "owner": "nixos",
        "repo": "nixpkgs",
        "rev": "20075955deac2583bb12f07151c2df830ef346b4",
        "type": "github"
      },
      "original": {
        "owner": "nixos",
        "ref": "nixos-unstable",
        "repo": "nixpkgs",
        "type": "github"
      }
    },
    "nixpkgs-lib": {
      "locked": {
        "lastModified": 1774748309,
        "narHash": "sha256-+U7gF3qxzwD5TZuANzZPeJTZRHS29OFQgkQ2kiTJBIQ=",
        "owner": "nix-community",
        "repo": "nixpkgs.lib",
        "rev": "333c4e0545a6da976206c74db8773a1645b5870a",
        "type": "github"
      },
      "original": {
        "owner": "nix-community",
        "repo": "nixpkgs.lib",
        "type": "github"
      }
    },
    "nixpkgs_2": {
      "locked": {
        "lastModified": 1775403759,
        "narHash": "sha256-cGyKiTspHEUx3QwAnV3RfyT+VOXhHLs+NEr17HU34Wo=",
        "owner": "NixOS",
        "repo": "nixpkgs",
        "rev": "5e11f7acce6c3469bef9df154d78534fa7ae8b6c",
        "type": "github"
      },
      "original": {
        "owner": "NixOS",
        "ref": "nixpkgs-unstable",
        "repo": "nixpkgs",
        "type": "github"
      }
    },
    "nur-xddxdd": {
      "inputs": {
        "devshell": "devshell_2",
        "flake-parts": [
          "nix-kernelsu-builder",
          "flake-parts"
        ],
        "nix-index-database": "nix-index-database",
        "nixpkgs": [
          "nix-kernelsu-builder",
          "nixpkgs"
        ],
        "pre-commit-hooks-nix": "pre-commit-hooks-nix",
        "treefmt-nix": "treefmt-nix"
      },
      "locked": {
        "lastModified": 1764055195,
        "narHash": "sha256-iHu6eVQFPvNkdfULHWiYoXtDvTq4Vald43TMWmDfWSo=",
        "owner": "xddxdd",
        "repo": "nur-packages",
        "rev": "c5264cd3543c9c93c7163e8afd368c6af70a8a4a",
        "type": "github"
      },
      "original": {
        "owner": "xddxdd",
        "repo": "nur-packages",
        "type": "github"
      }
    },
    "openwrt-imagebuilder": {
      "inputs": {
        "flake-parts": [
          "flake-parts"
        ],
        "nixpkgs": [
          "nixpkgs"
        ],
        "systems": "systems_3"
      },
      "locked": {
        "lastModified": 1775379150,
        "narHash": "sha256-emJ98/gWmih3pVDbXOyERmO0tt1V/TlROaZKTGRu/ps=",
        "owner": "astro",
        "repo": "nix-openwrt-imagebuilder",
        "rev": "2e92c0a548b685491ad1bd8dc26dae3c3a4511c0",
        "type": "github"
      },
      "original": {
        "owner": "astro",
        "repo": "nix-openwrt-imagebuilder",
        "type": "github"
      }
    },
    "pre-commit-hooks-nix": {
      "inputs": {
        "flake-compat": "flake-compat_2",
        "gitignore": "gitignore",
        "nixpkgs": [
          "nix-kernelsu-builder",
          "nur-xddxdd",
          "nixpkgs"
        ]
      },
      "locked": {
        "lastModified": 1763741496,
        "narHash": "sha256-uIRqs/H18YEtMOn1OkbnPH+aNTwXKx+iU3qnxEkVUd0=",
        "owner": "cachix",
        "repo": "pre-commit-hooks.nix",
        "rev": "20e71a403c5de9ce5bd799031440da9728c1cda1",
        "type": "github"
      },
      "original": {
        "owner": "cachix",
        "repo": "pre-commit-hooks.nix",
        "type": "github"
      }
    },
    "robotnix": {
      "inputs": {
        "androidPkgs": [
          "android-nixpkgs"
        ],
        "flake-compat": "flake-compat_4",
        "nixpkgs": [
          "nixpkgs"
        ],
        "nixpkgs-nixfmt-old": [
          "nixpkgs"
        ],
        "treefmt-nix": "treefmt-nix_3"
      },
      "locked": {
        "lastModified": 1775381183,
        "narHash": "sha256-hlaZcDnmLxCAyljwIrMsbE+q+t15Vh21c8AiioiLuPU=",
        "ref": "refs/heads/master",
        "rev": "1b30ea672674aaeb7369a0ffcf901574a6edef13",
        "shallow": true,
        "type": "git",
        "url": "https://github.com/nix-community/robotnix.git"
      },
      "original": {
        "shallow": true,
        "type": "git",
        "url": "https://github.com/nix-community/robotnix.git"
      }
    },
    "root": {
      "inputs": {
        "android-nixpkgs": "android-nixpkgs",
        "flake-compat": "flake-compat",
        "flake-parts": "flake-parts",
        "gradle2nix": "gradle2nix",
        "nix-github-actions": "nix-github-actions",
        "nix-kernelsu-builder": "nix-kernelsu-builder",
        "nixos-apple-silicon": "nixos-apple-silicon",
        "nixpkgs": "nixpkgs_2",
        "openwrt-imagebuilder": "openwrt-imagebuilder",
        "robotnix": "robotnix"
      }
    },
    "systems": {
      "locked": {
        "lastModified": 1681028828,
        "narHash": "sha256-Vy1rq5AaRuLzOxct8nz4T6wlgyUR7zLU309k9mBC768=",
        "owner": "nix-systems",
        "repo": "default",
        "rev": "da67096a3b9bf56a91d16901293e51ba5b49a27e",
        "type": "github"
      },
      "original": {
        "owner": "nix-systems",
        "repo": "default",
        "type": "github"
      }
    },
    "systems_2": {
      "locked": {
        "lastModified": 1681028828,
        "narHash": "sha256-Vy1rq5AaRuLzOxct8nz4T6wlgyUR7zLU309k9mBC768=",
        "owner": "nix-systems",
        "repo": "default",
        "rev": "da67096a3b9bf56a91d16901293e51ba5b49a27e",
        "type": "github"
      },
      "original": {
        "owner": "nix-systems",
        "repo": "default",
        "type": "github"
      }
    },
    "systems_3": {
      "locked": {
        "lastModified": 1680978846,
        "narHash": "sha256-Gtqg8b/v49BFDpDetjclCYXm8mAnTrUzR0JnE2nv5aw=",
        "owner": "nix-systems",
        "repo": "x86_64-linux",
        "rev": "2ecfcac5e15790ba6ce360ceccddb15ad16d08a8",
        "type": "github"
      },
      "original": {
        "owner": "nix-systems",
        "repo": "x86_64-linux",
        "type": "github"
      }
    },
    "treefmt-nix": {
      "inputs": {
        "nixpkgs": [
          "nix-kernelsu-builder",
          "nur-xddxdd",
          "nixpkgs"
        ]
      },
      "locked": {
        "lastModified": 1762938485,
        "narHash": "sha256-AlEObg0syDl+Spi4LsZIBrjw+snSVU4T8MOeuZJUJjM=",
        "owner": "numtide",
        "repo": "treefmt-nix",
        "rev": "5b4ee75aeefd1e2d5a1cc43cf6ba65eba75e83e4",
        "type": "github"
      },
      "original": {
        "owner": "numtide",
        "repo": "treefmt-nix",
        "type": "github"
      }
    },
    "treefmt-nix_2": {
      "inputs": {
        "nixpkgs": [
          "nixos-apple-silicon",
          "nixpkgs"
        ]
      },
      "locked": {
        "lastModified": 1754847726,
        "narHash": "sha256-2vX8QjO5lRsDbNYvN9hVHXLU6oMl+V/PsmIiJREG4rE=",
        "owner": "numtide",
        "repo": "treefmt-nix",
        "rev": "7d81f6fb2e19bf84f1c65135d1060d829fae2408",
        "type": "github"
      },
      "original": {
        "owner": "numtide",
        "repo": "treefmt-nix",
        "type": "github"
      }
    },
    "treefmt-nix_3": {
      "inputs": {
        "nixpkgs": [
          "nixpkgs"
        ]
      },
      "locked": {
        "lastModified": 1770228511,
        "narHash": "sha256-wQ6NJSuFqAEmIg2VMnLdCnUc0b7vslUohqqGGD+Fyxk=",
        "owner": "numtide",
        "repo": "treefmt-nix",
        "rev": "337a4fe074be1042a35086f15481d763b8ddc0e7",
        "type": "github"
      },
      "original": {
        "owner": "numtide",
        "repo": "treefmt-nix",
        "type": "github"
      }
    }
  },
  "root": "root",
  "version": 7
}
