{
  "de.undercouch:gradle-download-task:4.0.2": {
    "gradle-download-task-4.0.2.jar": {
      "hash": "sha256-lSy/zF8hvuzLWSXMW6ZIrwmDklhEHdRNCH1kpX006Ho=",
      "url": "https://repo.maven.apache.org/maven2/de/undercouch/gradle-download-task/4.0.2/gradle-download-task-4.0.2.jar"
    },
    "gradle-download-task-4.0.2.pom": {
      "hash": "sha256-AWHFp271ALz+cn6V40l0wEgq2HeT2CGHa/P6lXBMFAc=",
      "url": "https://repo.maven.apache.org/maven2/de/undercouch/gradle-download-task/4.0.2/gradle-download-task-4.0.2.pom"
    }
  },
  "org.antlr:antlr4-master:4.5.2-1": {
    "antlr4-master-4.5.2-1.pom": {
      "hash": "sha256-U1i0eNglVatXr9f8cjHWA7QPl3vnyjn0DF7FTnZ+tnQ=",
      "url": "https://repo.maven.apache.org/maven2/org/antlr/antlr4-master/4.5.2-1/antlr4-master-4.5.2-1.pom"
    }
  },
  "org.antlr:antlr4-runtime:4.5.2-1": {
    "antlr4-runtime-4.5.2-1.jar": {
      "hash": "sha256-6DFBMAS87tfZFcOhdZJ7Haq8SXS3uKb4e7zohtNVA5g=",
      "url": "https://repo.maven.apache.org/maven2/org/antlr/antlr4-runtime/4.5.2-1/antlr4-runtime-4.5.2-1.jar"
    },
    "antlr4-runtime-4.5.2-1.pom": {
      "hash": "sha256-k7rJtrxxTVWZBO1DJCeCqMvlQ86/AQS7PswXhqnLZh4=",
      "url": "https://repo.maven.apache.org/maven2/org/antlr/antlr4-runtime/4.5.2-1/antlr4-runtime-4.5.2-1.pom"
    }
  },
  "org.gradle.kotlin.kotlin-dsl:org.gradle.kotlin.kotlin-dsl.gradle.plugin:2.1.4": {
    "org.gradle.kotlin.kotlin-dsl.gradle.plugin-2.1.4.pom": {
      "hash": "sha256-O28ueBC5t4DDWRoIyZ2/GA0QFpUxL7WFKIKOwqU4Rck=",
      "url": "https://plugins.gradle.org/m2/org/gradle/kotlin/kotlin-dsl/org.gradle.kotlin.kotlin-dsl.gradle.plugin/2.1.4/org.gradle.kotlin.kotlin-dsl.gradle.plugin-2.1.4.pom"
    }
  },
  "org.gradle.kotlin:gradle-kotlin-dsl-plugins:2.1.4": {
    "gradle-kotlin-dsl-plugins-2.1.4.jar": {
      "hash": "sha256-GWimJoFJOtxVhKWfLfSLS9fdHEwvXBA+8yOnsgWc+FY=",
      "url": "https://plugins.gradle.org/m2/org/gradle/kotlin/gradle-kotlin-dsl-plugins/2.1.4/gradle-kotlin-dsl-plugins-2.1.4.jar"
    },
    "gradle-kotlin-dsl-plugins-2.1.4.pom": {
      "hash": "sha256-36QNxzLrI05QwjDBsWFLUNccJPnrtKn/j+Lmt8Hdmd4=",
      "url": "https://plugins.gradle.org/m2/org/gradle/kotlin/gradle-kotlin-dsl-plugins/2.1.4/gradle-kotlin-dsl-plugins-2.1.4.pom"
    }
  },
  "org.jetbrains.kotlin:kotlin-android-extensions:1.4.31": {
    "kotlin-android-extensions-1.4.31.jar": {
      "hash": "sha256-SNfgjtYPscadJ/VyBaihHEcdaBM55nlEpL0L8sLht5A=",
      "url": "https://repo.maven.apache.org/maven2/org/jetbrains/kotlin/kotlin-android-extensions/1.4.31/kotlin-android-extensions-1.4.31.jar"
    },
    "kotlin-android-extensions-1.4.31.pom": {
      "hash": "sha256-6ezdB6SaaAPWXoSb5064ff36iLtElaSDK1zJJbvv2BY=",
      "url": "https://repo.maven.apache.org/maven2/org/jetbrains/kotlin/kotlin-android-extensions/1.4.31/kotlin-android-extensions-1.4.31.pom"
    }
  },
  "org.jetbrains.kotlin:kotlin-annotation-processing-gradle:1.4.31": {
    "kotlin-annotation-processing-gradle-1.4.31.jar": {
      "hash": "sha256-E11Hgji/ecK6L8FKIgRG3uj3TmiyP5ELwuTRmBorcG0=",
      "url": "https://repo.maven.apache.org/maven2/org/jetbrains/kotlin/kotlin-annotation-processing-gradle/1.4.31/kotlin-annotation-processing-gradle-1.4.31.jar"
    },
    "kotlin-annotation-processing-gradle-1.4.31.pom": {
      "hash": "sha256-GkmFH2YJ3/XRCK5UUb76mNEcNYUsz7XZiOmqeBiUw4I=",
      "url": "https://repo.maven.apache.org/maven2/org/jetbrains/kotlin/kotlin-annotation-processing-gradle/1.4.31/kotlin-annotation-processing-gradle-1.4.31.pom"
    }
  },
  "org.jetbrains.kotlin:kotlin-build-common:1.4.31": {
    "kotlin-build-common-1.4.31.jar": {
      "hash": "sha256-2AXnlC+1fSIUHUODV8TAIv8bIa78+yRd3SLqa3SGKrQ=",
      "url": "https://repo.maven.apache.org/maven2/org/jetbrains/kotlin/kotlin-build-common/1.4.31/kotlin-build-common-1.4.31.jar"
    },
    "kotlin-build-common-1.4.31.pom": {
      "hash": "sha256-DIaSpl7cpUpc/Pp9s+9OLx9nafNTf4jrMwWvw4PBwhw=",
      "url": "https://repo.maven.apache.org/maven2/org/jetbrains/kotlin/kotlin-build-common/1.4.31/kotlin-build-common-1.4.31.pom"
    }
  },
  "org.jetbrains.kotlin:kotlin-compiler-runner:1.4.31": {
    "kotlin-compiler-runner-1.4.31.jar": {
      "hash": "sha256-Ybrn0tzI82KaPrIUkKmsVTU8Io+iPdfids7u3jeHisE=",
      "url": "https://repo.maven.apache.org/maven2/org/jetbrains/kotlin/kotlin-compiler-runner/1.4.31/kotlin-compiler-runner-1.4.31.jar"
    },
    "kotlin-compiler-runner-1.4.31.pom": {
      "hash": "sha256-Yhlloc7kdCcFwWEjv1oN7mTkLZohXrDEvHMj40tEWxs=",
      "url": "https://repo.maven.apache.org/maven2/org/jetbrains/kotlin/kotlin-compiler-runner/1.4.31/kotlin-compiler-runner-1.4.31.pom"
    }
  },
  "org.jetbrains.kotlin:kotlin-daemon-client:1.4.31": {
    "kotlin-daemon-client-1.4.31.jar": {
      "hash": "sha256-fQJ+9Vrx3JC8BiRn8sjBbAwMlhZ2JdtAnyEhCSjtZAk=",
      "url": "https://repo.maven.apache.org/maven2/org/jetbrains/kotlin/kotlin-daemon-client/1.4.31/kotlin-daemon-client-1.4.31.jar"
    },
    "kotlin-daemon-client-1.4.31.pom": {
      "hash": "sha256-edI2i+n6TYGBCdixMynI1WMVJSzTV69R9YzgT6f0izw=",
      "url": "https://repo.maven.apache.org/maven2/org/jetbrains/kotlin/kotlin-daemon-client/1.4.31/kotlin-daemon-client-1.4.31.pom"
    }
  },
  "org.jetbrains.kotlin:kotlin-gradle-plugin-api:1.4.31": {
    "kotlin-gradle-plugin-api-1.4.31.jar": {
      "hash": "sha256-fAuO07UHXmM0/+rpg6Io9LFEUmMenUl9FhwMKiMN4mI=",
      "url": "https://repo.maven.apache.org/maven2/org/jetbrains/kotlin/kotlin-gradle-plugin-api/1.4.31/kotlin-gradle-plugin-api-1.4.31.jar"
    },
    "kotlin-gradle-plugin-api-1.4.31.pom": {
      "hash": "sha256-MggUaX5sg1nwXU46eBVdL3MetImMyyXfUCKz+VT1vMc=",
      "url": "https://repo.maven.apache.org/maven2/org/jetbrains/kotlin/kotlin-gradle-plugin-api/1.4.31/kotlin-gradle-plugin-api-1.4.31.pom"
    }
  },
  "org.jetbrains.kotlin:kotlin-gradle-plugin-model:1.4.31": {
    "kotlin-gradle-plugin-model-1.4.31.jar": {
      "hash": "sha256-9ATALOZ7ahMo2s4i2TW+/cZmBdzdziaVEBvkZshZJqk=",
      "url": "https://repo.maven.apache.org/maven2/org/jetbrains/kotlin/kotlin-gradle-plugin-model/1.4.31/kotlin-gradle-plugin-model-1.4.31.jar"
    },
    "kotlin-gradle-plugin-model-1.4.31.pom": {
      "hash": "sha256-6EvVpsF+h0q9cIlbQcWI9I/mmzcq6rQTTVW8V2Dzp8s=",
      "url": "https://repo.maven.apache.org/maven2/org/jetbrains/kotlin/kotlin-gradle-plugin-model/1.4.31/kotlin-gradle-plugin-model-1.4.31.pom"
    }
  },
  "org.jetbrains.kotlin:kotlin-gradle-plugin:1.4.31": {
    "kotlin-gradle-plugin-1.4.31.jar": {
      "hash": "sha256-/MsDW9vopXkf6e2zvUknrFByoMf9/UzFWDukRv8dfc8=",
      "url": "https://repo.maven.apache.org/maven2/org/jetbrains/kotlin/kotlin-gradle-plugin/1.4.31/kotlin-gradle-plugin-1.4.31.jar"
    },
    "kotlin-gradle-plugin-1.4.31.pom": {
      "hash": "sha256-zxwwO3XCy/ZVAYlkqQ/Wl9DAxzsU7L1y8UXOaWfeUD8=",
      "url": "https://repo.maven.apache.org/maven2/org/jetbrains/kotlin/kotlin-gradle-plugin/1.4.31/kotlin-gradle-plugin-1.4.31.pom"
    }
  },
  "org.jetbrains.kotlin:kotlin-reflect:1.4.31": {
    "kotlin-reflect-1.4.31.jar": {
      "hash": "sha256-kfrQtCl0p9WBHjCmHwVwbhdrFEI1cXxt5+geOngQKPI=",
      "url": "https://repo.maven.apache.org/maven2/org/jetbrains/kotlin/kotlin-reflect/1.4.31/kotlin-reflect-1.4.31.jar"
    },
    "kotlin-reflect-1.4.31.pom": {
      "hash": "sha256-jkm6uEPdhV8xXIfjkMUpqcojkSHYv/uFs6z6L2BgNpc=",
      "url": "https://repo.maven.apache.org/maven2/org/jetbrains/kotlin/kotlin-reflect/1.4.31/kotlin-reflect-1.4.31.pom"
    }
  },
  "org.jetbrains.kotlin:kotlin-sam-with-receiver-compiler-plugin:1.4.31": {
    "kotlin-sam-with-receiver-compiler-plugin-1.4.31.jar": {
      "hash": "sha256-5HJBcJifS8DtOaCsFdejjrUReIciVCrX+4GvG9ISEyU=",
      "url": "https://repo.maven.apache.org/maven2/org/jetbrains/kotlin/kotlin-sam-with-receiver-compiler-plugin/1.4.31/kotlin-sam-with-receiver-compiler-plugin-1.4.31.jar"
    },
    "kotlin-sam-with-receiver-compiler-plugin-1.4.31.pom": {
      "hash": "sha256-qzPmKZDDvlkFU3eP/vznVcvSuQr+gS48NqL5UalfqHQ=",
      "url": "https://repo.maven.apache.org/maven2/org/jetbrains/kotlin/kotlin-sam-with-receiver-compiler-plugin/1.4.31/kotlin-sam-with-receiver-compiler-plugin-1.4.31.pom"
    }
  },
  "org.jetbrains.kotlin:kotlin-sam-with-receiver:1.4.31": {
    "kotlin-sam-with-receiver-1.4.31.jar": {
      "hash": "sha256-XTov20BsShdhrf04JHYKrCunHPSAUF4ofSj/rulIvqA=",
      "url": "https://repo.maven.apache.org/maven2/org/jetbrains/kotlin/kotlin-sam-with-receiver/1.4.31/kotlin-sam-with-receiver-1.4.31.jar"
    },
    "kotlin-sam-with-receiver-1.4.31.pom": {
      "hash": "sha256-oeJQZkf8lz29AwK/IOAtQRBsb9PwZoQ8ymqXuwiI/98=",
      "url": "https://repo.maven.apache.org/maven2/org/jetbrains/kotlin/kotlin-sam-with-receiver/1.4.31/kotlin-sam-with-receiver-1.4.31.pom"
    }
  },
  "org.jetbrains.kotlin:kotlin-scripting-common:1.4.31": {
    "kotlin-scripting-common-1.4.31.jar": {
      "hash": "sha256-7Gb0SktBsyUsvAkcnXwJa8i7WaIRGCt913xmlPCXfzw=",
      "url": "https://repo.maven.apache.org/maven2/org/jetbrains/kotlin/kotlin-scripting-common/1.4.31/kotlin-scripting-common-1.4.31.jar"
    },
    "kotlin-scripting-common-1.4.31.pom": {
      "hash": "sha256-SZt/nSwkShmt9lDZOmOKIUYYm555w57W2jok/N1EQOU=",
      "url": "https://repo.maven.apache.org/maven2/org/jetbrains/kotlin/kotlin-scripting-common/1.4.31/kotlin-scripting-common-1.4.31.pom"
    }
  },
  "org.jetbrains.kotlin:kotlin-scripting-compiler-embeddable:1.4.31": {
    "kotlin-scripting-compiler-embeddable-1.4.31.jar": {
      "hash": "sha256-0t+NwkUxRqwnvOwBiQxM9rBNGIZbFtnTFWYcqoc4c5I=",
      "url": "https://repo.maven.apache.org/maven2/org/jetbrains/kotlin/kotlin-scripting-compiler-embeddable/1.4.31/kotlin-scripting-compiler-embeddable-1.4.31.jar"
    },
    "kotlin-scripting-compiler-embeddable-1.4.31.pom": {
      "hash": "sha256-08xMx05y+9GrwJI5/eU/y2DkqAiZqokUfHIqzjN3MRY=",
      "url": "https://repo.maven.apache.org/maven2/org/jetbrains/kotlin/kotlin-scripting-compiler-embeddable/1.4.31/kotlin-scripting-compiler-embeddable-1.4.31.pom"
    }
  },
  "org.jetbrains.kotlin:kotlin-scripting-compiler-impl-embeddable:1.4.31": {
    "kotlin-scripting-compiler-impl-embeddable-1.4.31.jar": {
      "hash": "sha256-oWYNbJIDA+MEgTI51PjKD/gB8iQl1C3454+twFe6fAY=",
      "url": "https://repo.maven.apache.org/maven2/org/jetbrains/kotlin/kotlin-scripting-compiler-impl-embeddable/1.4.31/kotlin-scripting-compiler-impl-embeddable-1.4.31.jar"
    },
    "kotlin-scripting-compiler-impl-embeddable-1.4.31.pom": {
      "hash": "sha256-v1odNDN3icu4zbwipO9OGBnUod+yoRdRjnRc+PrrBVE=",
      "url": "https://repo.maven.apache.org/maven2/org/jetbrains/kotlin/kotlin-scripting-compiler-impl-embeddable/1.4.31/kotlin-scripting-compiler-impl-embeddable-1.4.31.pom"
    }
  },
  "org.jetbrains.kotlin:kotlin-scripting-jvm-host:1.4.31": {
    "kotlin-scripting-jvm-host-1.4.31.jar": {
      "hash": "sha256-OTEajE9Qq3kaRba8CcnSA8yxnhoIQyihkBXsWyp+cII=",
      "url": "https://repo.maven.apache.org/maven2/org/jetbrains/kotlin/kotlin-scripting-jvm-host/1.4.31/kotlin-scripting-jvm-host-1.4.31.jar"
    },
    "kotlin-scripting-jvm-host-1.4.31.pom": {
      "hash": "sha256-mC74MW7yE1Sw3Yo98YPy3bWBruF5CY3l8VAG1Q8BNIk=",
      "url": "https://repo.maven.apache.org/maven2/org/jetbrains/kotlin/kotlin-scripting-jvm-host/1.4.31/kotlin-scripting-jvm-host-1.4.31.pom"
    }
  },
  "org.jetbrains.kotlin:kotlin-scripting-jvm:1.4.31": {
    "kotlin-scripting-jvm-1.4.31.jar": {
      "hash": "sha256-/A0P+l0IOsnJS8f4aUmgV+L5cRISs/xyt0X2eLPM/6o=",
      "url": "https://repo.maven.apache.org/maven2/org/jetbrains/kotlin/kotlin-scripting-jvm/1.4.31/kotlin-scripting-jvm-1.4.31.jar"
    },
    "kotlin-scripting-jvm-1.4.31.pom": {
      "hash": "sha256-ZwY1ME+KCaH0smigpfb/klIwc7DNootBdASK6tfLHyk=",
      "url": "https://repo.maven.apache.org/maven2/org/jetbrains/kotlin/kotlin-scripting-jvm/1.4.31/kotlin-scripting-jvm-1.4.31.pom"
    }
  },
  "org.jetbrains.kotlin:kotlin-stdlib-common:1.4.31": {
    "kotlin-stdlib-common-1.4.31.jar": {
      "hash": "sha256-V5YvRDcadGtnghiggCqHEsYlUgbemmnt4hXjqksERwg=",
      "url": "https://repo.maven.apache.org/maven2/org/jetbrains/kotlin/kotlin-stdlib-common/1.4.31/kotlin-stdlib-common-1.4.31.jar"
    },
    "kotlin-stdlib-common-1.4.31.pom": {
      "hash": "sha256-FYKrEwto/LuJsukVVzwfmfi6O8aP3UUfazYtbFM1MYc=",
      "url": "https://repo.maven.apache.org/maven2/org/jetbrains/kotlin/kotlin-stdlib-common/1.4.31/kotlin-stdlib-common-1.4.31.pom"
    }
  },
  "org.jetbrains.kotlin:kotlin-stdlib:1.4.31": {
    "kotlin-stdlib-1.4.31.jar": {
      "hash": "sha256-dqWZ2IsWforJCHm22qcixq00UrpxTJq6Gb0ZZUS5fxw=",
      "url": "https://repo.maven.apache.org/maven2/org/jetbrains/kotlin/kotlin-stdlib/1.4.31/kotlin-stdlib-1.4.31.jar"
    },
    "kotlin-stdlib-1.4.31.pom": {
      "hash": "sha256-hRnj56xe5wBSfuEEiOtDLxqhBtzN3nwGw7qyWKHdvU4=",
      "url": "https://repo.maven.apache.org/maven2/org/jetbrains/kotlin/kotlin-stdlib/1.4.31/kotlin-stdlib-1.4.31.pom"
    }
  },
  "org.jetbrains.kotlin:kotlin-util-io:1.4.31": {
    "kotlin-util-io-1.4.31.jar": {
      "hash": "sha256-742OP5+fXt4dcNPcIXRsiQySCi9APVaeHNW1KIE6XMA=",
      "url": "https://repo.maven.apache.org/maven2/org/jetbrains/kotlin/kotlin-util-io/1.4.31/kotlin-util-io-1.4.31.jar"
    },
    "kotlin-util-io-1.4.31.pom": {
      "hash": "sha256-0JWe1skYAwhX/3VMyTLA44GDawd4IsoChO5uftTyItY=",
      "url": "https://repo.maven.apache.org/maven2/org/jetbrains/kotlin/kotlin-util-io/1.4.31/kotlin-util-io-1.4.31.pom"
    }
  },
  "org.jetbrains.kotlin:kotlin-util-klib:1.4.31": {
    "kotlin-util-klib-1.4.31.jar": {
      "hash": "sha256-K8ihVTz6jLbeitaN50bY+thxQbF3SfCLpQcMaUxr2W0=",
      "url": "https://repo.maven.apache.org/maven2/org/jetbrains/kotlin/kotlin-util-klib/1.4.31/kotlin-util-klib-1.4.31.jar"
    },
    "kotlin-util-klib-1.4.31.pom": {
      "hash": "sha256-4VfHncwf0BzZaSstV21gbs9q8hGHhv6gTa/IBLpm93c=",
      "url": "https://repo.maven.apache.org/maven2/org/jetbrains/kotlin/kotlin-util-klib/1.4.31/kotlin-util-klib-1.4.31.pom"
    }
  },
  "com.google.guava:guava:28.2-jre": {
    "guava-28.2-jre.jar": {
      "url": "https://repo.maven.apache.org/maven2/com/google/guava/guava/28.2-jre/guava-28.2-jre.jar",
      "hash": "sha256-/DqjY62HIj0fvqWE7uAVqGIVD200xx8k3HQIimNfCO8="
    }
  },
  "org.checkerframework:checker-qual:2.10.0": {
    "checker-qual-2.10.0.jar": {
      "url": "https://repo.maven.apache.org/maven2/org/checkerframework/checker-qual/2.10.0/checker-qual-2.10.0.jar",
      "hash": "sha256-0mH94l1ZD2tp23ch1GmsGwoZoXzKqqdRwx8Ni4JguJQ="
    },
    "checker-qual-2.10.0.pom": {
      "url": "https://repo.maven.apache.org/maven2/org/checkerframework/checker-qual/2.10.0/checker-qual-2.10.0.pom",
      "hash": "sha256-JG5H45X416jBK3IisWa8Oh04Cbw6PTDel0cKo42VKks="
    }
  },
  "org.jetbrains.kotlin:kotlin-stdlib-js:1.4.31": {
    "kotlin-stdlib-js-1.4.31.jar": {
      "url": "https://repo.maven.apache.org/maven2/org/jetbrains/kotlin/kotlin-stdlib-js/1.4.31/kotlin-stdlib-js-1.4.31.jar",
      "hash": "sha256-gPqw0TNlfyG2KT4e+vgfE+2fBV7Q/CETgW/6hITwvXI="
    },
    "kotlin-stdlib-js-1.4.31.pom": {
      "url": "https://repo.maven.apache.org/maven2/org/jetbrains/kotlin/kotlin-stdlib-js/1.4.31/kotlin-stdlib-js-1.4.31.pom",
      "hash": "sha256-/WgNXlwr8aEtSXE/6BIZHijT4195orvxfI7qs33o1Xg="
    }
  },
  "org.jetbrains.kotlin:kotlin-test-js-runner:1.4.31": {
    "kotlin-test-js-runner-1.4.31.jar": {
      "url": "https://repo.maven.apache.org/maven2/org/jetbrains/kotlin/kotlin-test-js-runner/1.4.31/kotlin-test-js-runner-1.4.31.jar",
      "hash": "sha256-J30svpWyRTk6TVhFgu1WFwvw6KKxd8cjFUD0EkftNwU="
    },
    "kotlin-test-js-runner-1.4.31.pom": {
      "url": "https://repo.maven.apache.org/maven2/org/jetbrains/kotlin/kotlin-test-js-runner/1.4.31/kotlin-test-js-runner-1.4.31.pom",
      "hash": "sha256-wNENFYnRHFD7YkliI4drXuuGKI3MlZnXbKyXQ199yGA="
    }
  },
  "org.jetbrains.kotlin:kotlin-test-js:1.4.31": {
    "kotlin-test-js-1.4.31.jar": {
      "url": "https://repo.maven.apache.org/maven2/org/jetbrains/kotlin/kotlin-test-js/1.4.31/kotlin-test-js-1.4.31.jar",
      "hash": "sha256-J8zzzBZ4nL05BgHJnp8GLbHFI/Am24CRs13CTqRW7Mw="
    },
    "kotlin-test-js-1.4.31.pom": {
      "url": "https://repo.maven.apache.org/maven2/org/jetbrains/kotlin/kotlin-test-js/1.4.31/kotlin-test-js-1.4.31.pom",
      "hash": "sha256-2kTuUPIv8M2J6hOfyO6mTJO1wJCR7AyaCrVp1z1XNqY="
    }
  },
  "org.jetbrains.kotlin:kotlin-test-common:1.4.31": {
    "kotlin-test-common-1.4.31.jar": {
      "url": "https://repo.maven.apache.org/maven2/org/jetbrains/kotlin/kotlin-test-common/1.4.31/kotlin-test-common-1.4.31.jar",
      "hash": "sha256-cP/TWPY/6Y79T0ao6gxItDTFDR+kG706WcDJbY7r7w0="
    },
    "kotlin-test-common-1.4.31.pom": {
      "url": "https://repo.maven.apache.org/maven2/org/jetbrains/kotlin/kotlin-test-common/1.4.31/kotlin-test-common-1.4.31.pom",
      "hash": "sha256-GklU/RNO3+Stye0lANjt2YX/9DspxCey319EMtTcAhY="
    }
  },
  "org.jetbrains.kotlin:kotlin-test-annotations-common:1.4.31": {
    "kotlin-test-annotations-common-1.4.31.jar": {
      "url": "https://repo.maven.apache.org/maven2/org/jetbrains/kotlin/kotlin-test-annotations-common/1.4.31/kotlin-test-annotations-common-1.4.31.jar",
      "hash": "sha256-BVyDPMzvezYD044AAVRXWybZLUjSafnu2iT1iZlMo/Q="
    },
    "kotlin-test-annotations-common-1.4.31.pom": {
      "url": "https://repo.maven.apache.org/maven2/org/jetbrains/kotlin/kotlin-test-annotations-common/1.4.31/kotlin-test-annotations-common-1.4.31.pom",
      "hash": "sha256-MZvY9JlhPolAiORyRbOBoPGG5V14cLSX1fojG3zfc4o="
    }
  }
}
