{
  "com.gradle:develocity-gradle-plugin:3.18": {
    "develocity-gradle-plugin-3.18.jar": {
      "url": "https://plugins.gradle.org/m2/com/gradle/develocity-gradle-plugin/3.18/develocity-gradle-plugin-3.18.jar",
      "hash": "sha256-hxAPopQ0fU8yeZuL1yDdgFvJXVBUW635AaAmniHpUFM="
    },
    "develocity-gradle-plugin-3.18.jar.asc": {
      "url": "https://plugins.gradle.org/m2/com/gradle/develocity-gradle-plugin/3.18/develocity-gradle-plugin-3.18.jar.asc",
      "hash": "sha256-koqPxb+u270WkNpHxcs4GZoVZBf1GlbQkUWyAiIEp5s="
    },
    "develocity-gradle-plugin-3.18.module": {
      "url": "https://plugins.gradle.org/m2/com/gradle/develocity-gradle-plugin/3.18/develocity-gradle-plugin-3.18.module",
      "hash": "sha256-/97FhK18enfZtmM+H6j5QYx8mYy2JWhISexMYg5zj2o="
    },
    "develocity-gradle-plugin-3.18.module.asc": {
      "url": "https://plugins.gradle.org/m2/com/gradle/develocity-gradle-plugin/3.18/develocity-gradle-plugin-3.18.module.asc",
      "hash": "sha256-2tthRWbQsUb0bYH0aO/5p51a+ESF2+TAqD/mn6YWdoA="
    },
    "develocity-gradle-plugin-3.18.pom": {
      "url": "https://plugins.gradle.org/m2/com/gradle/develocity-gradle-plugin/3.18/develocity-gradle-plugin-3.18.pom",
      "hash": "sha256-nu8HSwWNUcvZkggaXPa0ifC9t7rmryEW44ZROVdsrVw="
    }
  },
  "com.gradle:develocity-testing-annotations:2.0.1": {
    "develocity-testing-annotations-2.0.1.jar": {
      "url": "https://repo.maven.apache.org/maven2/com/gradle/develocity-testing-annotations/2.0.1/develocity-testing-annotations-2.0.1.jar",
      "hash": "sha256-R7O0Zd4YtNb7E3phvHK+qunjQc/uD9gafix9RtvENW4="
    },
    "develocity-testing-annotations-2.0.1.jar.asc": {
      "url": "https://repo.maven.apache.org/maven2/com/gradle/develocity-testing-annotations/2.0.1/develocity-testing-annotations-2.0.1.jar.asc",
      "hash": "sha256-Gg1ubwHbm9Y5Sv7n/TL3G2oMghN0k7zu5v7hr9tfJeM="
    },
    "develocity-testing-annotations-2.0.1.module": {
      "url": "https://repo.maven.apache.org/maven2/com/gradle/develocity-testing-annotations/2.0.1/develocity-testing-annotations-2.0.1.module",
      "hash": "sha256-ZIBzdweKtM18FdjnyGsPG//8fhtJGwu5X4ZjMpnOHKI="
    },
    "develocity-testing-annotations-2.0.1.module.asc": {
      "url": "https://repo.maven.apache.org/maven2/com/gradle/develocity-testing-annotations/2.0.1/develocity-testing-annotations-2.0.1.module.asc",
      "hash": "sha256-rJxCskMPxVg1hnjbV4TrD1dLlhKPIUtXdEMD2NsHrZo="
    },
    "develocity-testing-annotations-2.0.1.pom": {
      "url": "https://repo.maven.apache.org/maven2/com/gradle/develocity-testing-annotations/2.0.1/develocity-testing-annotations-2.0.1.pom",
      "hash": "sha256-5sqGKqdZUm+rALHuqYfI+xNKDY8kWtSniZTB6YjskYg="
    }
  },
  "com.gradle.develocity:com.gradle.develocity.gradle.plugin:3.18": {
    "com.gradle.develocity.gradle.plugin-3.18.pom": {
      "url": "https://plugins.gradle.org/m2/com/gradle/develocity/com.gradle.develocity.gradle.plugin/3.18/com.gradle.develocity.gradle.plugin-3.18.pom",
      "hash": "sha256-WuJ0RKNovxSc6zJsJmlylsVOSWp/L+/67tx6l9ROl+M="
    }
  }
}
