{
  "org.gradle.kotlin:gradle-kotlin-dsl-plugins:4.0.2": {
    "gradle-kotlin-dsl-plugins-4.0.2.jar": {
      "url": "https://plugins.gradle.org/m2/org/gradle/kotlin/gradle-kotlin-dsl-plugins/4.0.2/gradle-kotlin-dsl-plugins-4.0.2.jar",
      "hash": "sha256-m3M4VOgaEYfFJiRozZYtmv3Zv8fXfI0WDkUknc1MZMk="
    },
    "gradle-kotlin-dsl-plugins-4.0.2.module": {
      "url": "https://plugins.gradle.org/m2/org/gradle/kotlin/gradle-kotlin-dsl-plugins/4.0.2/gradle-kotlin-dsl-plugins-4.0.2.module",
      "hash": "sha256-TANHzAzcKCamuLbFrVTcqEUb5hwEceh2efkSlWFwCSc="
    },
    "gradle-kotlin-dsl-plugins-4.0.2.pom": {
      "url": "https://plugins.gradle.org/m2/org/gradle/kotlin/gradle-kotlin-dsl-plugins/4.0.2/gradle-kotlin-dsl-plugins-4.0.2.pom",
      "hash": "sha256-TDbklISpRcCwm7LPq0+B0sV1rf+YDqDpNnIE4X9FBQM="
    }
  },
  "org.gradle.kotlin.kotlin-dsl:org.gradle.kotlin.kotlin-dsl.gradle.plugin:4.0.2": {
    "org.gradle.kotlin.kotlin-dsl.gradle.plugin-4.0.2.pom": {
      "url": "https://plugins.gradle.org/m2/org/gradle/kotlin/kotlin-dsl/org.gradle.kotlin.kotlin-dsl.gradle.plugin/4.0.2/org.gradle.kotlin.kotlin-dsl.gradle.plugin-4.0.2.pom",
      "hash": "sha256-NFj/vl/roYuC9AWWbu1OVSitkTIOG1YEbx3ywi5/6gc="
    }
  },
  "org.jetbrains.kotlin:kotlin-assignment:1.8.0": {
    "kotlin-assignment-1.8.0-gradle76.jar": {
      "url": "https://repo.maven.apache.org/maven2/org/jetbrains/kotlin/kotlin-assignment/1.8.0/kotlin-assignment-1.8.0-gradle76.jar",
      "hash": "sha256-Xiqs4tci8obaIsk0LSZR6aNESBt9BYgN9rfTHQiAYWU="
    },
    "kotlin-assignment-1.8.0.module": {
      "url": "https://repo.maven.apache.org/maven2/org/jetbrains/kotlin/kotlin-assignment/1.8.0/kotlin-assignment-1.8.0.module",
      "hash": "sha256-LCGq4WIARsQ7BItfCUmeRGt9/vXG0povPbDys84+XiI="
    },
    "kotlin-assignment-1.8.0.pom": {
      "url": "https://repo.maven.apache.org/maven2/org/jetbrains/kotlin/kotlin-assignment/1.8.0/kotlin-assignment-1.8.0.pom",
      "hash": "sha256-wgbldHWlW7vZpY4ygtVWnESDWiNGGfNrHE2Te9eMGvg="
    }
  },
  "org.jetbrains.kotlin:kotlin-gradle-plugin:1.8.0": {
    "kotlin-gradle-plugin-1.8.0-gradle76.jar": {
      "url": "https://repo.maven.apache.org/maven2/org/jetbrains/kotlin/kotlin-gradle-plugin/1.8.0/kotlin-gradle-plugin-1.8.0-gradle76.jar",
      "hash": "sha256-ZSYMGBA9x9sudv+rvqd7aniM7Dcpu7TeJmSJbUaw65M="
    },
    "kotlin-gradle-plugin-1.8.0.module": {
      "url": "https://repo.maven.apache.org/maven2/org/jetbrains/kotlin/kotlin-gradle-plugin/1.8.0/kotlin-gradle-plugin-1.8.0.module",
      "hash": "sha256-Kv6LT4KQ6ofshcK83GvpFn2m1wWQo4Vmf21lMPZb4ZQ="
    },
    "kotlin-gradle-plugin-1.8.0.pom": {
      "url": "https://repo.maven.apache.org/maven2/org/jetbrains/kotlin/kotlin-gradle-plugin/1.8.0/kotlin-gradle-plugin-1.8.0.pom",
      "hash": "sha256-AxreBO7rFO8LQFcZ3gz2n3fSTHbXmmDK07lm/wIXbV8="
    }
  },
  "org.jetbrains.kotlin:kotlin-gradle-plugin-api:1.8.0": {
    "kotlin-gradle-plugin-api-1.8.0-gradle76.jar": {
      "url": "https://repo.maven.apache.org/maven2/org/jetbrains/kotlin/kotlin-gradle-plugin-api/1.8.0/kotlin-gradle-plugin-api-1.8.0-gradle76.jar",
      "hash": "sha256-POxL8mo9ILplU39lotyHAMmP/H4DitnSBHtrTiIQOo8="
    },
    "kotlin-gradle-plugin-api-1.8.0.jar": {
      "url": "https://repo.maven.apache.org/maven2/org/jetbrains/kotlin/kotlin-gradle-plugin-api/1.8.0/kotlin-gradle-plugin-api-1.8.0.jar",
      "hash": "sha256-POxL8mo9ILplU39lotyHAMmP/H4DitnSBHtrTiIQOo8="
    },
    "kotlin-gradle-plugin-api-1.8.0.module": {
      "url": "https://repo.maven.apache.org/maven2/org/jetbrains/kotlin/kotlin-gradle-plugin-api/1.8.0/kotlin-gradle-plugin-api-1.8.0.module",
      "hash": "sha256-p13UqvK20yCfVm7LLDsX+o920XOQqBq5IE3dichzxck="
    },
    "kotlin-gradle-plugin-api-1.8.0.pom": {
      "url": "https://repo.maven.apache.org/maven2/org/jetbrains/kotlin/kotlin-gradle-plugin-api/1.8.0/kotlin-gradle-plugin-api-1.8.0.pom",
      "hash": "sha256-V2pSpFvkKmKkYQkFLB2mbmsLfmnr1/+UMQxbctQ6PvI="
    }
  },
  "org.jetbrains.kotlin:kotlin-gradle-plugin-idea:1.8.0": {
    "kotlin-gradle-plugin-idea-1.8.0.jar": {
      "url": "https://repo.maven.apache.org/maven2/org/jetbrains/kotlin/kotlin-gradle-plugin-idea/1.8.0/kotlin-gradle-plugin-idea-1.8.0.jar",
      "hash": "sha256-nNbqXkmX3ThT2UB73A0zKdnpnOfqm/kdIE4esNJDlQc="
    },
    "kotlin-gradle-plugin-idea-1.8.0.module": {
      "url": "https://repo.maven.apache.org/maven2/org/jetbrains/kotlin/kotlin-gradle-plugin-idea/1.8.0/kotlin-gradle-plugin-idea-1.8.0.module",
      "hash": "sha256-OBuuirNUtc+xt7mU8nHLF4sVVN1AXRDApH4v2KC+odI="
    },
    "kotlin-gradle-plugin-idea-1.8.0.pom": {
      "url": "https://repo.maven.apache.org/maven2/org/jetbrains/kotlin/kotlin-gradle-plugin-idea/1.8.0/kotlin-gradle-plugin-idea-1.8.0.pom",
      "hash": "sha256-F6/rlAYYt9/YVuK+GGrdZKh/8CggMYhVethwoZnGApQ="
    }
  },
  "org.jetbrains.kotlin:kotlin-gradle-plugin-idea-proto:1.8.0": {
    "kotlin-gradle-plugin-idea-proto-1.8.0.jar": {
      "url": "https://repo.maven.apache.org/maven2/org/jetbrains/kotlin/kotlin-gradle-plugin-idea-proto/1.8.0/kotlin-gradle-plugin-idea-proto-1.8.0.jar",
      "hash": "sha256-ue5h+Lc9tM722wc2247VrwH4ZU7ElSF7/aHaxmZbito="
    },
    "kotlin-gradle-plugin-idea-proto-1.8.0.pom": {
      "url": "https://repo.maven.apache.org/maven2/org/jetbrains/kotlin/kotlin-gradle-plugin-idea-proto/1.8.0/kotlin-gradle-plugin-idea-proto-1.8.0.pom",
      "hash": "sha256-jkcdHMLzltpjw7LcPT/Hlg4/MO5bnRwh5mk44Y7dFuQ="
    }
  },
  "org.jetbrains.kotlin:kotlin-gradle-plugin-model:1.8.0": {
    "kotlin-gradle-plugin-model-1.8.0.jar": {
      "url": "https://repo.maven.apache.org/maven2/org/jetbrains/kotlin/kotlin-gradle-plugin-model/1.8.0/kotlin-gradle-plugin-model-1.8.0.jar",
      "hash": "sha256-z9oJW2++VYBT8GuDrsc/CGV7butUBdFtSSquHo7FAZc="
    },
    "kotlin-gradle-plugin-model-1.8.0.module": {
      "url": "https://repo.maven.apache.org/maven2/org/jetbrains/kotlin/kotlin-gradle-plugin-model/1.8.0/kotlin-gradle-plugin-model-1.8.0.module",
      "hash": "sha256-7k4H4jw9EI6ysqD1t8pRweW6kSAojRmA9JSV1k1sGVw="
    },
    "kotlin-gradle-plugin-model-1.8.0.pom": {
      "url": "https://repo.maven.apache.org/maven2/org/jetbrains/kotlin/kotlin-gradle-plugin-model/1.8.0/kotlin-gradle-plugin-model-1.8.0.pom",
      "hash": "sha256-hsjoGrXDGbCzDQYTtBwCSCRahjqgIJqAvUmHCWW7fp8="
    }
  },
  "org.jetbrains.kotlin:kotlin-tooling-core:1.8.0": {
    "kotlin-tooling-core-1.8.0.jar": {
      "url": "https://repo.maven.apache.org/maven2/org/jetbrains/kotlin/kotlin-tooling-core/1.8.0/kotlin-tooling-core-1.8.0.jar",
      "hash": "sha256-yJWNlOHBIQk2wTHTiMMjfJzPLmGJ0jbJ4HppRuUPZrM="
    },
    "kotlin-tooling-core-1.8.0.pom": {
      "url": "https://repo.maven.apache.org/maven2/org/jetbrains/kotlin/kotlin-tooling-core/1.8.0/kotlin-tooling-core-1.8.0.pom",
      "hash": "sha256-OXFVCwbX4JP72YWMcimx+Dw+spFHMUYWPe1u7lNOvpI="
    }
  },
  "org.jetbrains.kotlin:kotlin-util-klib:1.8.0": {
    "kotlin-util-klib-1.8.0.jar": {
      "url": "https://repo.maven.apache.org/maven2/org/jetbrains/kotlin/kotlin-util-klib/1.8.0/kotlin-util-klib-1.8.0.jar",
      "hash": "sha256-QIsOSGg87aZeW1vH55pT9KGs8mEKQoDRjybpZZ7MzL0="
    },
    "kotlin-util-klib-1.8.0.pom": {
      "url": "https://repo.maven.apache.org/maven2/org/jetbrains/kotlin/kotlin-util-klib/1.8.0/kotlin-util-klib-1.8.0.pom",
      "hash": "sha256-rjMQ8QWmSF3ZpX8cUZkefiK0gtY/X/fGYaAUG3FWq4c="
    }
  },
  "org.jetbrains.kotlin:kotlin-klib-commonizer-api:1.8.0": {
    "kotlin-klib-commonizer-api-1.8.0.jar": {
      "url": "https://repo.maven.apache.org/maven2/org/jetbrains/kotlin/kotlin-klib-commonizer-api/1.8.0/kotlin-klib-commonizer-api-1.8.0.jar",
      "hash": "sha256-soQq+7LpB77fYb4RqrWoLFadJzwkjvSFeBCneh7ta7o="
    },
    "kotlin-klib-commonizer-api-1.8.0.pom": {
      "url": "https://repo.maven.apache.org/maven2/org/jetbrains/kotlin/kotlin-klib-commonizer-api/1.8.0/kotlin-klib-commonizer-api-1.8.0.pom",
      "hash": "sha256-VFBRyTzyhhjIKzbweySv4DZO4BK09qO2E/5zg453uO0="
    }
  },
  "org.jetbrains.kotlin:kotlin-project-model:1.8.0": {
    "kotlin-project-model-1.8.0.jar": {
      "url": "https://repo.maven.apache.org/maven2/org/jetbrains/kotlin/kotlin-project-model/1.8.0/kotlin-project-model-1.8.0.jar",
      "hash": "sha256-7bIk03BDZgSqdhIkfT+SBOLxhl4VYYpoP9JqYe8vcgo="
    },
    "kotlin-project-model-1.8.0.pom": {
      "url": "https://repo.maven.apache.org/maven2/org/jetbrains/kotlin/kotlin-project-model/1.8.0/kotlin-project-model-1.8.0.pom",
      "hash": "sha256-i7tqBG5H3Teza6f4Ve87FVXCkbhKk/986xcIkBG9FKs="
    }
  },
  "org.jetbrains.kotlin:kotlin-compiler-embeddable:1.8.0": {
    "kotlin-compiler-embeddable-1.8.0.jar": {
      "url": "https://repo.maven.apache.org/maven2/org/jetbrains/kotlin/kotlin-compiler-embeddable/1.8.0/kotlin-compiler-embeddable-1.8.0.jar",
      "hash": "sha256-6bOlbbv98eAyjUcxt9fKeJzg8fJjNyrYjdjey9FgKFg="
    },
    "kotlin-compiler-embeddable-1.8.0.pom": {
      "url": "https://repo.maven.apache.org/maven2/org/jetbrains/kotlin/kotlin-compiler-embeddable/1.8.0/kotlin-compiler-embeddable-1.8.0.pom",
      "hash": "sha256-MwLTtORBFJoLDahNYX99v/3FhkNgR8ZG6qtqcBIcJgo="
    }
  },
  "org.jetbrains.kotlin:kotlin-annotation-processing-gradle:1.8.0": {
    "kotlin-annotation-processing-gradle-1.8.0.jar": {
      "url": "https://repo.maven.apache.org/maven2/org/jetbrains/kotlin/kotlin-annotation-processing-gradle/1.8.0/kotlin-annotation-processing-gradle-1.8.0.jar",
      "hash": "sha256-rsvL3qieFh86mEjh2DUc+Lyn+tZGba7PrwDyts/V2Bo="
    },
    "kotlin-annotation-processing-gradle-1.8.0.pom": {
      "url": "https://repo.maven.apache.org/maven2/org/jetbrains/kotlin/kotlin-annotation-processing-gradle/1.8.0/kotlin-annotation-processing-gradle-1.8.0.pom",
      "hash": "sha256-Qh1NN4HgrlaDtUwQQqjkVmLMdHzHwZGxucH/Qo4TCNE="
    }
  },
  "org.jetbrains.kotlin:kotlin-android-extensions:1.8.0": {
    "kotlin-android-extensions-1.8.0.jar": {
      "url": "https://repo.maven.apache.org/maven2/org/jetbrains/kotlin/kotlin-android-extensions/1.8.0/kotlin-android-extensions-1.8.0.jar",
      "hash": "sha256-ggjE7eQs1MsYSEBBhZt2s2brWjJu6nsFqRROZEIXNc4="
    },
    "kotlin-android-extensions-1.8.0.pom": {
      "url": "https://repo.maven.apache.org/maven2/org/jetbrains/kotlin/kotlin-android-extensions/1.8.0/kotlin-android-extensions-1.8.0.pom",
      "hash": "sha256-6VUIbaKam9xhI8NKfOSr/rKZ8qf7vE6Q+v0MePzY/ZQ="
    }
  },
  "org.jetbrains.kotlin:kotlin-compiler-runner:1.8.0": {
    "kotlin-compiler-runner-1.8.0.jar": {
      "url": "https://repo.maven.apache.org/maven2/org/jetbrains/kotlin/kotlin-compiler-runner/1.8.0/kotlin-compiler-runner-1.8.0.jar",
      "hash": "sha256-SBsovzpViFr+JZQ7zP/guD1FTrrWqGCfzkGPHpEj2oM="
    },
    "kotlin-compiler-runner-1.8.0.pom": {
      "url": "https://repo.maven.apache.org/maven2/org/jetbrains/kotlin/kotlin-compiler-runner/1.8.0/kotlin-compiler-runner-1.8.0.pom",
      "hash": "sha256-ZYGJWB9VXKhlw/riJ4dumgAwuYGswJaNdBsZw5PuYSg="
    }
  },
  "org.jetbrains.kotlin:kotlin-scripting-compiler-embeddable:1.8.0": {
    "kotlin-scripting-compiler-embeddable-1.8.0.jar": {
      "url": "https://repo.maven.apache.org/maven2/org/jetbrains/kotlin/kotlin-scripting-compiler-embeddable/1.8.0/kotlin-scripting-compiler-embeddable-1.8.0.jar",
      "hash": "sha256-AfYwXEm4VFS6XiBAYGJhepfPbh8v9JdtbwhlamaCknk="
    },
    "kotlin-scripting-compiler-embeddable-1.8.0.pom": {
      "url": "https://repo.maven.apache.org/maven2/org/jetbrains/kotlin/kotlin-scripting-compiler-embeddable/1.8.0/kotlin-scripting-compiler-embeddable-1.8.0.pom",
      "hash": "sha256-yqhB2ZA5MdYMtGwNObaBAAvWo+pAT+Fum5opo/HW6l0="
    }
  },
  "org.jetbrains.kotlin:kotlin-scripting-compiler-impl-embeddable:1.8.0": {
    "kotlin-scripting-compiler-impl-embeddable-1.8.0.jar": {
      "url": "https://repo.maven.apache.org/maven2/org/jetbrains/kotlin/kotlin-scripting-compiler-impl-embeddable/1.8.0/kotlin-scripting-compiler-impl-embeddable-1.8.0.jar",
      "hash": "sha256-SSwAiFnOtyF4tfhbV0QKYBhsHP49j3ENHnoso/fcjkg="
    },
    "kotlin-scripting-compiler-impl-embeddable-1.8.0.pom": {
      "url": "https://repo.maven.apache.org/maven2/org/jetbrains/kotlin/kotlin-scripting-compiler-impl-embeddable/1.8.0/kotlin-scripting-compiler-impl-embeddable-1.8.0.pom",
      "hash": "sha256-/xy614/wsgcbSSeObV/9bGaMZtRnsmS6IscMeJGM+Y0="
    }
  },
  "org.jetbrains.kotlin:kotlin-native-utils:1.8.0": {
    "kotlin-native-utils-1.8.0.jar": {
      "url": "https://repo.maven.apache.org/maven2/org/jetbrains/kotlin/kotlin-native-utils/1.8.0/kotlin-native-utils-1.8.0.jar",
      "hash": "sha256-WP6m6mmUKe5CUyiGc8xAOBqkmywvMVO/OTPgp2lTDyM="
    },
    "kotlin-native-utils-1.8.0.pom": {
      "url": "https://repo.maven.apache.org/maven2/org/jetbrains/kotlin/kotlin-native-utils/1.8.0/kotlin-native-utils-1.8.0.pom",
      "hash": "sha256-Wd+yxV5iVaOcQeCPzJZE2c+QkuocHaWhhP2+ukxZj48="
    }
  },
  "org.jetbrains.kotlin:kotlin-util-io:1.8.0": {
    "kotlin-util-io-1.8.0.jar": {
      "url": "https://repo.maven.apache.org/maven2/org/jetbrains/kotlin/kotlin-util-io/1.8.0/kotlin-util-io-1.8.0.jar",
      "hash": "sha256-pkmEZBeBktEVQrP+AFjpHPetq4iozZVoBokUAB4Pplw="
    },
    "kotlin-util-io-1.8.0.pom": {
      "url": "https://repo.maven.apache.org/maven2/org/jetbrains/kotlin/kotlin-util-io/1.8.0/kotlin-util-io-1.8.0.pom",
      "hash": "sha256-xNYWCnugZBxAdVttUc0EE0E4DhzNukdSvHgFHqH36oo="
    }
  },
  "org.jetbrains.kotlin:kotlin-daemon-embeddable:1.8.0": {
    "kotlin-daemon-embeddable-1.8.0.jar": {
      "url": "https://repo.maven.apache.org/maven2/org/jetbrains/kotlin/kotlin-daemon-embeddable/1.8.0/kotlin-daemon-embeddable-1.8.0.jar",
      "hash": "sha256-UvMglz+jOaHCuPcaOK8UAukFJ7E8fVZOp5Fw/IHUv2Y="
    },
    "kotlin-daemon-embeddable-1.8.0.pom": {
      "url": "https://repo.maven.apache.org/maven2/org/jetbrains/kotlin/kotlin-daemon-embeddable/1.8.0/kotlin-daemon-embeddable-1.8.0.pom",
      "hash": "sha256-CdRZ+f1UtD3GMUspcpUPZNiOBKb/uzfRb+jzsRxSssg="
    }
  },
  "org.jetbrains.kotlin:kotlin-build-common:1.8.0": {
    "kotlin-build-common-1.8.0.jar": {
      "url": "https://repo.maven.apache.org/maven2/org/jetbrains/kotlin/kotlin-build-common/1.8.0/kotlin-build-common-1.8.0.jar",
      "hash": "sha256-qDcm2J0o/M1ukjedDxDaCkEMmW41eAUT/Sl8M/zVQ/U="
    },
    "kotlin-build-common-1.8.0.pom": {
      "url": "https://repo.maven.apache.org/maven2/org/jetbrains/kotlin/kotlin-build-common/1.8.0/kotlin-build-common-1.8.0.pom",
      "hash": "sha256-q7Crg9/VnXGm+QcE4KCKUK44wqfcq6cl62yFgRu+6UI="
    }
  },
  "org.jetbrains.kotlin:kotlin-daemon-client:1.8.0": {
    "kotlin-daemon-client-1.8.0.jar": {
      "url": "https://repo.maven.apache.org/maven2/org/jetbrains/kotlin/kotlin-daemon-client/1.8.0/kotlin-daemon-client-1.8.0.jar",
      "hash": "sha256-psWRIUYxAMiWSW8iKV94vdHAO3GdjOAdnPGcfRTEpcg="
    },
    "kotlin-daemon-client-1.8.0.pom": {
      "url": "https://repo.maven.apache.org/maven2/org/jetbrains/kotlin/kotlin-daemon-client/1.8.0/kotlin-daemon-client-1.8.0.pom",
      "hash": "sha256-/8ocSHLAGw3yOhdOXXe3F7MDh666v12PIlYBjRKWz9I="
    }
  },
  "org.jetbrains.kotlin:kotlin-scripting-common:1.8.0": {
    "kotlin-scripting-common-1.8.0.jar": {
      "url": "https://repo.maven.apache.org/maven2/org/jetbrains/kotlin/kotlin-scripting-common/1.8.0/kotlin-scripting-common-1.8.0.jar",
      "hash": "sha256-fO76QG5tCR1niTC4Sxa6BfjMXkqDkc+m+T0klef/SPk="
    },
    "kotlin-scripting-common-1.8.0.pom": {
      "url": "https://repo.maven.apache.org/maven2/org/jetbrains/kotlin/kotlin-scripting-common/1.8.0/kotlin-scripting-common-1.8.0.pom",
      "hash": "sha256-JUWa2UE1J0pu6cs7noNAL2eG20s4ns4Fj4ooNo1/j4g="
    }
  },
  "org.jetbrains.kotlin:kotlin-scripting-jvm:1.8.0": {
    "kotlin-scripting-jvm-1.8.0.jar": {
      "url": "https://repo.maven.apache.org/maven2/org/jetbrains/kotlin/kotlin-scripting-jvm/1.8.0/kotlin-scripting-jvm-1.8.0.jar",
      "hash": "sha256-0tkW1wYwJDjSm4B9OR5lx6Sy6i+ndPLQYk8ReUYTJew="
    },
    "kotlin-scripting-jvm-1.8.0.pom": {
      "url": "https://repo.maven.apache.org/maven2/org/jetbrains/kotlin/kotlin-scripting-jvm/1.8.0/kotlin-scripting-jvm-1.8.0.pom",
      "hash": "sha256-PR1UA3TIcXpEwm2HBIQu43r+lyP8v1mpTJ3ki7OxlAQ="
    }
  },
  "org.jetbrains.kotlin:kotlin-sam-with-receiver:1.8.0": {
    "kotlin-sam-with-receiver-1.8.0-gradle76.jar": {
      "url": "https://repo.maven.apache.org/maven2/org/jetbrains/kotlin/kotlin-sam-with-receiver/1.8.0/kotlin-sam-with-receiver-1.8.0-gradle76.jar",
      "hash": "sha256-6XO9mY0MDatC9Y0rk884lfP2g15PXYt9cERLT9pA1nk="
    },
    "kotlin-sam-with-receiver-1.8.0.module": {
      "url": "https://repo.maven.apache.org/maven2/org/jetbrains/kotlin/kotlin-sam-with-receiver/1.8.0/kotlin-sam-with-receiver-1.8.0.module",
      "hash": "sha256-KtVTQkhcqt4mQHB1upNGuTwHASkjz/1n+QqjNxOpLbk="
    },
    "kotlin-sam-with-receiver-1.8.0.pom": {
      "url": "https://repo.maven.apache.org/maven2/org/jetbrains/kotlin/kotlin-sam-with-receiver/1.8.0/kotlin-sam-with-receiver-1.8.0.pom",
      "hash": "sha256-1fw1BXeT/XB89fihwQKn6eZzERNQ0+BjtLJIMHR82Jc="
    }
  }
}
