{
  "com.autonomousapps:dependency-analysis-gradle-plugin:3.0.1": {
    "dependency-analysis-gradle-plugin-3.0.1.jar": {
      "url": "https://repo.maven.apache.org/maven2/com/autonomousapps/dependency-analysis-gradle-plugin/3.0.1/dependency-analysis-gradle-plugin-3.0.1.jar",
      "hash": "sha256-GCZrXatDf5BbbpHEOZslgDxjLtNdgVpWhgcSvIfMXFw="
    },
    "dependency-analysis-gradle-plugin-3.0.1.module": {
      "url": "https://repo.maven.apache.org/maven2/com/autonomousapps/dependency-analysis-gradle-plugin/3.0.1/dependency-analysis-gradle-plugin-3.0.1.module",
      "hash": "sha256-VR8m5I+UUPNPh8uZf0StiUgWWJuOzrZeWjExK9npNcc="
    },
    "dependency-analysis-gradle-plugin-3.0.1.pom": {
      "url": "https://repo.maven.apache.org/maven2/com/autonomousapps/dependency-analysis-gradle-plugin/3.0.1/dependency-analysis-gradle-plugin-3.0.1.pom",
      "hash": "sha256-O29tL8myJzai/9ODPdd5UdEOkelwcvK4YGBeAtu1pUo="
    }
  },
  "com.gradle.develocity:com.gradle.develocity.gradle.plugin:4.2.2": {
    "com.gradle.develocity.gradle.plugin-4.2.2.pom": {
      "url": "https://plugins.gradle.org/m2/com/gradle/develocity/com.gradle.develocity.gradle.plugin/4.2.2/com.gradle.develocity.gradle.plugin-4.2.2.pom",
      "hash": "sha256-hagQZHXnyjRcTmBKZZNFeUUWBWx/l0zp+McgEaE/EdU="
    }
  },
  "com.gradle:develocity-gradle-plugin:4.2.2": {
    "develocity-gradle-plugin-4.2.2.jar": {
      "url": "https://plugins.gradle.org/m2/com/gradle/develocity-gradle-plugin/4.2.2/develocity-gradle-plugin-4.2.2.jar",
      "hash": "sha256-PkWowYs0qN3esYXD5wMHKGNKrzG5diBS5drofz1Zf7o="
    },
    "develocity-gradle-plugin-4.2.2.pom": {
      "url": "https://plugins.gradle.org/m2/com/gradle/develocity-gradle-plugin/4.2.2/develocity-gradle-plugin-4.2.2.pom",
      "hash": "sha256-6r8sz8bO1h2qPi2Iu6G/E+/q3FieGjLodcGu04vAUSE="
    }
  },
  "com.autonomousapps:graph-support:0.8": {
    "graph-support-0.8.jar": {
      "url": "https://repo.maven.apache.org/maven2/com/autonomousapps/graph-support/0.8/graph-support-0.8.jar",
      "hash": "sha256-mUHfueOBb80Jqu6OllDnwfKAZNyS5eJdMg2RwvT8isY="
    },
    "graph-support-0.8.module": {
      "url": "https://repo.maven.apache.org/maven2/com/autonomousapps/graph-support/0.8/graph-support-0.8.module",
      "hash": "sha256-0rw82DCicM70sxDrvLIJwwx/CIYtWcOu1ycbeoiMjZI="
    },
    "graph-support-0.8.pom": {
      "url": "https://repo.maven.apache.org/maven2/com/autonomousapps/graph-support/0.8/graph-support-0.8.pom",
      "hash": "sha256-9MDJCjT3Mczt9znGyENrQmwGLSy6dk/r/+9GzebEuuI="
    }
  },
  "com.autonomousapps:variant-artifacts:0.3": {
    "variant-artifacts-0.3.jar": {
      "url": "https://repo.maven.apache.org/maven2/com/autonomousapps/variant-artifacts/0.3/variant-artifacts-0.3.jar",
      "hash": "sha256-I1ldOttK0IvZ7Q/YzuSoHsgVljjD2ukogXF4mDOSlZM="
    },
    "variant-artifacts-0.3.module": {
      "url": "https://repo.maven.apache.org/maven2/com/autonomousapps/variant-artifacts/0.3/variant-artifacts-0.3.module",
      "hash": "sha256-VgbKhox9d7nBoV3zcARtCHjE0S8I/y/2iT/X7+m741w="
    },
    "variant-artifacts-0.3.pom": {
      "url": "https://repo.maven.apache.org/maven2/com/autonomousapps/variant-artifacts/0.3/variant-artifacts-0.3.pom",
      "hash": "sha256-qmEVkGJhwLVbNsaa3DfNdSQWbzvR2aIFnASTzZT3s3w="
    }
  },
  "org.jetbrains.kotlin:kotlin-bom:2.2.10": {
    "kotlin-bom-2.2.10.pom": {
      "url": "https://repo.maven.apache.org/maven2/org/jetbrains/kotlin/kotlin-bom/2.2.10/kotlin-bom-2.2.10.pom",
      "hash": "sha256-FA54AXVNIQdk6bpqVF4XdSmSq1S1k9QVqDN0G/7S6E0="
    }
  },
  "org.jetbrains.kotlin:kotlin-stdlib-jdk8:2.2.10": {
    "kotlin-stdlib-jdk8-2.2.10.jar": {
      "url": "https://repo.maven.apache.org/maven2/org/jetbrains/kotlin/kotlin-stdlib-jdk8/2.2.10/kotlin-stdlib-jdk8-2.2.10.jar",
      "hash": "sha256-iXS/3Qix2BhD/o0R8HKatuWzwfiNZx6+DABjWBKc4Uk="
    },
    "kotlin-stdlib-jdk8-2.2.10.pom": {
      "url": "https://repo.maven.apache.org/maven2/org/jetbrains/kotlin/kotlin-stdlib-jdk8/2.2.10/kotlin-stdlib-jdk8-2.2.10.pom",
      "hash": "sha256-JWnPWpgHJPFAFXUB2zbf+rkZzQ1EPS4UtaNaL5b4T6w="
    }
  },
  "org.jetbrains.kotlin:kotlin-daemon-client:2.2.10": {
    "kotlin-daemon-client-2.2.10.pom": {
      "url": "https://repo.maven.apache.org/maven2/org/jetbrains/kotlin/kotlin-daemon-client/2.2.10/kotlin-daemon-client-2.2.10.pom",
      "hash": "sha256-PTz5KTWxbO792bIUPVzNLF1UdqT03wVOq6BtEL74Lrw="
    },
    "kotlin-daemon-client-2.2.10.jar": {
      "url": "https://repo.maven.apache.org/maven2/org/jetbrains/kotlin/kotlin-daemon-client/2.2.10/kotlin-daemon-client-2.2.10.jar",
      "hash": "sha256-LhjMua6DiKMsFsn+5oCT16IE/3FP03F0I4JLi4U38N8="
    }
  },
  "org.jetbrains.kotlin:kotlin-stdlib-common:2.2.10": {
    "kotlin-stdlib-common-2.2.10.pom": {
      "url": "https://repo.maven.apache.org/maven2/org/jetbrains/kotlin/kotlin-stdlib-common/2.2.10/kotlin-stdlib-common-2.2.10.pom",
      "hash": "sha256-4ZmwT3NvDHM07V3rc3iZIzRCs2I4pZMQeQsha2k0wGc="
    },
    "kotlin-stdlib-common-2.2.10.module": {
      "url": "https://repo.maven.apache.org/maven2/org/jetbrains/kotlin/kotlin-stdlib-common/2.2.10/kotlin-stdlib-common-2.2.10.module",
      "hash": "sha256-M2r7UShSAosdpdXQem+4M8+aeX7kszUZaU0xL2gyJ8k="
    }
  },
  "org.jetbrains.kotlin:kotlin-stdlib-jdk7:2.2.10": {
    "kotlin-stdlib-jdk7-2.2.10.pom": {
      "url": "https://repo.maven.apache.org/maven2/org/jetbrains/kotlin/kotlin-stdlib-jdk7/2.2.10/kotlin-stdlib-jdk7-2.2.10.pom",
      "hash": "sha256-vklJB+DhnHi7ghFUr6F3bVrXoFi0qzAJD3Q1Sw4TON4="
    },
    "kotlin-stdlib-jdk7-2.2.10.jar": {
      "url": "https://repo.maven.apache.org/maven2/org/jetbrains/kotlin/kotlin-stdlib-jdk7/2.2.10/kotlin-stdlib-jdk7-2.2.10.jar",
      "hash": "sha256-z5XszGzHhN/0ed7guINPNYS5MpLMXZGXLoL117nhPjs="
    }
  },
  "com.uber.nullaway:nullaway:0.12.7": {
    "nullaway-0.12.7.pom": {
      "url": "https://repo.maven.apache.org/maven2/com/uber/nullaway/nullaway/0.12.7/nullaway-0.12.7.pom",
      "hash": "sha256-KMXbMEgZM+1+nbcSrv/0HNQlf/9ZftvEJTJip6fA5uw="
    },
    "nullaway-0.12.7.jar": {
      "url": "https://repo.maven.apache.org/maven2/com/uber/nullaway/nullaway/0.12.7/nullaway-0.12.7.jar",
      "hash": "sha256-fZ8vrs5rBHyaVrENOJWAcEboA+/+DwuQT0tpbTuQCWw="
    },
    "nullaway-0.12.7.module": {
      "url": "https://repo.maven.apache.org/maven2/com/uber/nullaway/nullaway/0.12.7/nullaway-0.12.7.module",
      "hash": "sha256-mpQRL2Hf3fY8NqMmuJjRLYbm+ajlCzPH7HFXQKQ6Y8k="
    }
  },
  "org.jetbrains.kotlin:kotlin-reflect:2.2.10": {
    "kotlin-reflect-2.2.10.pom": {
      "url": "https://repo.maven.apache.org/maven2/org/jetbrains/kotlin/kotlin-reflect/2.2.10/kotlin-reflect-2.2.10.pom",
      "hash": "sha256-rkZhSQZBRATO/EGkZ0NSBdbe5nojkFmDKKY5rSusvRE="
    },
    "kotlin-reflect-2.2.10.jar": {
      "url": "https://repo.maven.apache.org/maven2/org/jetbrains/kotlin/kotlin-reflect/2.2.10/kotlin-reflect-2.2.10.jar",
      "hash": "sha256-xI20+M0b/Wf3LVklUGX7Qb/aQ8opQtrE2d64l6oSa6Q="
    }
  },
  "org.jetbrains.kotlin:kotlin-stdlib:2.2.10": {
    "kotlin-stdlib-2.2.10.pom": {
      "url": "https://repo.maven.apache.org/maven2/org/jetbrains/kotlin/kotlin-stdlib/2.2.10/kotlin-stdlib-2.2.10.pom",
      "hash": "sha256-RUulB6PTa0rCU99t+W+HOb0m6hnfPzMrELE/LFcV94c="
    },
    "kotlin-stdlib-2.2.10.jar": {
      "url": "https://repo.maven.apache.org/maven2/org/jetbrains/kotlin/kotlin-stdlib/2.2.10/kotlin-stdlib-2.2.10.jar",
      "hash": "sha256-nGfMee/WuSFbSdKkMI9fNDNTc3bHyI6JvdZym9CW5ho="
    },
    "kotlin-stdlib-2.2.10.module": {
      "url": "https://repo.maven.apache.org/maven2/org/jetbrains/kotlin/kotlin-stdlib/2.2.10/kotlin-stdlib-2.2.10.module",
      "hash": "sha256-23jfCCg1kctnyLnSeWEJ61K2CI1N/hArVF8gEYJJcT8="
    }
  },
  "org.jetbrains.kotlin:kotlin-assignment-compiler-plugin-embeddable:2.2.20": {
    "kotlin-assignment-compiler-plugin-embeddable-2.2.20.pom": {
      "url": "https://repo.maven.apache.org/maven2/org/jetbrains/kotlin/kotlin-assignment-compiler-plugin-embeddable/2.2.20/kotlin-assignment-compiler-plugin-embeddable-2.2.20.pom",
      "hash": "sha256-L/XBHfd+t6JZdmzdqed47WW6SFxYxhO7ppAoauzi3H0="
    },
    "kotlin-assignment-compiler-plugin-embeddable-2.2.20.jar": {
      "url": "https://repo.maven.apache.org/maven2/org/jetbrains/kotlin/kotlin-assignment-compiler-plugin-embeddable/2.2.20/kotlin-assignment-compiler-plugin-embeddable-2.2.20.jar",
      "hash": "sha256-07TapcbMI1Zfj7k2NI84xCGgRhFjdF02rt9E096UJQo="
    }
  },
  "org.jetbrains.kotlin:kotlin-build-tools-impl:2.2.20": {
    "kotlin-build-tools-impl-2.2.20.pom": {
      "url": "https://repo.maven.apache.org/maven2/org/jetbrains/kotlin/kotlin-build-tools-impl/2.2.20/kotlin-build-tools-impl-2.2.20.pom",
      "hash": "sha256-4vQ157rwHeL/kNCoc3r4+b+X/BUuWVuGp2C6ZOjmnfY="
    },
    "kotlin-build-tools-impl-2.2.20.jar": {
      "url": "https://repo.maven.apache.org/maven2/org/jetbrains/kotlin/kotlin-build-tools-impl/2.2.20/kotlin-build-tools-impl-2.2.20.jar",
      "hash": "sha256-ZHiafwBWWSfy8/LRCfIwV009kwjtXW6Gv8qEPaZIfPc="
    }
  },
  "org.jetbrains.kotlin:kotlin-compiler-embeddable:2.2.20": {
    "kotlin-compiler-embeddable-2.2.20.pom": {
      "url": "https://repo.maven.apache.org/maven2/org/jetbrains/kotlin/kotlin-compiler-embeddable/2.2.20/kotlin-compiler-embeddable-2.2.20.pom",
      "hash": "sha256-Bf8CX3+wky+xH6HhzK71KPdgJ9lWaA+INdQ4VCdi4go="
    },
    "kotlin-compiler-embeddable-2.2.20.jar": {
      "url": "https://repo.maven.apache.org/maven2/org/jetbrains/kotlin/kotlin-compiler-embeddable/2.2.20/kotlin-compiler-embeddable-2.2.20.jar",
      "hash": "sha256-HGw/gQv+akGry8NLOi72OfHj9K7tOpU6Swl07qT0GIk="
    }
  },
  "org.jetbrains.kotlin:kotlin-reflect:2.2.20": {
    "kotlin-reflect-2.2.20.pom": {
      "url": "https://repo.maven.apache.org/maven2/org/jetbrains/kotlin/kotlin-reflect/2.2.20/kotlin-reflect-2.2.20.pom",
      "hash": "sha256-TidHQGbbg/uixZB0KJunEr6MhRV83guQUCmkRcJ19bo="
    },
    "kotlin-reflect-2.2.20.jar": {
      "url": "https://repo.maven.apache.org/maven2/org/jetbrains/kotlin/kotlin-reflect/2.2.20/kotlin-reflect-2.2.20.jar",
      "hash": "sha256-ggkIOkp8TkdtmEKweDCPqWqW8Hpr2Z8F81hu4TKJqyY="
    }
  },
  "org.jetbrains.kotlin:kotlin-sam-with-receiver-compiler-plugin:2.2.20": {
    "kotlin-sam-with-receiver-compiler-plugin-2.2.20.pom": {
      "url": "https://repo.maven.apache.org/maven2/org/jetbrains/kotlin/kotlin-sam-with-receiver-compiler-plugin/2.2.20/kotlin-sam-with-receiver-compiler-plugin-2.2.20.pom",
      "hash": "sha256-L8G8sk+lS9jyzFLWFBeLJXTUAvgMq4JRztfuB+qUYBQ="
    },
    "kotlin-sam-with-receiver-compiler-plugin-2.2.20.jar": {
      "url": "https://repo.maven.apache.org/maven2/org/jetbrains/kotlin/kotlin-sam-with-receiver-compiler-plugin/2.2.20/kotlin-sam-with-receiver-compiler-plugin-2.2.20.jar",
      "hash": "sha256-H6Mu/iucaZISiPPeOlFYoncSnj7qeGwqvLzp9bp5uhg="
    }
  },
  "org.jetbrains.kotlin:kotlin-script-runtime:2.2.20": {
    "kotlin-script-runtime-2.2.20.pom": {
      "url": "https://repo.maven.apache.org/maven2/org/jetbrains/kotlin/kotlin-script-runtime/2.2.20/kotlin-script-runtime-2.2.20.pom",
      "hash": "sha256-IpOhQenagKfpjYXtKkkuldsMAWW86rC3Klzp4tkrCAc="
    },
    "kotlin-script-runtime-2.2.20.jar": {
      "url": "https://repo.maven.apache.org/maven2/org/jetbrains/kotlin/kotlin-script-runtime/2.2.20/kotlin-script-runtime-2.2.20.jar",
      "hash": "sha256-XIvV3Xrh6i7rJ3j9vqoZpWIYSXX2yrigu2d55BkHMa4="
    }
  },
  "org.jetbrains.kotlin:kotlin-scripting-common:2.2.20": {
    "kotlin-scripting-common-2.2.20.pom": {
      "url": "https://repo.maven.apache.org/maven2/org/jetbrains/kotlin/kotlin-scripting-common/2.2.20/kotlin-scripting-common-2.2.20.pom",
      "hash": "sha256-iTjGIFKXW7uW3OotqaeNS2sk2vLwnTWMGnqEHxaMtzo="
    },
    "kotlin-scripting-common-2.2.20.jar": {
      "url": "https://repo.maven.apache.org/maven2/org/jetbrains/kotlin/kotlin-scripting-common/2.2.20/kotlin-scripting-common-2.2.20.jar",
      "hash": "sha256-+5n/fwzZUtpo1UjT89ZErlB4sLlvybrwZewUZqKTuAU="
    }
  },
  "org.jetbrains.kotlin:kotlin-scripting-compiler-embeddable:2.2.20": {
    "kotlin-scripting-compiler-embeddable-2.2.20.pom": {
      "url": "https://repo.maven.apache.org/maven2/org/jetbrains/kotlin/kotlin-scripting-compiler-embeddable/2.2.20/kotlin-scripting-compiler-embeddable-2.2.20.pom",
      "hash": "sha256-PW9vFZH6P3r14jFlxowu4BclFYZFQ09eMBdF5kfHVhE="
    },
    "kotlin-scripting-compiler-embeddable-2.2.20.jar": {
      "url": "https://repo.maven.apache.org/maven2/org/jetbrains/kotlin/kotlin-scripting-compiler-embeddable/2.2.20/kotlin-scripting-compiler-embeddable-2.2.20.jar",
      "hash": "sha256-2GJhDAAzQuUIjKIcRAQix9ijcA4ZnWA/ehAnjESIR2E="
    }
  },
  "org.jetbrains.kotlin:kotlin-scripting-compiler-impl-embeddable:2.2.20": {
    "kotlin-scripting-compiler-impl-embeddable-2.2.20.pom": {
      "url": "https://repo.maven.apache.org/maven2/org/jetbrains/kotlin/kotlin-scripting-compiler-impl-embeddable/2.2.20/kotlin-scripting-compiler-impl-embeddable-2.2.20.pom",
      "hash": "sha256-+l+wJ+4qSbPb/zh3VBtC+3CuzMN7oC4dOthipcZyVLc="
    },
    "kotlin-scripting-compiler-impl-embeddable-2.2.20.jar": {
      "url": "https://repo.maven.apache.org/maven2/org/jetbrains/kotlin/kotlin-scripting-compiler-impl-embeddable/2.2.20/kotlin-scripting-compiler-impl-embeddable-2.2.20.jar",
      "hash": "sha256-e3kSNZL//r81xhag/xBDMscc3mN6ZX4JrbXfbD+cA84="
    }
  },
  "org.jetbrains.kotlin:kotlin-scripting-jvm:2.2.20": {
    "kotlin-scripting-jvm-2.2.20.pom": {
      "url": "https://repo.maven.apache.org/maven2/org/jetbrains/kotlin/kotlin-scripting-jvm/2.2.20/kotlin-scripting-jvm-2.2.20.pom",
      "hash": "sha256-0df8RWSBne6v6OvdcfbyGBf/xVjr0U9HpW6NyTaW3Rk="
    },
    "kotlin-scripting-jvm-2.2.20.jar": {
      "url": "https://repo.maven.apache.org/maven2/org/jetbrains/kotlin/kotlin-scripting-jvm/2.2.20/kotlin-scripting-jvm-2.2.20.jar",
      "hash": "sha256-qR+5BJY0oyum09LpGgy5mD4KpOccDC4bKDg4qOBhYx8="
    }
  },
  "org.jetbrains.kotlin:kotlin-scripting-jvm-host:2.2.20": {
    "kotlin-scripting-jvm-host-2.2.20.pom": {
      "url": "https://repo.maven.apache.org/maven2/org/jetbrains/kotlin/kotlin-scripting-jvm-host/2.2.20/kotlin-scripting-jvm-host-2.2.20.pom",
      "hash": "sha256-/MWO7zqJfudX1inQpBvfEL5Bd5iXjay8e6VKrPkGsrU="
    },
    "kotlin-scripting-jvm-host-2.2.20.jar": {
      "url": "https://repo.maven.apache.org/maven2/org/jetbrains/kotlin/kotlin-scripting-jvm-host/2.2.20/kotlin-scripting-jvm-host-2.2.20.jar",
      "hash": "sha256-pEZB37WsO8RRlfK5u5iMs8hHHl4qTr3A7A8ZItc3IQU="
    }
  },
  "org.jetbrains.kotlin:kotlin-daemon-embeddable:2.2.20": {
    "kotlin-daemon-embeddable-2.2.20.pom": {
      "url": "https://repo.maven.apache.org/maven2/org/jetbrains/kotlin/kotlin-daemon-embeddable/2.2.20/kotlin-daemon-embeddable-2.2.20.pom",
      "hash": "sha256-9Yhmv7yYZ8bWR1ec/3DUKHeZctvd2N5MJXh5y0N0FIk="
    },
    "kotlin-daemon-embeddable-2.2.20.jar": {
      "url": "https://repo.maven.apache.org/maven2/org/jetbrains/kotlin/kotlin-daemon-embeddable/2.2.20/kotlin-daemon-embeddable-2.2.20.jar",
      "hash": "sha256-fFyM0vi+rdMoMjm7nKIZoMr6GvAmgrQHsYHhF5cY8vc="
    }
  },
  "org.ow2.asm:asm:9.8": {
    "asm-9.8.jar": {
      "url": "https://repo.maven.apache.org/maven2/org/ow2/asm/asm/9.8/asm-9.8.jar",
      "hash": "sha256-h26raoPa7K1cpn65/KuwY8l7WuuM8fynqYns3hdSIFE="
    },
    "asm-9.8.pom": {
      "url": "https://repo.maven.apache.org/maven2/org/ow2/asm/asm/9.8/asm-9.8.pom",
      "hash": "sha256-wTZ8O7OD12Gef3l+ON91E4hfLu8ErntZCPaCImV7W6o="
    }
  },
  "org.ow2.asm:asm-tree:9.8": {
    "asm-tree-9.8.jar": {
      "url": "https://repo.maven.apache.org/maven2/org/ow2/asm/asm-tree/9.8/asm-tree-9.8.jar",
      "hash": "sha256-FLeIDLfIXu0QHicQQy/D/7gydVMqaolNxMQJXUmtWfE="
    },
    "asm-tree-9.8.pom": {
      "url": "https://repo.maven.apache.org/maven2/org/ow2/asm/asm-tree/9.8/asm-tree-9.8.pom",
      "hash": "sha256-cUnn+qDhkSlvh5ru2SCciULTmPBpjSzKGpxijy4qj3c="
    }
  },
  "org.ow2.asm:asm-commons:9.8": {
    "asm-commons-9.8.jar": {
      "url": "https://repo.maven.apache.org/maven2/org/ow2/asm/asm-commons/9.8/asm-commons-9.8.jar",
      "hash": "sha256-MwGhwctMWfzFKSZI2sHXxa7UwPBn376IhzuM3+d0BPQ="
    },
    "asm-commons-9.8.pom": {
      "url": "https://repo.maven.apache.org/maven2/org/ow2/asm/asm-commons/9.8/asm-commons-9.8.pom",
      "hash": "sha256-95PnjwH3A3F9CUcuVs3yEv4piXDIguIRbo5Un7bRQMI="
    }
  },
  "org.ow2.asm:asm-analysis:9.8": {
    "asm-analysis-9.8.jar": {
      "url": "https://repo.maven.apache.org/maven2/org/ow2/asm/asm-analysis/9.8/asm-analysis-9.8.jar",
      "hash": "sha256-5kBzL7zTxicZJaUE8SXjg4Roj037v5LIYi387g0J7bk="
    },
    "asm-analysis-9.8.pom": {
      "url": "https://repo.maven.apache.org/maven2/org/ow2/asm/asm-analysis/9.8/asm-analysis-9.8.pom",
      "hash": "sha256-xXR+JccuGwfVJjx1x4rWGmJt0kWPr8r8I/gdMlPuQu0="
    }
  },
  "org.ow2.asm:asm-util:9.8": {
    "asm-util-9.8.jar": {
      "url": "https://repo.maven.apache.org/maven2/org/ow2/asm/asm-util/9.8/asm-util-9.8.jar",
      "hash": "sha256-i6BGDsso/Q4pgOXz7zQzpROkV7wHf4GlO9x1tYegjRU="
    },
    "asm-util-9.8.pom": {
      "url": "https://repo.maven.apache.org/maven2/org/ow2/asm/asm-util/9.8/asm-util-9.8.pom",
      "hash": "sha256-JNCXDhceKRe4Oo8PBdUKHNtcguUIVVtS28ydM2HE8Ow="
    }
  },
  "com.autonomousapps:asm-relocated:9.7.1.0": {
    "asm-relocated-9.7.1.0.pom": {
      "url": "https://repo.maven.apache.org/maven2/com/autonomousapps/asm-relocated/9.7.1.0/asm-relocated-9.7.1.0.pom",
      "hash": "sha256-+d3g3YMdozJiGyLauHRAo4sEc/GHGQ6QX/39W2vf6T4="
    },
    "asm-relocated-9.7.1.0.jar": {
      "url": "https://repo.maven.apache.org/maven2/com/autonomousapps/asm-relocated/9.7.1.0/asm-relocated-9.7.1.0.jar",
      "hash": "sha256-S3lUt8qo9nVvJtcLDyTDAew+VuiSvj35LeFDwIvTf40="
    },
    "asm-relocated-9.7.1.0.module": {
      "url": "https://repo.maven.apache.org/maven2/com/autonomousapps/asm-relocated/9.7.1.0/asm-relocated-9.7.1.0.module",
      "hash": "sha256-5vH0HQ9cyHrBviAET48CG8PNiNKDQnBV0w9gedJiJpg="
    }
  },
  "org.apache.commons:commons-lang3:3.17.0": {
    "commons-lang3-3.17.0.pom": {
      "url": "https://repo.maven.apache.org/maven2/org/apache/commons/commons-lang3/3.17.0/commons-lang3-3.17.0.pom",
      "hash": "sha256-NRxuSUDpObHzMN9H9g8Tujg9uB7gCBga9UHzoqbSpWw="
    },
    "commons-lang3-3.17.0.jar": {
      "url": "https://repo.maven.apache.org/maven2/org/apache/commons/commons-lang3/3.17.0/commons-lang3-3.17.0.jar",
      "hash": "sha256-bucx31yOWil2ocoCO2uzIOqNNTn75kyKHVy3ZRJ8M7Q="
    }
  },
  "org.apache.commons:commons-parent:73": {
    "commons-parent-73.pom": {
      "url": "https://repo.maven.apache.org/maven2/org/apache/commons/commons-parent/73/commons-parent-73.pom",
      "hash": "sha256-TtRFYLB/hEhHnf0eg6Qiuk6D5gs25RsocaxQKm1cG+o="
    }
  },
  "org.junit:junit-bom:5.11.0": {
    "junit-bom-5.11.0.pom": {
      "url": "https://repo.maven.apache.org/maven2/org/junit/junit-bom/5.11.0/junit-bom-5.11.0.pom",
      "hash": "sha256-5nRZ1IgkJKxjdPQNscj0ouiJRrNAugcsgL6TKivkZE0="
    },
    "junit-bom-5.11.0.module": {
      "url": "https://repo.maven.apache.org/maven2/org/junit/junit-bom/5.11.0/junit-bom-5.11.0.module",
      "hash": "sha256-9+2+Z/IgQnCMQQq8VHQI5cR29An1ViNqEXkiEnSi7S0="
    }
  },
  "com.google.errorprone:error_prone_core:2.31.0": {
    "error_prone_core-2.31.0.pom": {
      "url": "https://repo.maven.apache.org/maven2/com/google/errorprone/error_prone_core/2.31.0/error_prone_core-2.31.0.pom",
      "hash": "sha256-/FWC8/qiWCwfr60cku/FZ0MS04+8MG819+HUDFLi9rk="
    },
    "error_prone_core-2.31.0.jar": {
      "url": "https://repo.maven.apache.org/maven2/com/google/errorprone/error_prone_core/2.31.0/error_prone_core-2.31.0.jar",
      "hash": "sha256-2t0IYMGeJNYBsikY5T+dfzMbnveQ9Yf2H2RCFHHh+tk="
    }
  },
  "com.google.guava:guava:30.1-jre": {
    "guava-30.1-jre.pom": {
      "url": "https://repo.maven.apache.org/maven2/com/google/guava/guava/30.1-jre/guava-30.1-jre.pom",
      "hash": "sha256-lkbUzVAJTUq+UH5VXT921340pMVWayL7Ew71XU676Sc="
    },
    "guava-30.1-jre.jar": {
      "url": "https://repo.maven.apache.org/maven2/com/google/guava/guava/30.1-jre/guava-30.1-jre.jar",
      "hash": "sha256-5t0HL50/4CpGAGiDgL1CK9rBhMr2/iQYz90JNPCUMqo="
    }
  },
  "com.google.errorprone:error_prone_parent:2.31.0": {
    "error_prone_parent-2.31.0.pom": {
      "url": "https://repo.maven.apache.org/maven2/com/google/errorprone/error_prone_parent/2.31.0/error_prone_parent-2.31.0.pom",
      "hash": "sha256-b/rV7o16qMAvSMNw+XGL4NThyZJnRodJZOo5eQb403Y="
    }
  },
  "com.google.guava:guava-parent:30.1-jre": {
    "guava-parent-30.1-jre.pom": {
      "url": "https://repo.maven.apache.org/maven2/com/google/guava/guava-parent/30.1-jre/guava-parent-30.1-jre.pom",
      "hash": "sha256-4q+3R+vE/iMo1qkPqIxdioO7HjIGG7mxD/Q+LEetbnM="
    }
  },
  "com.google.errorprone:error_prone_annotation:2.31.0": {
    "error_prone_annotation-2.31.0.pom": {
      "url": "https://repo.maven.apache.org/maven2/com/google/errorprone/error_prone_annotation/2.31.0/error_prone_annotation-2.31.0.pom",
      "hash": "sha256-QgXgd88WUnznrODyce6xgh97qByKO1OmO85wvY627Uo="
    },
    "error_prone_annotation-2.31.0.jar": {
      "url": "https://repo.maven.apache.org/maven2/com/google/errorprone/error_prone_annotation/2.31.0/error_prone_annotation-2.31.0.jar",
      "hash": "sha256-7hYRY9tEKmPEVBEA+prX53UGp1FH7LN/zR0G6CG5vko="
    }
  },
  "com.google.errorprone:error_prone_annotations:2.31.0": {
    "error_prone_annotations-2.31.0.pom": {
      "url": "https://repo.maven.apache.org/maven2/com/google/errorprone/error_prone_annotations/2.31.0/error_prone_annotations-2.31.0.pom",
      "hash": "sha256-eF8uQKPgiapy2Mi8dYqkht3nYyh5R0PzHMWxzsyboQI="
    },
    "error_prone_annotations-2.31.0.jar": {
      "url": "https://repo.maven.apache.org/maven2/com/google/errorprone/error_prone_annotations/2.31.0/error_prone_annotations-2.31.0.jar",
      "hash": "sha256-uo0g+x/BgWclUrMj88dUmzC+HVfEndWDXicp52R9nPo="
    }
  },
  "com.google.errorprone:error_prone_check_api:2.31.0": {
    "error_prone_check_api-2.31.0.pom": {
      "url": "https://repo.maven.apache.org/maven2/com/google/errorprone/error_prone_check_api/2.31.0/error_prone_check_api-2.31.0.pom",
      "hash": "sha256-VlxGnujKQ4prkQjseTPmPKaNmR3+FQwWovOA59o/rc0="
    },
    "error_prone_check_api-2.31.0.jar": {
      "url": "https://repo.maven.apache.org/maven2/com/google/errorprone/error_prone_check_api/2.31.0/error_prone_check_api-2.31.0.jar",
      "hash": "sha256-JLPjBkf+JfgD7EnL7PZmNNvElLxG+gu8WB9lVUZUglY="
    }
  },
  "com.google.errorprone:error_prone_type_annotations:2.31.0": {
    "error_prone_type_annotations-2.31.0.pom": {
      "url": "https://repo.maven.apache.org/maven2/com/google/errorprone/error_prone_type_annotations/2.31.0/error_prone_type_annotations-2.31.0.pom",
      "hash": "sha256-mvu/Y8DBvWVIcq+ifspYLml/+XeC5hq6Jexp83CstwI="
    },
    "error_prone_type_annotations-2.31.0.jar": {
      "url": "https://repo.maven.apache.org/maven2/com/google/errorprone/error_prone_type_annotations/2.31.0/error_prone_type_annotations-2.31.0.jar",
      "hash": "sha256-IWjC31vXrTAqlwquCMy0v7NBGIKJREdWTVrgHv3J1Co="
    }
  },
  "com.google.guava:guava:32.1.1-jre": {
    "guava-32.1.1-jre.pom": {
      "url": "https://repo.maven.apache.org/maven2/com/google/guava/guava/32.1.1-jre/guava-32.1.1-jre.pom",
      "hash": "sha256-LJBx19FSKwx2IFfDToub+uOZJ6DrdVw2qnZRlyGHDXs="
    },
    "guava-32.1.1-jre.jar": {
      "url": "https://repo.maven.apache.org/maven2/com/google/guava/guava/32.1.1-jre/guava-32.1.1-jre.jar",
      "hash": "sha256-kfu6N/HIslHPnqnn06Np63nrHmpd8dS79IPdA4B0AoE="
    },
    "guava-32.1.1-jre.module": {
      "url": "https://repo.maven.apache.org/maven2/com/google/guava/guava/32.1.1-jre/guava-32.1.1-jre.module",
      "hash": "sha256-pY+TjSOeaYtZs8OcrVgO/Ro/1MoTq5KzBCbUJFLE7z4="
    }
  },
  "com.google.protobuf:protobuf-java:3.19.6": {
    "protobuf-java-3.19.6.pom": {
      "url": "https://repo.maven.apache.org/maven2/com/google/protobuf/protobuf-java/3.19.6/protobuf-java-3.19.6.pom",
      "hash": "sha256-0QlO6w21FqBQC7C+xZATbmBoqD0P94K3wcdxqeidHaQ="
    },
    "protobuf-java-3.19.6.jar": {
      "url": "https://repo.maven.apache.org/maven2/com/google/protobuf/protobuf-java/3.19.6/protobuf-java-3.19.6.jar",
      "hash": "sha256-apot/5Hc9x+FvnGulx9hZLWmMdzTS/8I8GGFNcpErQI="
    }
  },
  "com.google.guava:failureaccess:1.0.1": {
    "failureaccess-1.0.1.pom": {
      "url": "https://repo.maven.apache.org/maven2/com/google/guava/failureaccess/1.0.1/failureaccess-1.0.1.pom",
      "hash": "sha256-6WBCznj+y6DaK+lkUilHyHtAopG1/TzWcqQ0kkEDxLk="
    },
    "failureaccess-1.0.1.jar": {
      "url": "https://repo.maven.apache.org/maven2/com/google/guava/failureaccess/1.0.1/failureaccess-1.0.1.jar",
      "hash": "sha256-oXHuTHNN0tqDfksWvp30Zhr6typBra8x64Tf2vk2yiY="
    }
  },
  "com.google.guava:guava-parent:32.1.1-jre": {
    "guava-parent-32.1.1-jre.pom": {
      "url": "https://repo.maven.apache.org/maven2/com/google/guava/guava-parent/32.1.1-jre/guava-parent-32.1.1-jre.pom",
      "hash": "sha256-BqpdGsBo8vgJUw8/9T+1yMlAFSolNiPQtTxPU/WhOj0="
    }
  },
  "com.google.protobuf:protobuf-parent:3.19.6": {
    "protobuf-parent-3.19.6.pom": {
      "url": "https://repo.maven.apache.org/maven2/com/google/protobuf/protobuf-parent/3.19.6/protobuf-parent-3.19.6.pom",
      "hash": "sha256-rM3kgjBu27qah3rfuxBoD+pME2tueX5TupuEaeolqlw="
    }
  },
  "com.google.protobuf:protobuf-bom:3.19.6": {
    "protobuf-bom-3.19.6.pom": {
      "url": "https://repo.maven.apache.org/maven2/com/google/protobuf/protobuf-bom/3.19.6/protobuf-bom-3.19.6.pom",
      "hash": "sha256-8tqbt1IIO0yJDV69ZjFMRyb1M67+dvbCQn6dcfKIIxE="
    }
  },
  "com.fasterxml.woodstox:woodstox-core:6.4.0": {
    "woodstox-core-6.4.0.jar": {
      "url": "https://repo.maven.apache.org/maven2/com/fasterxml/woodstox/woodstox-core/6.4.0/woodstox-core-6.4.0.jar",
      "hash": "sha256-1uufL0AEmnqAi68R/7oHN2SOYv9S/eknHYCOXVeicnk="
    },
    "woodstox-core-6.4.0.pom": {
      "url": "https://repo.maven.apache.org/maven2/com/fasterxml/woodstox/woodstox-core/6.4.0/woodstox-core-6.4.0.pom",
      "hash": "sha256-YoFIIdsM2+xEwe1ZF+b2ZFLRzI3YmVYYeCdf19UiDnk="
    }
  }
}
