{
  "org.jetbrains.kotlin:kotlin-stdlib-jdk7:1.8.22": {
    "kotlin-stdlib-jdk7-1.8.22.jar": {
      "url": "https://repo.maven.apache.org/maven2/org/jetbrains/kotlin/kotlin-stdlib-jdk7/1.8.22/kotlin-stdlib-jdk7-1.8.22.jar",
      "hash": "sha256-BV9cskKH+hBhAJlae0erkhJrgegy6HX1+izwvVVpPQs="
    },
    "kotlin-stdlib-jdk7-1.8.22.jar.asc": {
      "url": "https://repo.maven.apache.org/maven2/org/jetbrains/kotlin/kotlin-stdlib-jdk7/1.8.22/kotlin-stdlib-jdk7-1.8.22.jar.asc",
      "hash": "sha256-yZW1pXyN7QbYbFQ+f7/R0nGhcewEOxC+DQ7l1DPCFgE="
    },
    "kotlin-stdlib-jdk7-1.8.22.pom": {
      "url": "https://repo.maven.apache.org/maven2/org/jetbrains/kotlin/kotlin-stdlib-jdk7/1.8.22/kotlin-stdlib-jdk7-1.8.22.pom",
      "hash": "sha256-T5WKqZPVmE+PXr7UFGVipfOp9pW2BJyfKHOBN5ytqzM="
    },
    "kotlin-stdlib-jdk7-1.8.22.pom.asc": {
      "url": "https://repo.maven.apache.org/maven2/org/jetbrains/kotlin/kotlin-stdlib-jdk7/1.8.22/kotlin-stdlib-jdk7-1.8.22.pom.asc",
      "hash": "sha256-mwu8GpTzSF0U7WFiBQrwtG7dT1FWO3nDG0XOV2hjfk4="
    }
  }
}
