{
  "com.nextcloud:openssl:3.5.6": {
    "openssl-3.5.6.aar": {
      "url": "https://raw.githubusercontent.com/nextcloud/android/stable-33.1.1/app/libs/local-maven/com/nextcloud/openssl/3.5.6/openssl-3.5.6.aar",
      "hash": "sha256-sHiwElmNfIBrUKlx6mks8cOHtLhD/iAUvGqPXmox6I4="
    },
    "openssl-3.5.6.pom": {
      "url": "https://raw.githubusercontent.com/nextcloud/android/stable-33.1.1/app/libs/local-maven/com/nextcloud/openssl/3.5.6/openssl-3.5.6.pom",
      "hash": "sha256-/X9foniD3T4pWf0oac2ad+j3AjEBf4G2ifodhF+XVCQ="
    }
  },
  "com.google.devtools.ksp:symbol-processing-aa-embeddable:2.3.6": {
    "symbol-processing-aa-embeddable-2.3.6.jar": {
      "url": "https://repo1.maven.org/maven2/com/google/devtools/ksp/symbol-processing-aa-embeddable/2.3.6/symbol-processing-aa-embeddable-2.3.6.jar",
      "hash": "sha256-fK6i1CZoCmp3AHvKYNQOockhjz22rp0WxU8P/vxOG1s="
    },
    "symbol-processing-aa-embeddable-2.3.6.pom": {
      "url": "https://repo1.maven.org/maven2/com/google/devtools/ksp/symbol-processing-aa-embeddable/2.3.6/symbol-processing-aa-embeddable-2.3.6.pom",
      "hash": "sha256-oa7nRVgcA+5ZqJYoiODuB5WifGwbVbczJS5SvfHPI/0="
    }
  },
  "org.jetbrains.intellij.deps.kotlinx:kotlinx-coroutines-bom:1.8.0-intellij-14": {
    "kotlinx-coroutines-bom-1.8.0-intellij-14.pom": {
      "url": "https://repo1.maven.org/maven2/org/jetbrains/intellij/deps/kotlinx/kotlinx-coroutines-bom/1.8.0-intellij-14/kotlinx-coroutines-bom-1.8.0-intellij-14.pom",
      "hash": "sha256-HUFjTSKbHviGsEg6F+S225NrRkP5QBqzS+UWCc+6YD0="
    }
  },
  "org.jetbrains.intellij.deps.kotlinx:kotlinx-coroutines-core-jvm:1.8.0-intellij-14": {
    "kotlinx-coroutines-core-jvm-1.8.0-intellij-14.jar": {
      "url": "https://repo1.maven.org/maven2/org/jetbrains/intellij/deps/kotlinx/kotlinx-coroutines-core-jvm/1.8.0-intellij-14/kotlinx-coroutines-core-jvm-1.8.0-intellij-14.jar",
      "hash": "sha256-7wQ4Vu+POHA5FpYPrBacNZ2Y1f69Vx1n/M3+dbo3jeM="
    },
    "kotlinx-coroutines-core-jvm-1.8.0-intellij-14.module": {
      "url": "https://repo1.maven.org/maven2/org/jetbrains/intellij/deps/kotlinx/kotlinx-coroutines-core-jvm/1.8.0-intellij-14/kotlinx-coroutines-core-jvm-1.8.0-intellij-14.module",
      "hash": "sha256-Z3M5jeX7L0MyuzdL5AGgNdLxTBM4/rNEYR81hFmZx/c="
    }
  }
}
