{
  "org.gradle.buildtool.internal:configuration-cache-report:1.19": {
    "configuration-cache-report-1.19.jar": {
      "url": "https://repo.gradle.org/gradle/public/org/gradle/buildtool/internal/configuration-cache-report/1.19/configuration-cache-report-1.19.jar",
      "hash": "sha256-xdrRp/VogbKna0mGf7agGUckDvjGm9EJ+uJiGFIzhKA="
    },
    "configuration-cache-report-1.19.jar.asc": {
      "url": "https://repo.gradle.org/gradle/public/org/gradle/buildtool/internal/configuration-cache-report/1.19/configuration-cache-report-1.19.jar.asc",
      "hash": "sha256-SzWtS4QH3qoFbn/PCW182PPUYszCb/rO4MivoK07X70="
    },
    "configuration-cache-report-1.19.pom": {
      "url": "https://repo.gradle.org/gradle/public/org/gradle/buildtool/internal/configuration-cache-report/1.19/configuration-cache-report-1.19.pom",
      "hash": "sha256-yCLWxQOZLCD+DqTyJBcyGAagPJPASUh7LYXaFIcU8es="
    },
    "configuration-cache-report-1.19.pom.asc": {
      "url": "https://repo.gradle.org/gradle/public/org/gradle/buildtool/internal/configuration-cache-report/1.19/configuration-cache-report-1.19.pom.asc",
      "hash": "sha256-pjcZBoIbHXIqqzHUJZMrOeJKAOqTWrcA3J3l3n6BnHc="
    }
  }
}
