{
  "com.gradle.develocity:com.gradle.develocity.gradle.plugin:3.19.2": {
    "com.gradle.develocity.gradle.plugin-3.19.2.pom": {
      "url": "https://plugins.gradle.org/m2/com/gradle/develocity/com.gradle.develocity.gradle.plugin/3.19.2/com.gradle.develocity.gradle.plugin-3.19.2.pom",
      "hash": "sha256-Dt/bAfUbiENV7jrZ/a7waksPR5eTzYj0qnpoZ5NmDjQ="
    }
  },
  "com.gradle:develocity-gradle-plugin:3.19.2": {
    "develocity-gradle-plugin-3.19.2.jar": {
      "url": "https://plugins.gradle.org/m2/com/gradle/develocity-gradle-plugin/3.19.2/develocity-gradle-plugin-3.19.2.jar",
      "hash": "sha256-/GEeiFipAWGYMeodnv0onbf+oooMo9CRq902M2XZUSs="
    },
    "develocity-gradle-plugin-3.19.2.jar.asc": {
      "url": "https://plugins.gradle.org/m2/com/gradle/develocity-gradle-plugin/3.19.2/develocity-gradle-plugin-3.19.2.jar.asc",
      "hash": "sha256-DNyfNEwtZFqzG3lre1oCplLj1Xnjqvs7QH4N+LMlmeU="
    },
    "develocity-gradle-plugin-3.19.2.module": {
      "url": "https://plugins.gradle.org/m2/com/gradle/develocity-gradle-plugin/3.19.2/develocity-gradle-plugin-3.19.2.module",
      "hash": "sha256-v/C1GHP4JfDi7Y5B71yPoNGAzU4fYESqtdJ69d5/Iqk="
    },
    "develocity-gradle-plugin-3.19.2.module.asc": {
      "url": "https://plugins.gradle.org/m2/com/gradle/develocity-gradle-plugin/3.19.2/develocity-gradle-plugin-3.19.2.module.asc",
      "hash": "sha256-8TzNvCix1dBZt57mPByycLfUn/IMosirMaX5BXiEpb4="
    },
    "develocity-gradle-plugin-3.19.2.pom": {
      "url": "https://plugins.gradle.org/m2/com/gradle/develocity-gradle-plugin/3.19.2/develocity-gradle-plugin-3.19.2.pom",
      "hash": "sha256-o1Kp2Kf3hXwTMQTU60+ijNnayF6af08dyWiuYhE9jvA="
    }
  },
  "com.gradle:gradle-enterprise-gradle-plugin:3.19.2": {
    "gradle-enterprise-gradle-plugin-3.19.2.jar": {
      "url": "https://plugins.gradle.org/m2/com/gradle/gradle-enterprise-gradle-plugin/3.19.2/gradle-enterprise-gradle-plugin-3.19.2.jar",
      "hash": "sha256-w7+rc3swrmPEK2EpakzEt92neYCdwUu/Z1r3HKpq2dw="
    },
    "gradle-enterprise-gradle-plugin-3.19.2.jar.asc": {
      "url": "https://plugins.gradle.org/m2/com/gradle/gradle-enterprise-gradle-plugin/3.19.2/gradle-enterprise-gradle-plugin-3.19.2.jar.asc",
      "hash": "sha256-izHXDnLVfeZboTDgEjvTmHPzHSbeLOoLD/x3POKOpKk="
    },
    "gradle-enterprise-gradle-plugin-3.19.2.module": {
      "url": "https://plugins.gradle.org/m2/com/gradle/gradle-enterprise-gradle-plugin/3.19.2/gradle-enterprise-gradle-plugin-3.19.2.module",
      "hash": "sha256-YnPWI3FcH4LIBC2A6aka6zmVjw8M6Q1IqGU6/Hed3X8="
    },
    "gradle-enterprise-gradle-plugin-3.19.2.module.asc": {
      "url": "https://plugins.gradle.org/m2/com/gradle/gradle-enterprise-gradle-plugin/3.19.2/gradle-enterprise-gradle-plugin-3.19.2.module.asc",
      "hash": "sha256-Ya1B3pY7ng6etDBbvpru7CHBmbZsiefs0BOp6e+tsTU="
    },
    "gradle-enterprise-gradle-plugin-3.19.2.pom": {
      "url": "https://plugins.gradle.org/m2/com/gradle/gradle-enterprise-gradle-plugin/3.19.2/gradle-enterprise-gradle-plugin-3.19.2.pom",
      "hash": "sha256-8nIW+Bl2AIZHrlBERjC5wJKeDvg+9ckVlwOHxSHX5Os="
    }
  },
  "com.gradle:develocity-testing-annotations:2.0.1": {
    "develocity-testing-annotations-2.0.1.jar": {
      "url": "https://repo.maven.apache.org/maven2/com/gradle/develocity-testing-annotations/2.0.1/develocity-testing-annotations-2.0.1.jar",
      "hash": "sha256-R7O0Zd4YtNb7E3phvHK+qunjQc/uD9gafix9RtvENW4="
    },
    "develocity-testing-annotations-2.0.1.jar.asc": {
      "url": "https://repo.maven.apache.org/maven2/com/gradle/develocity-testing-annotations/2.0.1/develocity-testing-annotations-2.0.1.jar.asc",
      "hash": "sha256-Gg1ubwHbm9Y5Sv7n/TL3G2oMghN0k7zu5v7hr9tfJeM="
    },
    "develocity-testing-annotations-2.0.1.module": {
      "url": "https://repo.maven.apache.org/maven2/com/gradle/develocity-testing-annotations/2.0.1/develocity-testing-annotations-2.0.1.module",
      "hash": "sha256-ZIBzdweKtM18FdjnyGsPG//8fhtJGwu5X4ZjMpnOHKI="
    },
    "develocity-testing-annotations-2.0.1.module.asc": {
      "url": "https://repo.maven.apache.org/maven2/com/gradle/develocity-testing-annotations/2.0.1/develocity-testing-annotations-2.0.1.module.asc",
      "hash": "sha256-rJxCskMPxVg1hnjbV4TrD1dLlhKPIUtXdEMD2NsHrZo="
    },
    "develocity-testing-annotations-2.0.1.pom": {
      "url": "https://repo.maven.apache.org/maven2/com/gradle/develocity-testing-annotations/2.0.1/develocity-testing-annotations-2.0.1.pom",
      "hash": "sha256-5sqGKqdZUm+rALHuqYfI+xNKDY8kWtSniZTB6YjskYg="
    }
  },
  "io.github.gradle.gradle-enterprise-conventions-plugin:io.github.gradle.gradle-enterprise-conventions-plugin.gradle.plugin:0.10.3": {
    "io.github.gradle.gradle-enterprise-conventions-plugin.gradle.plugin-0.10.3.pom": {
      "url": "https://plugins.gradle.org/m2/io/github/gradle/gradle-enterprise-conventions-plugin/io.github.gradle.gradle-enterprise-conventions-plugin.gradle.plugin/0.10.3/io.github.gradle.gradle-enterprise-conventions-plugin.gradle.plugin-0.10.3.pom",
      "hash": "sha256-dqg6mcAR9ZK41DsVXvNnmoQrnZMd3ABHBzm1uK9gGjg="
    }
  },
  "io.github.gradle:gradle-enterprise-conventions-plugin:0.10.3": {
    "gradle-enterprise-conventions-plugin-0.10.3.jar": {
      "url": "https://plugins.gradle.org/m2/io/github/gradle/gradle-enterprise-conventions-plugin/0.10.3/gradle-enterprise-conventions-plugin-0.10.3.jar",
      "hash": "sha256-kQWRa8pUnOnBeIIJQkw0hw2JVy19Dcqk2M0lKQuedJI="
    },
    "gradle-enterprise-conventions-plugin-0.10.3.module": {
      "url": "https://plugins.gradle.org/m2/io/github/gradle/gradle-enterprise-conventions-plugin/0.10.3/gradle-enterprise-conventions-plugin-0.10.3.module",
      "hash": "sha256-1P1MaIK5zQccijTpmnvC5BrJk7L5sQkc98VoYuNxg/E="
    },
    "gradle-enterprise-conventions-plugin-0.10.3.pom": {
      "url": "https://plugins.gradle.org/m2/io/github/gradle/gradle-enterprise-conventions-plugin/0.10.3/gradle-enterprise-conventions-plugin-0.10.3.pom",
      "hash": "sha256-m72ODaqmju6FoeERenu4GEq/MzE21KFGQYXuFOGgO7M="
    }
  },
  "com.squareup.okio:okio:3.4.0": {
    "okio-3.4.0-all.jar": {
      "url": "https://repo.maven.apache.org/maven2/com/squareup/okio/okio/3.4.0/okio-3.4.0-all.jar",
      "hash": "sha256-c1cEFvdf0g4SacF8WIiEw9HRCYpc9KFcyuP04asIMp4="
    },
    "okio-3.4.0-all.jar.asc": {
      "url": "https://repo.maven.apache.org/maven2/com/squareup/okio/okio/3.4.0/okio-3.4.0-all.jar.asc",
      "hash": "sha256-r4y3tpUIOKAjRkJjZGAAyYPRHU45qsM1ItMR8g0YG5A="
    },
    "okio-3.4.0.module": {
      "url": "https://plugins.gradle.org/m2/com/squareup/okio/okio/3.4.0/okio-3.4.0.module",
      "hash": "sha256-aRc2CEF6IRPm+mr+t7RUCyDfcM/aP6Fsc6qk+nAv+tM="
    },
    "okio-3.4.0.module.asc": {
      "url": "https://repo.maven.apache.org/maven2/com/squareup/okio/okio/3.4.0/okio-3.4.0.module.asc",
      "hash": "sha256-CjMbWmcRxb1j+l1yvxdZTevczO+2poFlNeXzuaufNdo="
    },
    "okio-3.4.0.pom": {
      "url": "https://repo.maven.apache.org/maven2/com/squareup/okio/okio/3.4.0/okio-3.4.0.pom",
      "hash": "sha256-QOr9s+epasxcFR3pzL7BKFDy37XL53Ph90zrU2JVggM="
    }
  },
  "com.squareup.okio:okio-jvm:3.4.0": {
    "okio-jvm-3.4.0.jar": {
      "url": "https://repo.maven.apache.org/maven2/com/squareup/okio/okio-jvm/3.4.0/okio-jvm-3.4.0.jar",
      "hash": "sha256-ATnselBtu9VMrWIpGwGcuFBTS+CXyMZsEADV++jt7z4="
    },
    "okio-jvm-3.4.0.jar.asc": {
      "url": "https://plugins.gradle.org/m2/com/squareup/okio/okio-jvm/3.4.0/okio-jvm-3.4.0.jar.asc",
      "hash": "sha256-/X9V1J6Lx98XDo+kO5amq7hbgQ8nul/JEEqEXn2hmYk="
    },
    "okio-jvm-3.4.0.module": {
      "url": "https://plugins.gradle.org/m2/com/squareup/okio/okio-jvm/3.4.0/okio-jvm-3.4.0.module",
      "hash": "sha256-b+wTzzNhYANkv8xoAEr3x2DOrx/Bu8yVh0KuTWHbFRI="
    },
    "okio-jvm-3.4.0.module.asc": {
      "url": "https://plugins.gradle.org/m2/com/squareup/okio/okio-jvm/3.4.0/okio-jvm-3.4.0.module.asc",
      "hash": "sha256-VSXVVVv6JUt9E3rsKrjIBlL7b0sbQmjhchS06+JoYNE="
    },
    "okio-jvm-3.4.0.pom": {
      "url": "https://plugins.gradle.org/m2/com/squareup/okio/okio-jvm/3.4.0/okio-jvm-3.4.0.pom",
      "hash": "sha256-ZqiFeYHqbD7IuGE6QJvxLxR5Ze+UmMt6jzcXKMTi2k0="
    }
  },
  "com.amazonaws:aws-java-sdk-core:1.12.783": {
    "aws-java-sdk-core-1.12.783.pom": {
      "url": "https://repo.maven.apache.org/maven2/com/amazonaws/aws-java-sdk-core/1.12.783/aws-java-sdk-core-1.12.783.pom",
      "hash": "sha256-ucvTP6iZgj+8loXzDU8BoxeFn1SaSxOjnXYDFHyJJJc="
    },
    "aws-java-sdk-core-1.12.783.jar": {
      "url": "https://repo.maven.apache.org/maven2/com/amazonaws/aws-java-sdk-core/1.12.783/aws-java-sdk-core-1.12.783.jar",
      "hash": "sha256-MCx1VAIGrttU28V1EB32/ekkoOF/5qGuv1vbLQHiFqE="
    }
  },
  "com.amazonaws:aws-java-sdk-kms:1.12.783": {
    "aws-java-sdk-kms-1.12.783.pom": {
      "url": "https://repo.maven.apache.org/maven2/com/amazonaws/aws-java-sdk-kms/1.12.783/aws-java-sdk-kms-1.12.783.pom",
      "hash": "sha256-c4vAcLbrJhGglT6pdU1L1EVX6bC/+88JY3Wfn0wGaIQ="
    },
    "aws-java-sdk-kms-1.12.783.jar": {
      "url": "https://repo.maven.apache.org/maven2/com/amazonaws/aws-java-sdk-kms/1.12.783/aws-java-sdk-kms-1.12.783.jar",
      "hash": "sha256-P6fMgMLFLL9PIhWbUwt3fdrSZuB7UAzgRURjZBxHM30="
    }
  },
  "com.amazonaws:aws-java-sdk-pom:1.12.783": {
    "aws-java-sdk-pom-1.12.783.pom": {
      "url": "https://repo.maven.apache.org/maven2/com/amazonaws/aws-java-sdk-pom/1.12.783/aws-java-sdk-pom-1.12.783.pom",
      "hash": "sha256-UnPUoClMmULkeghFlDbImEpI2KKDYzkY0rC09uCuduI="
    }
  },
  "com.amazonaws:aws-java-sdk-s3:1.12.783": {
    "aws-java-sdk-s3-1.12.783.pom": {
      "url": "https://repo.maven.apache.org/maven2/com/amazonaws/aws-java-sdk-s3/1.12.783/aws-java-sdk-s3-1.12.783.pom",
      "hash": "sha256-1CUYtgu95GENcsGJ0jlbOyuK3xm60oeqcMEb2i6PiL8="
    },
    "aws-java-sdk-s3-1.12.783.jar": {
      "url": "https://repo.maven.apache.org/maven2/com/amazonaws/aws-java-sdk-s3/1.12.783/aws-java-sdk-s3-1.12.783.jar",
      "hash": "sha256-UJr5kDKMT1lDit4oZfNYIt8nkpVhoWdK7caaXyMzPy8="
    }
  },
  "com.amazonaws:aws-java-sdk-sts:1.12.783": {
    "aws-java-sdk-sts-1.12.783.pom": {
      "url": "https://repo.maven.apache.org/maven2/com/amazonaws/aws-java-sdk-sts/1.12.783/aws-java-sdk-sts-1.12.783.pom",
      "hash": "sha256-2T3Ybn6VCxtQo/oUuWd5yV6tmepVobJRAngYwRicgQA="
    },
    "aws-java-sdk-sts-1.12.783.jar": {
      "url": "https://repo.maven.apache.org/maven2/com/amazonaws/aws-java-sdk-sts/1.12.783/aws-java-sdk-sts-1.12.783.jar",
      "hash": "sha256-mrNjBqEPxnj4ERoJMfbfPk26OdjEny1FQSNkKLtHJ0Y="
    }
  },
  "com.amazonaws:jmespath-java:1.12.783": {
    "jmespath-java-1.12.783.pom": {
      "url": "https://repo.maven.apache.org/maven2/com/amazonaws/jmespath-java/1.12.783/jmespath-java-1.12.783.pom",
      "hash": "sha256-vpK87P0NgMv/L+1RamnKF4zBdEcjsHQMGw2qDqDlC0s="
    },
    "jmespath-java-1.12.783.jar": {
      "url": "https://repo.maven.apache.org/maven2/com/amazonaws/jmespath-java/1.12.783/jmespath-java-1.12.783.jar",
      "hash": "sha256-dHNNoorVecm1GhX7ciT7UXkVevDs45yheW/IHOyRRv4="
    }
  },
  "com.google.guava:guava:32.1.3-jre": {
    "guava-32.1.3-jre.pom": {
      "url": "https://repo.maven.apache.org/maven2/com/google/guava/guava/32.1.3-jre/guava-32.1.3-jre.pom",
      "hash": "sha256-cA5tRudbWTmiKkHCXsK7Ei88vvTv7UXjMS/dy+mT2zM="
    },
    "guava-32.1.3-jre.jar": {
      "url": "https://repo.maven.apache.org/maven2/com/google/guava/guava/32.1.3-jre/guava-32.1.3-jre.jar",
      "hash": "sha256-bU4rWhGKq2Lm5eKdGFoCJO7YLIXECsPTPPBKJww7N0Q="
    },
    "guava-32.1.3-jre.module": {
      "url": "https://repo.maven.apache.org/maven2/com/google/guava/guava/32.1.3-jre/guava-32.1.3-jre.module",
      "hash": "sha256-9f/3ZCwS52J7wUKJ/SZ+JgLBf5WQ4jUiw+YxB/YcKUI="
    }
  },
  "com.google.guava:guava-parent:32.1.3-jre": {
    "guava-parent-32.1.3-jre.pom": {
      "url": "https://repo.maven.apache.org/maven2/com/google/guava/guava-parent/32.1.3-jre/guava-parent-32.1.3-jre.pom",
      "hash": "sha256-8oPB8EiXqaiKP6T/RoBOZeghFICaCc0ECUv33gGxhXs="
    }
  },
  "commons-codec:commons-codec:1.18.0": {
    "commons-codec-1.18.0.pom": {
      "url": "https://repo.maven.apache.org/maven2/commons-codec/commons-codec/1.18.0/commons-codec-1.18.0.pom",
      "hash": "sha256-dLkW2ksDhMYZ5t1MGN7+iqQ4f3lSBSU8+0u7L0WM3c4="
    },
    "commons-codec-1.18.0.jar": {
      "url": "https://repo.maven.apache.org/maven2/commons-codec/commons-codec/1.18.0/commons-codec-1.18.0.jar",
      "hash": "sha256-ugBfMEzvkqPe3iSjitWsm4r8zw2PdYOdbBM4Y0z39uQ="
    }
  },
  "commons-io:commons-io:2.19.0": {
    "commons-io-2.19.0.pom": {
      "url": "https://repo.maven.apache.org/maven2/commons-io/commons-io/2.19.0/commons-io-2.19.0.pom",
      "hash": "sha256-VCt6UC7WGVDRuDEStRsWF9NAfjpN9atWqY12Dg+MWVA="
    },
    "commons-io-2.19.0.jar": {
      "url": "https://repo.maven.apache.org/maven2/commons-io/commons-io/2.19.0/commons-io-2.19.0.jar",
      "hash": "sha256-gkJokZtLYvn0DwjFQ4HeWZOwePWGZ+My0XNIrgGdcrk="
    }
  },
  "io.grpc:grpc-context:1.73.0": {
    "grpc-context-1.73.0.pom": {
      "url": "https://repo.maven.apache.org/maven2/io/grpc/grpc-context/1.73.0/grpc-context-1.73.0.pom",
      "hash": "sha256-LkjSAMxEGnhlHOZa+s3yNqoWI9fLvaoe5s/pk94uCNM="
    },
    "grpc-context-1.73.0.jar": {
      "url": "https://repo.maven.apache.org/maven2/io/grpc/grpc-context/1.73.0/grpc-context-1.73.0.jar",
      "hash": "sha256-2NaRHiJbVVAWkmUScs6WG6W+H3ZmLOt/CqeezOj2PyU="
    }
  },
  "org.apache.ant:ant:1.10.13": {
    "ant-1.10.13.pom": {
      "url": "https://repo.maven.apache.org/maven2/org/apache/ant/ant/1.10.13/ant-1.10.13.pom",
      "hash": "sha256-J5NR7tkLj3QbtIyVvmHD7CRU48ipr7Q7zB0LrB3aE3o="
    },
    "ant-1.10.13.jar": {
      "url": "https://repo.maven.apache.org/maven2/org/apache/ant/ant/1.10.13/ant-1.10.13.jar",
      "hash": "sha256-vvv8eedE6Yks+n25bfO26C3BfSVxr0KqQnl2/CIpmDg="
    }
  },
  "org.apache.ant:ant-junit:1.10.13": {
    "ant-junit-1.10.13.pom": {
      "url": "https://repo.maven.apache.org/maven2/org/apache/ant/ant-junit/1.10.13/ant-junit-1.10.13.pom",
      "hash": "sha256-S6Gwjgho40XgfX+oD4b116GSpQNJqa+6p2gheRq73mA="
    },
    "ant-junit-1.10.13.jar": {
      "url": "https://repo.maven.apache.org/maven2/org/apache/ant/ant-junit/1.10.13/ant-junit-1.10.13.jar",
      "hash": "sha256-AXyba6/fr3OwcJM8n0A0o0o4w7NL3RFn4pNW1H6u7QM="
    }
  },
  "org.apache.ant:ant-launcher:1.10.13": {
    "ant-launcher-1.10.13.pom": {
      "url": "https://repo.maven.apache.org/maven2/org/apache/ant/ant-launcher/1.10.13/ant-launcher-1.10.13.pom",
      "hash": "sha256-ApkvvDgFU1bzyU0B6qJJmcsCoJuqnB/fXqx2t8MVY8o="
    },
    "ant-launcher-1.10.13.jar": {
      "url": "https://repo.maven.apache.org/maven2/org/apache/ant/ant-launcher/1.10.13/ant-launcher-1.10.13.jar",
      "hash": "sha256-zXaVs7+2lkq3G2oLMdrWAAWud/5QITI2Rnmqzwj3eXA="
    }
  },
  "org.apache.ant:ant-parent:1.10.13": {
    "ant-parent-1.10.13.pom": {
      "url": "https://repo.maven.apache.org/maven2/org/apache/ant/ant-parent/1.10.13/ant-parent-1.10.13.pom",
      "hash": "sha256-blv8hwgiFD8f+7LG8I7EiHctsxSlKDMC9IFLEms0aTk="
    }
  },
  "org.apache.commons:commons-compress:1.27.1": {
    "commons-compress-1.27.1.pom": {
      "url": "https://repo.maven.apache.org/maven2/org/apache/commons/commons-compress/1.27.1/commons-compress-1.27.1.pom",
      "hash": "sha256-34zBqDh9TOhCNjtyCf3G0135djg5/T/KtVig+D+dhBw="
    },
    "commons-compress-1.27.1.jar": {
      "url": "https://repo.maven.apache.org/maven2/org/apache/commons/commons-compress/1.27.1/commons-compress-1.27.1.jar",
      "hash": "sha256-KT2A9UtTa3QJXc1+o88KKbv8NAJRkoEzJJX0Qg03DRY="
    }
  },
  "org.apache.maven:maven:3.9.6": {
    "maven-3.9.6.pom": {
      "url": "https://repo.maven.apache.org/maven2/org/apache/maven/maven/3.9.6/maven-3.9.6.pom",
      "hash": "sha256-ugvzJcUpVAWOmnAp5AJzof4GvkpQUw9qTrpGxVih5Kw="
    }
  },
  "org.apache.maven:maven-artifact:3.9.6": {
    "maven-artifact-3.9.6.pom": {
      "url": "https://repo.maven.apache.org/maven2/org/apache/maven/maven-artifact/3.9.6/maven-artifact-3.9.6.pom",
      "hash": "sha256-thCjsCWYK5hXbXZkkArOMTYvAFgnBR82mOZJ0onz/7U="
    },
    "maven-artifact-3.9.6.jar": {
      "url": "https://repo.maven.apache.org/maven2/org/apache/maven/maven-artifact/3.9.6/maven-artifact-3.9.6.jar",
      "hash": "sha256-rXoPtAj45HWFzMDQAR4LUB2Tv8mIjTabvUoEPRlHUHM="
    }
  },
  "org.apache.maven:maven-builder-support:3.9.6": {
    "maven-builder-support-3.9.6.pom": {
      "url": "https://repo.maven.apache.org/maven2/org/apache/maven/maven-builder-support/3.9.6/maven-builder-support-3.9.6.pom",
      "hash": "sha256-fel2uM6xpmr+Jn8qp9YVcA0JxREHqt4hifaf5DNIKlA="
    },
    "maven-builder-support-3.9.6.jar": {
      "url": "https://repo.maven.apache.org/maven2/org/apache/maven/maven-builder-support/3.9.6/maven-builder-support-3.9.6.jar",
      "hash": "sha256-4fTSeERZzoo0udrhgpoZmbVp5IPiHun6pzaGkecpKW4="
    }
  },
  "org.apache.maven:maven-compat:3.9.6": {
    "maven-compat-3.9.6.pom": {
      "url": "https://repo.maven.apache.org/maven2/org/apache/maven/maven-compat/3.9.6/maven-compat-3.9.6.pom",
      "hash": "sha256-QlVjhZOCSB25lUCLPUlC67UbNzuxy7ji4/k6DvLF/nI="
    },
    "maven-compat-3.9.6.jar": {
      "url": "https://repo.maven.apache.org/maven2/org/apache/maven/maven-compat/3.9.6/maven-compat-3.9.6.jar",
      "hash": "sha256-NINNPH0+9DitUYKN5GjhX/LwRbEyaqOvG7W9e/QE+uA="
    }
  },
  "org.apache.maven:maven-core:3.9.6": {
    "maven-core-3.9.6.pom": {
      "url": "https://repo.maven.apache.org/maven2/org/apache/maven/maven-core/3.9.6/maven-core-3.9.6.pom",
      "hash": "sha256-KWAfXyFHkmxt1bLchz9Eb8lwMFadiF85jJjYX2TXJ/s="
    },
    "maven-core-3.9.6.jar": {
      "url": "https://repo.maven.apache.org/maven2/org/apache/maven/maven-core/3.9.6/maven-core-3.9.6.jar",
      "hash": "sha256-wTJ1kDmHWdoZGNvzVuttY/j85xkqgFyzyOM2+7EVXcA="
    }
  },
  "org.apache.maven:maven-model:3.9.6": {
    "maven-model-3.9.6.pom": {
      "url": "https://repo.maven.apache.org/maven2/org/apache/maven/maven-model/3.9.6/maven-model-3.9.6.pom",
      "hash": "sha256-xNfsyyheYhET5UPvKT/SffqNEuoGEh81e8sR69gHrnU="
    },
    "maven-model-3.9.6.jar": {
      "url": "https://repo.maven.apache.org/maven2/org/apache/maven/maven-model/3.9.6/maven-model-3.9.6.jar",
      "hash": "sha256-T48H/ba4cB+omiOi7fgwgI/WWJLZDM5AwObffI8vy2I="
    }
  },
  "org.apache.maven:maven-model-builder:3.9.6": {
    "maven-model-builder-3.9.6.pom": {
      "url": "https://repo.maven.apache.org/maven2/org/apache/maven/maven-model-builder/3.9.6/maven-model-builder-3.9.6.pom",
      "hash": "sha256-yMK3G3CDmPoHecNIR04O/+R3kb/MgPkikhnzCzoqRSw="
    },
    "maven-model-builder-3.9.6.jar": {
      "url": "https://repo.maven.apache.org/maven2/org/apache/maven/maven-model-builder/3.9.6/maven-model-builder-3.9.6.jar",
      "hash": "sha256-X5ba+8QR7ksehCY2jQ0x0Fq1pNrOaYCBQxQqABdZhyE="
    }
  },
  "org.apache.maven:maven-plugin-api:3.9.6": {
    "maven-plugin-api-3.9.6.pom": {
      "url": "https://repo.maven.apache.org/maven2/org/apache/maven/maven-plugin-api/3.9.6/maven-plugin-api-3.9.6.pom",
      "hash": "sha256-ijQV39/YEhGcsAPwtTkDX0b4rh6XghtAMNDXPG8/jLU="
    },
    "maven-plugin-api-3.9.6.jar": {
      "url": "https://repo.maven.apache.org/maven2/org/apache/maven/maven-plugin-api/3.9.6/maven-plugin-api-3.9.6.jar",
      "hash": "sha256-P9Zk9+URRjVhvDQ4IjR2GLjKCVLbhdp4WAkWbwp2JBE="
    }
  },
  "org.apache.maven:maven-repository-metadata:3.9.6": {
    "maven-repository-metadata-3.9.6.pom": {
      "url": "https://repo.maven.apache.org/maven2/org/apache/maven/maven-repository-metadata/3.9.6/maven-repository-metadata-3.9.6.pom",
      "hash": "sha256-p9YnFKkb9KccQDsdi+YShhnyLSJe40Vbu0uhd4QaXmM="
    },
    "maven-repository-metadata-3.9.6.jar": {
      "url": "https://repo.maven.apache.org/maven2/org/apache/maven/maven-repository-metadata/3.9.6/maven-repository-metadata-3.9.6.jar",
      "hash": "sha256-4EemeyBMQ0mUJT4qtb3/X+jLetqTFqw+dUw5+QDqhHs="
    }
  },
  "org.apache.maven:maven-resolver-provider:3.9.6": {
    "maven-resolver-provider-3.9.6.pom": {
      "url": "https://repo.maven.apache.org/maven2/org/apache/maven/maven-resolver-provider/3.9.6/maven-resolver-provider-3.9.6.pom",
      "hash": "sha256-MClkxXvOiAzuftItNXd2GoYUa1qVYrU335MiJduLwLc="
    },
    "maven-resolver-provider-3.9.6.jar": {
      "url": "https://repo.maven.apache.org/maven2/org/apache/maven/maven-resolver-provider/3.9.6/maven-resolver-provider-3.9.6.jar",
      "hash": "sha256-c7ALJEt7nihWVKRedliSv102nad9QrW0tUKRIu0ZijM="
    }
  },
  "org.apache.maven:maven-settings:3.9.6": {
    "maven-settings-3.9.6.pom": {
      "url": "https://repo.maven.apache.org/maven2/org/apache/maven/maven-settings/3.9.6/maven-settings-3.9.6.pom",
      "hash": "sha256-m4Z8wX2E+aDNgY3+uMViPrr+ak3jiShxSjLyIaghy9c="
    },
    "maven-settings-3.9.6.jar": {
      "url": "https://repo.maven.apache.org/maven2/org/apache/maven/maven-settings/3.9.6/maven-settings-3.9.6.jar",
      "hash": "sha256-DSAP07NU1lPSoCzbpqObbcJ0SoU5/zbqQj/mLKxzZ5k="
    }
  },
  "org.apache.maven:maven-settings-builder:3.9.6": {
    "maven-settings-builder-3.9.6.pom": {
      "url": "https://repo.maven.apache.org/maven2/org/apache/maven/maven-settings-builder/3.9.6/maven-settings-builder-3.9.6.pom",
      "hash": "sha256-nf5/B12YUi+T+0Sz+Z35sMtkMeOpL+TE4NUYgMP55eY="
    },
    "maven-settings-builder-3.9.6.jar": {
      "url": "https://repo.maven.apache.org/maven2/org/apache/maven/maven-settings-builder/3.9.6/maven-settings-builder-3.9.6.jar",
      "hash": "sha256-6XzCReTvgzxYn84LWopNd+Og4B5hnFe1NCxeFtN6eR0="
    }
  },
  "org.apache.sshd:sshd:2.15.0": {
    "sshd-2.15.0.pom": {
      "url": "https://repo.maven.apache.org/maven2/org/apache/sshd/sshd/2.15.0/sshd-2.15.0.pom",
      "hash": "sha256-SnqKHKE3Vzi7jaLwIRALHU353YLe2dwoYKmqDsAX7OE="
    }
  },
  "org.apache.sshd:sshd-common:2.15.0": {
    "sshd-common-2.15.0.pom": {
      "url": "https://repo.maven.apache.org/maven2/org/apache/sshd/sshd-common/2.15.0/sshd-common-2.15.0.pom",
      "hash": "sha256-QLkoF8ZzOaMIpy4Z5q3SxAjb0W/OA/lQ0btANQzt9HY="
    },
    "sshd-common-2.15.0.jar": {
      "url": "https://repo.maven.apache.org/maven2/org/apache/sshd/sshd-common/2.15.0/sshd-common-2.15.0.jar",
      "hash": "sha256-lSnd1irqaEyf07iXsVmjUh8SnwbN2yNx+Oko4mqYdlY="
    }
  },
  "org.apache.sshd:sshd-core:2.15.0": {
    "sshd-core-2.15.0.pom": {
      "url": "https://repo.maven.apache.org/maven2/org/apache/sshd/sshd-core/2.15.0/sshd-core-2.15.0.pom",
      "hash": "sha256-6gwJIJnp96g+XVR+SFFBj6IUodjOQt1T1/8gZbrHxsk="
    },
    "sshd-core-2.15.0.jar": {
      "url": "https://repo.maven.apache.org/maven2/org/apache/sshd/sshd-core/2.15.0/sshd-core-2.15.0.jar",
      "hash": "sha256-ARY3KJ7iQM3Z0Cu3eJindyB7DNxVfU6llqTaM6vbIR8="
    }
  },
  "org.apache.sshd:sshd-osgi:2.15.0": {
    "sshd-osgi-2.15.0.pom": {
      "url": "https://repo.maven.apache.org/maven2/org/apache/sshd/sshd-osgi/2.15.0/sshd-osgi-2.15.0.pom",
      "hash": "sha256-yCkG1parWsjOR7hDsuN5ZGJHn6/roeXJUzLLzHeF8o8="
    },
    "sshd-osgi-2.15.0.jar": {
      "url": "https://repo.maven.apache.org/maven2/org/apache/sshd/sshd-osgi/2.15.0/sshd-osgi-2.15.0.jar",
      "hash": "sha256-PIoYP4HhdtnEUsm7lAB1dLyBiERrT8mLUnqnkHTNDdo="
    }
  },
  "org.apache.sshd:sshd-scp:2.15.0": {
    "sshd-scp-2.15.0.pom": {
      "url": "https://repo.maven.apache.org/maven2/org/apache/sshd/sshd-scp/2.15.0/sshd-scp-2.15.0.pom",
      "hash": "sha256-tRZcm6Qkx812GjFrsxAkfB30yRIaONaxt5WIdpiQ0UU="
    },
    "sshd-scp-2.15.0.jar": {
      "url": "https://repo.maven.apache.org/maven2/org/apache/sshd/sshd-scp/2.15.0/sshd-scp-2.15.0.jar",
      "hash": "sha256-ydB2jFZRxfuh1B2EUpqx6bMTBEX40tq7rXH7XR91kxg="
    }
  },
  "org.apache.sshd:sshd-sftp:2.15.0": {
    "sshd-sftp-2.15.0.pom": {
      "url": "https://repo.maven.apache.org/maven2/org/apache/sshd/sshd-sftp/2.15.0/sshd-sftp-2.15.0.pom",
      "hash": "sha256-3BgDkvVWTG/X7MXI7CA0MaZcy2bGzUyJXYjY+ngiMiU="
    },
    "sshd-sftp-2.15.0.jar": {
      "url": "https://repo.maven.apache.org/maven2/org/apache/sshd/sshd-sftp/2.15.0/sshd-sftp-2.15.0.jar",
      "hash": "sha256-Tc9PjMEj3KmAL6mTt1Qwi+OI8T2qbVkUjjjPjQZzlis="
    }
  },
  "org.bouncycastle:bcpg-jdk18on:1.80": {
    "bcpg-jdk18on-1.80.pom": {
      "url": "https://repo.maven.apache.org/maven2/org/bouncycastle/bcpg-jdk18on/1.80/bcpg-jdk18on-1.80.pom",
      "hash": "sha256-B6JGwq2vtih4OhroSsGNTfQCXfBq42NN/pOHq5T56nQ="
    },
    "bcpg-jdk18on-1.80.jar": {
      "url": "https://repo.maven.apache.org/maven2/org/bouncycastle/bcpg-jdk18on/1.80/bcpg-jdk18on-1.80.jar",
      "hash": "sha256-N5mg1TURuGB4CvQ8RK6OBRmvq7JjGVr0AXT0YxLNWL0="
    }
  },
  "org.bouncycastle:bcprov-jdk18on:1.80": {
    "bcprov-jdk18on-1.80.pom": {
      "url": "https://repo.maven.apache.org/maven2/org/bouncycastle/bcprov-jdk18on/1.80/bcprov-jdk18on-1.80.pom",
      "hash": "sha256-oKdcdtkcQh7qVtD2Bi+49j7ff6x+xyT9QgzNytcYHUM="
    },
    "bcprov-jdk18on-1.80.jar": {
      "url": "https://repo.maven.apache.org/maven2/org/bouncycastle/bcprov-jdk18on/1.80/bcprov-jdk18on-1.80.jar",
      "hash": "sha256-6K0gn4xY0pGjfKl1Dp6frGBZaVbJg+Sd2Cgjgd2LMkk="
    }
  },
  "org.bouncycastle:bcutil-jdk18on:1.80": {
    "bcutil-jdk18on-1.80.pom": {
      "url": "https://repo.maven.apache.org/maven2/org/bouncycastle/bcutil-jdk18on/1.80/bcutil-jdk18on-1.80.pom",
      "hash": "sha256-Qhp95L/rnFs4sfxHxCagh9kIeJVdQQf1t6gusde3R7Y="
    },
    "bcutil-jdk18on-1.80.jar": {
      "url": "https://repo.maven.apache.org/maven2/org/bouncycastle/bcutil-jdk18on/1.80/bcutil-jdk18on-1.80.jar",
      "hash": "sha256-Iuymh/eVVBH0Vq8z5uqOaPxzzYDLizKqX3qLGCfXxng="
    }
  },
  "org.junit:junit-bom:5.10.3": {
    "junit-bom-5.10.3.pom": {
      "url": "https://repo.maven.apache.org/maven2/org/junit/junit-bom/5.10.3/junit-bom-5.10.3.pom",
      "hash": "sha256-EJN9RMQlmEy4c5Il00cS4aMUVkHKk6w/fvGG+iX2urw="
    },
    "junit-bom-5.10.3.module": {
      "url": "https://repo.maven.apache.org/maven2/org/junit/junit-bom/5.10.3/junit-bom-5.10.3.module",
      "hash": "sha256-qnlAydaDEuOdiaZShaqa9F8U2PQ02FDujZPbalbRZ7s="
    }
  },
  "io.grpc:grpc-api:1.73.0": {
    "grpc-api-1.73.0.pom": {
      "url": "https://repo.maven.apache.org/maven2/io/grpc/grpc-api/1.73.0/grpc-api-1.73.0.pom",
      "hash": "sha256-hISBtOlZdb0ADZOyTZuWcvvmpqQAqe72vdb6kJG1y7k="
    },
    "grpc-api-1.73.0.jar": {
      "url": "https://repo.maven.apache.org/maven2/io/grpc/grpc-api/1.73.0/grpc-api-1.73.0.jar",
      "hash": "sha256-uuE9TkcWoJVdMWtfy3VYJQQyXlsRrJRrE7ZLT84ZvG4="
    }
  },
  "org.apache:apache:33": {
    "apache-33.pom": {
      "url": "https://repo.maven.apache.org/maven2/org/apache/apache/33/apache-33.pom",
      "hash": "sha256-14vYUkxfg4ChkKZSVoZimpXf5RLfIRETg6bYwJI6RBU="
    }
  },
  "org.apache.commons:commons-parent:72": {
    "commons-parent-72.pom": {
      "url": "https://repo.maven.apache.org/maven2/org/apache/commons/commons-parent/72/commons-parent-72.pom",
      "hash": "sha256-Q0Xev8dnsa6saKvdcvxn0YtSHUs5A3KhG2P/DFhrIyA="
    }
  },
  "org.apache.commons:commons-parent:79": {
    "commons-parent-79.pom": {
      "url": "https://repo.maven.apache.org/maven2/org/apache/commons/commons-parent/79/commons-parent-79.pom",
      "hash": "sha256-Yo3zAUis08SRz8trc8euS1mJ5VJqsTovQo3qXUrRDXo="
    }
  },
  "org.apache.commons:commons-parent:81": {
    "commons-parent-81.pom": {
      "url": "https://repo.maven.apache.org/maven2/org/apache/commons/commons-parent/81/commons-parent-81.pom",
      "hash": "sha256-NI1OfBMb5hFMhUpxnOekQwenw5vTZghJd7JP0prQ7bQ="
    }
  },
  "org.apache.maven:maven-parent:41": {
    "maven-parent-41.pom": {
      "url": "https://repo.maven.apache.org/maven2/org/apache/maven/maven-parent/41/maven-parent-41.pom",
      "hash": "sha256-di/N1M6GIcX6Ciz2SVrSaXKoCT60Mqo+QCvC1OJQDFM="
    }
  },
  "org.junit.platform:junit-platform-commons:1.10.3": {
    "junit-platform-commons-1.10.3.pom": {
      "url": "https://repo.maven.apache.org/maven2/org/junit/platform/junit-platform-commons/1.10.3/junit-platform-commons-1.10.3.pom",
      "hash": "sha256-dZdXLFnxl1Ji+Nj8+I7GeDN2hUvwjOipPZnb3InuQ/k="
    },
    "junit-platform-commons-1.10.3.jar": {
      "url": "https://repo.maven.apache.org/maven2/org/junit/platform/junit-platform-commons/1.10.3/junit-platform-commons-1.10.3.jar",
      "hash": "sha256-l4fwTUnbWTl83XVV1CGlvS0URWZpl9MnuU+F44vtV/E="
    },
    "junit-platform-commons-1.10.3.module": {
      "url": "https://repo.maven.apache.org/maven2/org/junit/platform/junit-platform-commons/1.10.3/junit-platform-commons-1.10.3.module",
      "hash": "sha256-n9gMr9DRm5pTrhnq4Eq94bIwVfQXXXbI52ibzkRImCs="
    }
  },
  "org.junit.platform:junit-platform-engine:1.10.3": {
    "junit-platform-engine-1.10.3.pom": {
      "url": "https://repo.maven.apache.org/maven2/org/junit/platform/junit-platform-engine/1.10.3/junit-platform-engine-1.10.3.pom",
      "hash": "sha256-b5uZvKDBfdwZ9RvAN+OxfKsPx+bx2nA4ejCrTgUgcig="
    },
    "junit-platform-engine-1.10.3.jar": {
      "url": "https://repo.maven.apache.org/maven2/org/junit/platform/junit-platform-engine/1.10.3/junit-platform-engine-1.10.3.jar",
      "hash": "sha256-33wyv3XPR8TI3dGUIJECeUen12XTC3Mf4AgwEV+voTM="
    },
    "junit-platform-engine-1.10.3.module": {
      "url": "https://repo.maven.apache.org/maven2/org/junit/platform/junit-platform-engine/1.10.3/junit-platform-engine-1.10.3.module",
      "hash": "sha256-D7CUb/Z+Q9A2K71CwjRNUUc4nkMVKCN3EW/rZOJrgNE="
    }
  },
  "org.junit.platform:junit-platform-launcher:1.10.3": {
    "junit-platform-launcher-1.10.3.pom": {
      "url": "https://repo.maven.apache.org/maven2/org/junit/platform/junit-platform-launcher/1.10.3/junit-platform-launcher-1.10.3.pom",
      "hash": "sha256-cBNMufwHJ1YgZdX+faWPEF5KHHh36JnUkUm10/j9bRc="
    },
    "junit-platform-launcher-1.10.3.jar": {
      "url": "https://repo.maven.apache.org/maven2/org/junit/platform/junit-platform-launcher/1.10.3/junit-platform-launcher-1.10.3.jar",
      "hash": "sha256-3q7t4vAR6vlPW8aB4E7uL0oPbWl3Hhp5qpUNiYtAXY0="
    },
    "junit-platform-launcher-1.10.3.module": {
      "url": "https://repo.maven.apache.org/maven2/org/junit/platform/junit-platform-launcher/1.10.3/junit-platform-launcher-1.10.3.module",
      "hash": "sha256-t8tPKSY20uTbEbgazAMRJsfOvhLotss9JF6t5/3Qg0M="
    }
  },
  "org.junit:junit-bom:5.11.0-M2": {
    "junit-bom-5.11.0-M2.pom": {
      "url": "https://repo.maven.apache.org/maven2/org/junit/junit-bom/5.11.0-M2/junit-bom-5.11.0-M2.pom",
      "hash": "sha256-Sj/8Sk7c/sLLXWGZInBqlAcWF5hXGTn4VN/ac+ThfMg="
    },
    "junit-bom-5.11.0-M2.module": {
      "url": "https://repo.maven.apache.org/maven2/org/junit/junit-bom/5.11.0-M2/junit-bom-5.11.0-M2.module",
      "hash": "sha256-hkd6vPSQ1soFmqmXPLEI0ipQb0nRpVabsyzGy/Q8LM4="
    }
  },
  "org.junit:junit-bom:5.11.4": {
    "junit-bom-5.11.4.pom": {
      "url": "https://repo.maven.apache.org/maven2/org/junit/junit-bom/5.11.4/junit-bom-5.11.4.pom",
      "hash": "sha256-GdS3R7IEgFMltjNFUylvmGViJ3pKwcteWTpeTE9eQRU="
    },
    "junit-bom-5.11.4.module": {
      "url": "https://repo.maven.apache.org/maven2/org/junit/junit-bom/5.11.4/junit-bom-5.11.4.module",
      "hash": "sha256-qaTye+lOmbnVcBYtJGqA9obSd9XTGutUgQR89R2vRuQ="
    }
  },
  "org.springframework:spring-framework-bom:5.3.39": {
    "spring-framework-bom-5.3.39.pom": {
      "url": "https://repo.maven.apache.org/maven2/org/springframework/spring-framework-bom/5.3.39/spring-framework-bom-5.3.39.pom",
      "hash": "sha256-9tSBCT51dny6Gsfh2zj49pLL4+OHRGkzcada6yHGFIs="
    },
    "spring-framework-bom-5.3.39.module": {
      "url": "https://repo.maven.apache.org/maven2/org/springframework/spring-framework-bom/5.3.39/spring-framework-bom-5.3.39.module",
      "hash": "sha256-+ItA4qUDM7QLQvGB7uJyt17HXdhmbLFFvZCxW5fhg+M="
    }
  },
  "org.apache.commons:commons-lang3:3.17.0": {
    "commons-lang3-3.17.0.pom": {
      "url": "https://repo.maven.apache.org/maven2/org/apache/commons/commons-lang3/3.17.0/commons-lang3-3.17.0.pom",
      "hash": "sha256-NRxuSUDpObHzMN9H9g8Tujg9uB7gCBga9UHzoqbSpWw="
    },
    "commons-lang3-3.17.0.jar": {
      "url": "https://repo.maven.apache.org/maven2/org/apache/commons/commons-lang3/3.17.0/commons-lang3-3.17.0.jar",
      "hash": "sha256-bucx31yOWil2ocoCO2uzIOqNNTn75kyKHVy3ZRJ8M7Q="
    }
  },
  "org.testcontainers:testcontainers-bom:1.20.1": {
    "testcontainers-bom-1.20.1.pom": {
      "url": "https://repo.maven.apache.org/maven2/org/testcontainers/testcontainers-bom/1.20.1/testcontainers-bom-1.20.1.pom",
      "hash": "sha256-CKrS6R3QXKeycG0t/Ap66AxLXFBHAweZyLzbcyfLL0A="
    }
  },
  "org.apache.commons:commons-parent:73": {
    "commons-parent-73.pom": {
      "url": "https://repo.maven.apache.org/maven2/org/apache/commons/commons-parent/73/commons-parent-73.pom",
      "hash": "sha256-TtRFYLB/hEhHnf0eg6Qiuk6D5gs25RsocaxQKm1cG+o="
    }
  },
  "org.junit:junit-bom:5.11.0": {
    "junit-bom-5.11.0.pom": {
      "url": "https://repo.maven.apache.org/maven2/org/junit/junit-bom/5.11.0/junit-bom-5.11.0.pom",
      "hash": "sha256-5nRZ1IgkJKxjdPQNscj0ouiJRrNAugcsgL6TKivkZE0="
    },
    "junit-bom-5.11.0.module": {
      "url": "https://repo.maven.apache.org/maven2/org/junit/junit-bom/5.11.0/junit-bom-5.11.0.module",
      "hash": "sha256-9+2+Z/IgQnCMQQq8VHQI5cR29An1ViNqEXkiEnSi7S0="
    }
  },
  "org.apache.maven.resolver:maven-resolver-api:1.9.18": {
    "maven-resolver-api-1.9.18.pom": {
      "url": "https://repo.maven.apache.org/maven2/org/apache/maven/resolver/maven-resolver-api/1.9.18/maven-resolver-api-1.9.18.pom",
      "hash": "sha256-gpDaoM1/u6B2ewc2hmkig4fKuumaE8NDP71FcGKa44Q="
    },
    "maven-resolver-api-1.9.18.jar": {
      "url": "https://repo.maven.apache.org/maven2/org/apache/maven/resolver/maven-resolver-api/1.9.18/maven-resolver-api-1.9.18.jar",
      "hash": "sha256-6/ueHf7qPCAXkFGEWB4AeHS06qydKL//z+UTPXCsYzk="
    }
  },
  "org.apache.maven.resolver:maven-resolver-impl:1.9.18": {
    "maven-resolver-impl-1.9.18.pom": {
      "url": "https://repo.maven.apache.org/maven2/org/apache/maven/resolver/maven-resolver-impl/1.9.18/maven-resolver-impl-1.9.18.pom",
      "hash": "sha256-v+AWupJWZw0qTvxBz38DwshOg8bq5MdMmXlDKehlvvs="
    },
    "maven-resolver-impl-1.9.18.jar": {
      "url": "https://repo.maven.apache.org/maven2/org/apache/maven/resolver/maven-resolver-impl/1.9.18/maven-resolver-impl-1.9.18.jar",
      "hash": "sha256-a7nJDQBwmABHSchn2i6vV4X8ETmQdxh0nBCXvbKSm/g="
    }
  },
  "org.apache.maven.resolver:maven-resolver-spi:1.9.18": {
    "maven-resolver-spi-1.9.18.pom": {
      "url": "https://repo.maven.apache.org/maven2/org/apache/maven/resolver/maven-resolver-spi/1.9.18/maven-resolver-spi-1.9.18.pom",
      "hash": "sha256-SJwr03bu/geTk6wxTh7g43PkdNIi0oMRpJuD4H9qIAo="
    },
    "maven-resolver-spi-1.9.18.jar": {
      "url": "https://repo.maven.apache.org/maven2/org/apache/maven/resolver/maven-resolver-spi/1.9.18/maven-resolver-spi-1.9.18.jar",
      "hash": "sha256-02T86aF7DgsHPCbvqSr5WynADEKUPc7UoRaKeSP9P+E="
    }
  },
  "org.apache.maven.resolver:maven-resolver-util:1.9.18": {
    "maven-resolver-util-1.9.18.pom": {
      "url": "https://repo.maven.apache.org/maven2/org/apache/maven/resolver/maven-resolver-util/1.9.18/maven-resolver-util-1.9.18.pom",
      "hash": "sha256-qY5q9c3xskVkhq4LuBKOUv7o1plmKa9gYGu8nBqt+Ow="
    },
    "maven-resolver-util-1.9.18.jar": {
      "url": "https://repo.maven.apache.org/maven2/org/apache/maven/resolver/maven-resolver-util/1.9.18/maven-resolver-util-1.9.18.jar",
      "hash": "sha256-LrDqZnvEiThEeCMd2nUWQH1LWyKhOAdyKYcd6TYqeuI="
    }
  },
  "org.eclipse.sisu:org.eclipse.sisu.inject:0.9.0.M2": {
    "org.eclipse.sisu.inject-0.9.0.M2.pom": {
      "url": "https://repo.maven.apache.org/maven2/org/eclipse/sisu/org.eclipse.sisu.inject/0.9.0.M2/org.eclipse.sisu.inject-0.9.0.M2.pom",
      "hash": "sha256-BWZvJ5QRF8yt+rYykRjBw0j4uDjOie0jGCwVHLKUPuk="
    },
    "org.eclipse.sisu.inject-0.9.0.M2.jar": {
      "url": "https://repo.maven.apache.org/maven2/org/eclipse/sisu/org.eclipse.sisu.inject/0.9.0.M2/org.eclipse.sisu.inject-0.9.0.M2.jar",
      "hash": "sha256-m2K8/DUqLsh9qLAeN8lSpU01i7sa8/ISZIrq/nqy27U="
    }
  },
  "org.eclipse.sisu:org.eclipse.sisu.plexus:0.9.0.M2": {
    "org.eclipse.sisu.plexus-0.9.0.M2.pom": {
      "url": "https://repo.maven.apache.org/maven2/org/eclipse/sisu/org.eclipse.sisu.plexus/0.9.0.M2/org.eclipse.sisu.plexus-0.9.0.M2.pom",
      "hash": "sha256-j+tWk+LSsjefn59IPy0rR6tU8PDtIssjLpaMVE93h1I="
    },
    "org.eclipse.sisu.plexus-0.9.0.M2.jar": {
      "url": "https://repo.maven.apache.org/maven2/org/eclipse/sisu/org.eclipse.sisu.plexus/0.9.0.M2/org.eclipse.sisu.plexus-0.9.0.M2.jar",
      "hash": "sha256-lQDTA85GfibRKd2oVZw/OpEnfUGrSdLEtKV3lTamL8E="
    }
  },
  "org.apache.maven.resolver:maven-resolver:1.9.18": {
    "maven-resolver-1.9.18.pom": {
      "url": "https://repo.maven.apache.org/maven2/org/apache/maven/resolver/maven-resolver/1.9.18/maven-resolver-1.9.18.pom",
      "hash": "sha256-+x3U5VTNLbzt6WFSlJIecLGDUz9GeROs2aN4f/3WlDs="
    }
  },
  "org.eclipse.sisu:sisu-inject:0.9.0.M2": {
    "sisu-inject-0.9.0.M2.pom": {
      "url": "https://repo.maven.apache.org/maven2/org/eclipse/sisu/sisu-inject/0.9.0.M2/sisu-inject-0.9.0.M2.pom",
      "hash": "sha256-djD0zU0WIAZ/qD4ddIsBLP+gZV5TgMwOSl4oPTtEH9s="
    }
  },
  "org.eclipse.sisu:sisu-plexus:0.9.0.M2": {
    "sisu-plexus-0.9.0.M2.pom": {
      "url": "https://repo.maven.apache.org/maven2/org/eclipse/sisu/sisu-plexus/0.9.0.M2/sisu-plexus-0.9.0.M2.pom",
      "hash": "sha256-7G6ZQHA2AU+Bo52BxWukDZJMctluQCrRT379KbLHdc0="
    }
  },
  "org.apache.maven.resolver:maven-resolver-named-locks:1.9.18": {
    "maven-resolver-named-locks-1.9.18.pom": {
      "url": "https://repo.maven.apache.org/maven2/org/apache/maven/resolver/maven-resolver-named-locks/1.9.18/maven-resolver-named-locks-1.9.18.pom",
      "hash": "sha256-F0DaU005hHP2xO5MpOkEw0aeqem03ztiX0JMC4B1X0Q="
    },
    "maven-resolver-named-locks-1.9.18.jar": {
      "url": "https://repo.maven.apache.org/maven2/org/apache/maven/resolver/maven-resolver-named-locks/1.9.18/maven-resolver-named-locks-1.9.18.jar",
      "hash": "sha256-CY3nu8Wwsmw+/3SsMP+6ZoD9q5v0rrq5XD9eL+nq7qg="
    }
  },
  "org.scala-sbt:zinc_2.13:1.9.6": {
    "zinc_2.13-1.9.6.pom": {
      "url": "https://repo.maven.apache.org/maven2/org/scala-sbt/zinc_2.13/1.9.6/zinc_2.13-1.9.6.pom",
      "hash": "sha256-KcDKDKkJHVp5g1CJ0VKIzQgI/rjOW465KOkz1OB7h4c="
    },
    "zinc_2.13-1.9.6.jar": {
      "url": "https://repo.maven.apache.org/maven2/org/scala-sbt/zinc_2.13/1.9.6/zinc_2.13-1.9.6.jar",
      "hash": "sha256-8NeZBggcXlmFUbnZaKqcBhrjru+2FAQ8tGALupmPGfo="
    }
  }
}
