{
  "org.yaml:snakeyaml:1.32": {
    "snakeyaml-1.32.jar": {
      "url": "https://repo.maven.apache.org/maven2/org/yaml/snakeyaml/1.32/snakeyaml-1.32.jar",
      "hash": "sha256-RNTzTRQgdgksM/FZonjqYOp0dKA8MDgTiYS0/A7MFdM="
    },
    "snakeyaml-1.32.pom": {
      "url": "https://repo.maven.apache.org/maven2/org/yaml/snakeyaml/1.32/snakeyaml-1.32.pom",
      "hash": "sha256-jpPzefG9QNeTNnY2ylAc6WnH7gjlWVpuAkmXMEE4i5s="
    }
  }
}
