{
  "com.gradle:gradle-enterprise-gradle-plugin:3.10.3": {
    "gradle-enterprise-gradle-plugin-3.10.3.jar": {
      "url": "https://plugins.gradle.org/m2/com/gradle/gradle-enterprise-gradle-plugin/3.10.3/gradle-enterprise-gradle-plugin-3.10.3.jar",
      "hash": "sha256-yxpyr4go55B6ZSec8AWqC5doBwdpbZSW5vz6TcbePME="
    },
    "gradle-enterprise-gradle-plugin-3.10.3.pom": {
      "url": "https://plugins.gradle.org/m2/com/gradle/gradle-enterprise-gradle-plugin/3.10.3/gradle-enterprise-gradle-plugin-3.10.3.pom",
      "hash": "sha256-+pddgNgudISWTkBTHoyB8WCEn99MvaK4aY672s/p08g="
    }
  },
  "com.gradle.enterprise:com.gradle.enterprise.gradle.plugin:3.10.3": {
    "com.gradle.enterprise.gradle.plugin-3.10.3.pom": {
      "url": "https://plugins.gradle.org/m2/com/gradle/enterprise/com.gradle.enterprise.gradle.plugin/3.10.3/com.gradle.enterprise.gradle.plugin-3.10.3.pom",
      "hash": "sha256-OnWNt5WT8hvDUh2QUo/+xC9EgyBjw2SuP3hMpVppdVQ="
    }
  },
  "com.gradle.enterprise:test-distribution-gradle-plugin:2.3.5": {
    "test-distribution-gradle-plugin-2.3.5.jar": {
      "url": "https://plugins.gradle.org/m2/com/gradle/enterprise/test-distribution-gradle-plugin/2.3.5/test-distribution-gradle-plugin-2.3.5.jar",
      "hash": "sha256-gqbEx6ig1/Cgs2o5/XEXmxGoL0i94yqJ3kN4MMK1aP8="
    },
    "test-distribution-gradle-plugin-2.3.5.pom": {
      "url": "https://plugins.gradle.org/m2/com/gradle/enterprise/test-distribution-gradle-plugin/2.3.5/test-distribution-gradle-plugin-2.3.5.pom",
      "hash": "sha256-OTdB8hJ6ambr2MTeUsJiLhqTvDQLOYsNsl64QXfCSq0="
    }
  },
  "com.gradle.enterprise.test-distribution:com.gradle.enterprise.test-distribution.gradle.plugin:2.3.5": {
    "com.gradle.enterprise.test-distribution.gradle.plugin-2.3.5.pom": {
      "url": "https://plugins.gradle.org/m2/com/gradle/enterprise/test-distribution/com.gradle.enterprise.test-distribution.gradle.plugin/2.3.5/com.gradle.enterprise.test-distribution.gradle.plugin-2.3.5.pom",
      "hash": "sha256-wDTUkINONRP9zPoZ2tkKvYrxtdnAmUQvAxm7GtDOpGM="
    }
  },
  "org.gradle.kotlin:gradle-kotlin-dsl-plugins:2.4.1": {
    "gradle-kotlin-dsl-plugins-2.4.1.jar": {
      "url": "https://plugins.gradle.org/m2/org/gradle/kotlin/gradle-kotlin-dsl-plugins/2.4.1/gradle-kotlin-dsl-plugins-2.4.1.jar",
      "hash": "sha256-JNfzhc3//4FkjxEJhoj9Ci8ZhsUoY2QYPAiViSflMH0="
    },
    "gradle-kotlin-dsl-plugins-2.4.1.module": {
      "url": "https://plugins.gradle.org/m2/org/gradle/kotlin/gradle-kotlin-dsl-plugins/2.4.1/gradle-kotlin-dsl-plugins-2.4.1.module",
      "hash": "sha256-N2prq07Pzc9PY0w22pW7XoHIy4IxpMcSMPNN/KnTBj0="
    },
    "gradle-kotlin-dsl-plugins-2.4.1.pom": {
      "url": "https://plugins.gradle.org/m2/org/gradle/kotlin/gradle-kotlin-dsl-plugins/2.4.1/gradle-kotlin-dsl-plugins-2.4.1.pom",
      "hash": "sha256-o4k/dVStm7679Nf7MvhT2+PBWOr7XSQEhSxITT5S5ns="
    }
  },
  "org.gradle.kotlin.kotlin-dsl:org.gradle.kotlin.kotlin-dsl.gradle.plugin:2.4.1": {
    "org.gradle.kotlin.kotlin-dsl.gradle.plugin-2.4.1.pom": {
      "url": "https://plugins.gradle.org/m2/org/gradle/kotlin/kotlin-dsl/org.gradle.kotlin.kotlin-dsl.gradle.plugin/2.4.1/org.gradle.kotlin.kotlin-dsl.gradle.plugin-2.4.1.pom",
      "hash": "sha256-M961VSmxqLrUma4vq3VRcgtBWMpBQXTCn7YfAEBCOlA="
    }
  },
  "org.jetbrains.kotlin:kotlin-gradle-plugin-api:1.7.10": {
    "kotlin-gradle-plugin-api-1.7.10.jar": {
      "url": "https://repo.maven.apache.org/maven2/org/jetbrains/kotlin/kotlin-gradle-plugin-api/1.7.10/kotlin-gradle-plugin-api-1.7.10.jar",
      "hash": "sha256-3SPdtx05GLXRdjzXZC16dRVUjeKUL8P87eIvxzUBMdk="
    },
    "kotlin-gradle-plugin-api-1.7.10-gradle70.jar": {
      "url": "https://repo.maven.apache.org/maven2/org/jetbrains/kotlin/kotlin-gradle-plugin-api/1.7.10/kotlin-gradle-plugin-api-1.7.10-gradle70.jar",
      "hash": "sha256-3SPdtx05GLXRdjzXZC16dRVUjeKUL8P87eIvxzUBMdk="
    },
    "kotlin-gradle-plugin-api-1.7.10.module": {
      "url": "https://repo.maven.apache.org/maven2/org/jetbrains/kotlin/kotlin-gradle-plugin-api/1.7.10/kotlin-gradle-plugin-api-1.7.10.module",
      "hash": "sha256-1h8KdJpJHWnL9e3x6iXFg+IcnqhDh1QM/5QD2eHLuj0="
    },
    "kotlin-gradle-plugin-api-1.7.10.pom": {
      "url": "https://repo.maven.apache.org/maven2/org/jetbrains/kotlin/kotlin-gradle-plugin-api/1.7.10/kotlin-gradle-plugin-api-1.7.10.pom",
      "hash": "sha256-fkAKPiLThWH/+xmzgy3hioUwY8+/HDjoe4Badq+noMw="
    }
  },
  "org.jetbrains.kotlin:kotlin-gradle-plugin-model:1.7.10": {
    "kotlin-gradle-plugin-model-1.7.10.jar": {
      "url": "https://repo.maven.apache.org/maven2/org/jetbrains/kotlin/kotlin-gradle-plugin-model/1.7.10/kotlin-gradle-plugin-model-1.7.10.jar",
      "hash": "sha256-vIEr2YAMY3n5ZXfOqMspa3RquDXDCwR/AxrC/DL0yQg="
    },
    "kotlin-gradle-plugin-model-1.7.10.module": {
      "url": "https://repo.maven.apache.org/maven2/org/jetbrains/kotlin/kotlin-gradle-plugin-model/1.7.10/kotlin-gradle-plugin-model-1.7.10.module",
      "hash": "sha256-EC+stngdOsuP89KzXVJUZ06mPvz+cS6snQwlPzxzKaA="
    },
    "kotlin-gradle-plugin-model-1.7.10.pom": {
      "url": "https://repo.maven.apache.org/maven2/org/jetbrains/kotlin/kotlin-gradle-plugin-model/1.7.10/kotlin-gradle-plugin-model-1.7.10.pom",
      "hash": "sha256-s80e1/8fI+jfXyIqK87D3y2AVYlyhspmoYshc8MSDeI="
    }
  },
  "org.jetbrains.kotlin:kotlin-gradle-plugin:1.7.10": {
    "kotlin-gradle-plugin-1.7.10.jar": {
      "url": "https://repo.maven.apache.org/maven2/org/jetbrains/kotlin/kotlin-gradle-plugin/1.7.10/kotlin-gradle-plugin-1.7.10.jar",
      "hash": "sha256-ZczLaB1g1XKA0ZksYeD84qdN39vCX6wGm9LlTMfuQIg="
    },
    "kotlin-gradle-plugin-1.7.10-gradle70.jar": {
      "url": "https://repo.maven.apache.org/maven2/org/jetbrains/kotlin/kotlin-gradle-plugin/1.7.10/kotlin-gradle-plugin-1.7.10-gradle70.jar",
      "hash": "sha256-k7dkCm2w5xcmAPNdeSpp+7WkKx84zyBn0qwBG95NzNU="
    },
    "kotlin-gradle-plugin-1.7.10.module": {
      "url": "https://repo.maven.apache.org/maven2/org/jetbrains/kotlin/kotlin-gradle-plugin/1.7.10/kotlin-gradle-plugin-1.7.10.module",
      "hash": "sha256-GUXGsUAar4GFDx2ho5dPVpCddV+R3QvNSgNiwNIAARQ="
    },
    "kotlin-gradle-plugin-1.7.10.pom": {
      "url": "https://repo.maven.apache.org/maven2/org/jetbrains/kotlin/kotlin-gradle-plugin/1.7.10/kotlin-gradle-plugin-1.7.10.pom",
      "hash": "sha256-rloaffEDNxcvAwWPFK2nvC9yV+xqvvSij7h5btvIwgQ="
    }
  },
  "org.jetbrains.kotlin:kotlin-gradle-plugin-idea:1.7.10": {
    "kotlin-gradle-plugin-idea-1.7.10.jar": {
      "url": "https://repo.maven.apache.org/maven2/org/jetbrains/kotlin/kotlin-gradle-plugin-idea/1.7.10/kotlin-gradle-plugin-idea-1.7.10.jar",
      "hash": "sha256-5GTi/+Td7e+ikefudG/6mb5I5nJDAMe0h5ixA0JmbUU="
    },
    "kotlin-gradle-plugin-idea-1.7.10.pom": {
      "url": "https://repo.maven.apache.org/maven2/org/jetbrains/kotlin/kotlin-gradle-plugin-idea/1.7.10/kotlin-gradle-plugin-idea-1.7.10.pom",
      "hash": "sha256-y20E+2ENRQj+cAm7c63tQSaUr0QFMxGkO4Bl9OO06yk="
    }
  },
  "org.jetbrains.kotlin:kotlin-klib-commonizer-api:1.7.10": {
    "kotlin-klib-commonizer-api-1.7.10.jar": {
      "url": "https://repo.maven.apache.org/maven2/org/jetbrains/kotlin/kotlin-klib-commonizer-api/1.7.10/kotlin-klib-commonizer-api-1.7.10.jar",
      "hash": "sha256-legvRrgN6LzkQT9rElnDkWpOiJGCDywsofBSCqTTuBE="
    },
    "kotlin-klib-commonizer-api-1.7.10.pom": {
      "url": "https://repo.maven.apache.org/maven2/org/jetbrains/kotlin/kotlin-klib-commonizer-api/1.7.10/kotlin-klib-commonizer-api-1.7.10.pom",
      "hash": "sha256-rLhlaBezFkfu5kYbjRg1IhLIIPdYH1hG9VdKuwn8dzI="
    }
  },
  "org.jetbrains.kotlin:kotlin-native-utils:1.7.10": {
    "kotlin-native-utils-1.7.10.jar": {
      "url": "https://repo.maven.apache.org/maven2/org/jetbrains/kotlin/kotlin-native-utils/1.7.10/kotlin-native-utils-1.7.10.jar",
      "hash": "sha256-cYAgp/Y5zFNqGvFOzZil31Bsl6HEDG5Q86fzv1Jp02A="
    },
    "kotlin-native-utils-1.7.10.pom": {
      "url": "https://repo.maven.apache.org/maven2/org/jetbrains/kotlin/kotlin-native-utils/1.7.10/kotlin-native-utils-1.7.10.pom",
      "hash": "sha256-0uRRb3Q3kGs7MIHF1U5Xjbsm66q+Plutvo9Y71aFLgs="
    }
  },
  "org.jetbrains.kotlin:kotlin-project-model:1.7.10": {
    "kotlin-project-model-1.7.10.jar": {
      "url": "https://repo.maven.apache.org/maven2/org/jetbrains/kotlin/kotlin-project-model/1.7.10/kotlin-project-model-1.7.10.jar",
      "hash": "sha256-I9NljmTvEFIuGlwkUCpnl5j2q0m7ojPfK8jp3+7zrOQ="
    },
    "kotlin-project-model-1.7.10.pom": {
      "url": "https://repo.maven.apache.org/maven2/org/jetbrains/kotlin/kotlin-project-model/1.7.10/kotlin-project-model-1.7.10.pom",
      "hash": "sha256-1V9o1y2FBSlJ3tghjnlo/BlNJ0N3dJtRjqKerimIOkw="
    }
  },
  "org.jetbrains.kotlin:kotlin-reflect:1.7.10": {
    "kotlin-reflect-1.7.10.jar": {
      "url": "https://repo.maven.apache.org/maven2/org/jetbrains/kotlin/kotlin-reflect/1.7.10/kotlin-reflect-1.7.10.jar",
      "hash": "sha256-GHxeWliKbtGMOkG1TfE4pZRBIb2zlr4cP6Sr7mc5eVU="
    },
    "kotlin-reflect-1.7.10.pom": {
      "url": "https://repo.maven.apache.org/maven2/org/jetbrains/kotlin/kotlin-reflect/1.7.10/kotlin-reflect-1.7.10.pom",
      "hash": "sha256-bD+HpozQIkgbUBWlwhtu0BSmc0jTDhA73pcNhP4yjso="
    }
  },
  "org.jetbrains.kotlin:kotlin-sam-with-receiver:1.7.10": {
    "kotlin-sam-with-receiver-1.7.10.jar": {
      "url": "https://repo.maven.apache.org/maven2/org/jetbrains/kotlin/kotlin-sam-with-receiver/1.7.10/kotlin-sam-with-receiver-1.7.10.jar",
      "hash": "sha256-aerm/Mx39F6+dE8jCjNSmVDo8NypAWUWTXRRjdc6ZKA="
    },
    "kotlin-sam-with-receiver-1.7.10-gradle70.jar": {
      "url": "https://repo.maven.apache.org/maven2/org/jetbrains/kotlin/kotlin-sam-with-receiver/1.7.10/kotlin-sam-with-receiver-1.7.10-gradle70.jar",
      "hash": "sha256-aerm/Mx39F6+dE8jCjNSmVDo8NypAWUWTXRRjdc6ZKA="
    },
    "kotlin-sam-with-receiver-1.7.10.module": {
      "url": "https://repo.maven.apache.org/maven2/org/jetbrains/kotlin/kotlin-sam-with-receiver/1.7.10/kotlin-sam-with-receiver-1.7.10.module",
      "hash": "sha256-115fEcC+jBzcZ4xVtE/8t3jGlatZP18MhB59rByy1CU="
    },
    "kotlin-sam-with-receiver-1.7.10.pom": {
      "url": "https://repo.maven.apache.org/maven2/org/jetbrains/kotlin/kotlin-sam-with-receiver/1.7.10/kotlin-sam-with-receiver-1.7.10.pom",
      "hash": "sha256-06RBcBdNHbSyGzzquljkckx4kH2b8omfsrFZPWgDdAc="
    }
  },
  "org.jetbrains.kotlin:kotlin-script-runtime:1.7.10": {
    "kotlin-script-runtime-1.7.10.jar": {
      "url": "https://repo.maven.apache.org/maven2/org/jetbrains/kotlin/kotlin-script-runtime/1.7.10/kotlin-script-runtime-1.7.10.jar",
      "hash": "sha256-hL/Cqk7sZ2gROTDNrvi1ufWaxBOPvKOxEwD/9NB2lQw="
    },
    "kotlin-script-runtime-1.7.10.pom": {
      "url": "https://repo.maven.apache.org/maven2/org/jetbrains/kotlin/kotlin-script-runtime/1.7.10/kotlin-script-runtime-1.7.10.pom",
      "hash": "sha256-uP6+KIx9vMN/psv6gVzc4PWbcMQ9QafTpAt/99+6tmE="
    }
  },
  "org.jetbrains.kotlin:kotlin-scripting-common:1.7.10": {
    "kotlin-scripting-common-1.7.10.jar": {
      "url": "https://repo.maven.apache.org/maven2/org/jetbrains/kotlin/kotlin-scripting-common/1.7.10/kotlin-scripting-common-1.7.10.jar",
      "hash": "sha256-w6NG84o9biQvIxbFp6SmtSbyzEK0Tr1AZUoPiFy8SUA="
    },
    "kotlin-scripting-common-1.7.10.pom": {
      "url": "https://repo.maven.apache.org/maven2/org/jetbrains/kotlin/kotlin-scripting-common/1.7.10/kotlin-scripting-common-1.7.10.pom",
      "hash": "sha256-1S8lin6X7l02kDDOfkmon2vJ03Oj/SOGpejJ8hKp1Rk="
    }
  },
  "org.jetbrains.kotlin:kotlin-scripting-compiler-embeddable:1.7.10": {
    "kotlin-scripting-compiler-embeddable-1.7.10.jar": {
      "url": "https://repo.maven.apache.org/maven2/org/jetbrains/kotlin/kotlin-scripting-compiler-embeddable/1.7.10/kotlin-scripting-compiler-embeddable-1.7.10.jar",
      "hash": "sha256-/Ligs7epUmPauKDM3TT+0CiIcAUR6rtWE/daAHpKqAI="
    },
    "kotlin-scripting-compiler-embeddable-1.7.10.pom": {
      "url": "https://repo.maven.apache.org/maven2/org/jetbrains/kotlin/kotlin-scripting-compiler-embeddable/1.7.10/kotlin-scripting-compiler-embeddable-1.7.10.pom",
      "hash": "sha256-YvmGsIAhF7LaodY6HAHvIURT9dr2hD8aXmtLL3YlMPA="
    }
  },
  "org.jetbrains.kotlin:kotlin-scripting-compiler-impl-embeddable:1.7.10": {
    "kotlin-scripting-compiler-impl-embeddable-1.7.10.jar": {
      "url": "https://repo.maven.apache.org/maven2/org/jetbrains/kotlin/kotlin-scripting-compiler-impl-embeddable/1.7.10/kotlin-scripting-compiler-impl-embeddable-1.7.10.jar",
      "hash": "sha256-cRkgWYXr1yEXn7DzXR1RH5beFPvUjmRlEZ/Kxr/8gJA="
    },
    "kotlin-scripting-compiler-impl-embeddable-1.7.10.pom": {
      "url": "https://repo.maven.apache.org/maven2/org/jetbrains/kotlin/kotlin-scripting-compiler-impl-embeddable/1.7.10/kotlin-scripting-compiler-impl-embeddable-1.7.10.pom",
      "hash": "sha256-XoNi9CNuYgmfJpxR4ML3CNwITFkofmCD53XlXxCj1DA="
    }
  },
  "org.jetbrains.kotlin:kotlin-scripting-jvm:1.7.10": {
    "kotlin-scripting-jvm-1.7.10.jar": {
      "url": "https://repo.maven.apache.org/maven2/org/jetbrains/kotlin/kotlin-scripting-jvm/1.7.10/kotlin-scripting-jvm-1.7.10.jar",
      "hash": "sha256-z4VRHOTib6MobXIvle1U8W8lE6Oc47hfK1Z+V1y0WmA="
    },
    "kotlin-scripting-jvm-1.7.10.pom": {
      "url": "https://repo.maven.apache.org/maven2/org/jetbrains/kotlin/kotlin-scripting-jvm/1.7.10/kotlin-scripting-jvm-1.7.10.pom",
      "hash": "sha256-3CmhFxMtgZG/E4o5EfPAwqC3MKJco6FcmuD9590xDB8="
    }
  },
  "org.jetbrains.kotlin:kotlin-stdlib:1.7.10": {
    "kotlin-stdlib-1.7.10.jar": {
      "url": "https://repo.maven.apache.org/maven2/org/jetbrains/kotlin/kotlin-stdlib/1.7.10/kotlin-stdlib-1.7.10.jar",
      "hash": "sha256-53H+dCUKlD6PY0ZxMgH/HYy5XDpdGpGiK2Wp4E9qiQE="
    },
    "kotlin-stdlib-1.7.10.pom": {
      "url": "https://repo.maven.apache.org/maven2/org/jetbrains/kotlin/kotlin-stdlib/1.7.10/kotlin-stdlib-1.7.10.pom",
      "hash": "sha256-bMDPWivALe4GDruQw1Nfw929ejurIQrOPhQqr4F2TYE="
    }
  },
  "org.jetbrains.kotlin:kotlin-stdlib-common:1.7.10": {
    "kotlin-stdlib-common-1.7.10.jar": {
      "url": "https://repo.maven.apache.org/maven2/org/jetbrains/kotlin/kotlin-stdlib-common/1.7.10/kotlin-stdlib-common-1.7.10.jar",
      "hash": "sha256-GfEC7+lin46rxjhTrRXFM+R8R/kfygkoXFvehuWfkdQ="
    },
    "kotlin-stdlib-common-1.7.10.pom": {
      "url": "https://repo.maven.apache.org/maven2/org/jetbrains/kotlin/kotlin-stdlib-common/1.7.10/kotlin-stdlib-common-1.7.10.pom",
      "hash": "sha256-EBHGO4julM3/XVlpNzB1WbxVA3tzPMAM5jzaPPrgqOs="
    }
  },
  "org.jetbrains.kotlin:kotlin-stdlib-jdk7:1.7.10": {
    "kotlin-stdlib-jdk7-1.7.10.jar": {
      "url": "https://repo.maven.apache.org/maven2/org/jetbrains/kotlin/kotlin-stdlib-jdk7/1.7.10/kotlin-stdlib-jdk7-1.7.10.jar",
      "hash": "sha256-VPYTUbGTatiPTlMFn+eB5yPq5R147Z50Iti0A1dOxoI="
    },
    "kotlin-stdlib-jdk7-1.7.10.pom": {
      "url": "https://repo.maven.apache.org/maven2/org/jetbrains/kotlin/kotlin-stdlib-jdk7/1.7.10/kotlin-stdlib-jdk7-1.7.10.pom",
      "hash": "sha256-Ehg3/gDQA5RMn6qhwl+TzszLA+ud2PENnorfS3p9kNw="
    }
  },
  "org.jetbrains.kotlin:kotlin-stdlib-jdk8:1.7.10": {
    "kotlin-stdlib-jdk8-1.7.10.jar": {
      "url": "https://repo.maven.apache.org/maven2/org/jetbrains/kotlin/kotlin-stdlib-jdk8/1.7.10/kotlin-stdlib-jdk8-1.7.10.jar",
      "hash": "sha256-iq/dYMlPRUyS5QZtJmpe1T7MY8ePYjs/2dtW/qQDKHM="
    },
    "kotlin-stdlib-jdk8-1.7.10.pom": {
      "url": "https://repo.maven.apache.org/maven2/org/jetbrains/kotlin/kotlin-stdlib-jdk8/1.7.10/kotlin-stdlib-jdk8-1.7.10.pom",
      "hash": "sha256-WStSUvAY49vv7KGlNf0jFd2ny5573loG1rQZzzZD1H0="
    }
  },
  "org.jetbrains.kotlin:kotlin-tooling-core:1.7.10": {
    "kotlin-tooling-core-1.7.10.jar": {
      "url": "https://repo.maven.apache.org/maven2/org/jetbrains/kotlin/kotlin-tooling-core/1.7.10/kotlin-tooling-core-1.7.10.jar",
      "hash": "sha256-sGob4iU41tLbSpvm5D3jaRrqpsYFquICKfThvTnApTk="
    },
    "kotlin-tooling-core-1.7.10.pom": {
      "url": "https://repo.maven.apache.org/maven2/org/jetbrains/kotlin/kotlin-tooling-core/1.7.10/kotlin-tooling-core-1.7.10.pom",
      "hash": "sha256-tykc+Syw86nHEMSdaH3WJTDbh51lV3KIMMehiZUibv8="
    }
  },
  "org.jetbrains.kotlin:kotlin-tooling-metadata:1.7.10": {
    "kotlin-tooling-metadata-1.7.10.jar": {
      "url": "https://repo.maven.apache.org/maven2/org/jetbrains/kotlin/kotlin-tooling-metadata/1.7.10/kotlin-tooling-metadata-1.7.10.jar",
      "hash": "sha256-s1lwt0QCXK3bpHdtK9a/r339G+11VM0tIRNLTDh7jS0="
    },
    "kotlin-tooling-metadata-1.7.10.pom": {
      "url": "https://repo.maven.apache.org/maven2/org/jetbrains/kotlin/kotlin-tooling-metadata/1.7.10/kotlin-tooling-metadata-1.7.10.pom",
      "hash": "sha256-PfAQLqY4J2mzQ1Oa8UDjGbi9+l2uB1f99EQnjRVAQVg="
    }
  },
  "org.jetbrains.kotlin:kotlin-util-io:1.7.10": {
    "kotlin-util-io-1.7.10.jar": {
      "url": "https://repo.maven.apache.org/maven2/org/jetbrains/kotlin/kotlin-util-io/1.7.10/kotlin-util-io-1.7.10.jar",
      "hash": "sha256-2KU+xW5c6EyINHF7pEP3s9LtlXZwz8uYTPKqRWoYtEk="
    },
    "kotlin-util-io-1.7.10.pom": {
      "url": "https://repo.maven.apache.org/maven2/org/jetbrains/kotlin/kotlin-util-io/1.7.10/kotlin-util-io-1.7.10.pom",
      "hash": "sha256-vqoiKMDWynKj2lxWabPulM/IUXTHWzeRYo7sYcRvu1w="
    }
  },
  "org.jetbrains.kotlin:kotlin-util-klib:1.7.10": {
    "kotlin-util-klib-1.7.10.jar": {
      "url": "https://repo.maven.apache.org/maven2/org/jetbrains/kotlin/kotlin-util-klib/1.7.10/kotlin-util-klib-1.7.10.jar",
      "hash": "sha256-3J+xTXOfzGyV0QKXicM/MRovZ0xgPlryOTT5FcR/7oU="
    },
    "kotlin-util-klib-1.7.10.pom": {
      "url": "https://repo.maven.apache.org/maven2/org/jetbrains/kotlin/kotlin-util-klib/1.7.10/kotlin-util-klib-1.7.10.pom",
      "hash": "sha256-AM9HQjMfVgSteaaP2sg+iZbKQ4TmaM9RNMXeySFp99k="
    }
  },
  "org.jetbrains.kotlin:kotlin-annotation-processing-gradle:1.7.10": {
    "kotlin-annotation-processing-gradle-1.7.10.jar": {
      "url": "https://repo.maven.apache.org/maven2/org/jetbrains/kotlin/kotlin-annotation-processing-gradle/1.7.10/kotlin-annotation-processing-gradle-1.7.10.jar",
      "hash": "sha256-U1EQVJD2aKRYKWbuFJzNXq8ob3oLTPejASaLi4kQ39E="
    },
    "kotlin-annotation-processing-gradle-1.7.10.pom": {
      "url": "https://repo.maven.apache.org/maven2/org/jetbrains/kotlin/kotlin-annotation-processing-gradle/1.7.10/kotlin-annotation-processing-gradle-1.7.10.pom",
      "hash": "sha256-LwL1LDw1BLD/W43zXoNuYCjuexncsLHjcc2asXCd1U0="
    }
  },
  "org.jetbrains.kotlin:kotlin-android-extensions:1.7.10": {
    "kotlin-android-extensions-1.7.10.jar": {
      "url": "https://repo.maven.apache.org/maven2/org/jetbrains/kotlin/kotlin-android-extensions/1.7.10/kotlin-android-extensions-1.7.10.jar",
      "hash": "sha256-iEirNifoiK3OHKVNDg80jyaZKPMnsaMFqUUMxB9Zlyk="
    },
    "kotlin-android-extensions-1.7.10.pom": {
      "url": "https://repo.maven.apache.org/maven2/org/jetbrains/kotlin/kotlin-android-extensions/1.7.10/kotlin-android-extensions-1.7.10.pom",
      "hash": "sha256-OybP06p2BdzXpE1RuQ7N1KOFuxKnLe7t3M6kC1MxeYM="
    }
  },
  "org.jetbrains.kotlin:kotlin-compiler-embeddable:1.7.10": {
    "kotlin-compiler-embeddable-1.7.10.jar": {
      "url": "https://repo.maven.apache.org/maven2/org/jetbrains/kotlin/kotlin-compiler-embeddable/1.7.10/kotlin-compiler-embeddable-1.7.10.jar",
      "hash": "sha256-RwuolBeU+BijSwqPOH7ifkQmjpWhCDItGNl0muNF4is="
    },
    "kotlin-compiler-embeddable-1.7.10.pom": {
      "url": "https://repo.maven.apache.org/maven2/org/jetbrains/kotlin/kotlin-compiler-embeddable/1.7.10/kotlin-compiler-embeddable-1.7.10.pom",
      "hash": "sha256-uZraP+iIUv3OwzPElf6KzYemvMiu9hAce5OXHLBye5Y="
    }
  },
  "org.jetbrains.kotlin:kotlin-compiler-runner:1.7.10": {
    "kotlin-compiler-runner-1.7.10.jar": {
      "url": "https://repo.maven.apache.org/maven2/org/jetbrains/kotlin/kotlin-compiler-runner/1.7.10/kotlin-compiler-runner-1.7.10.jar",
      "hash": "sha256-X2TJIPrta04UpKLJ9TGk4t8d7vQgHCspZp9RNUVCh4w="
    },
    "kotlin-compiler-runner-1.7.10.pom": {
      "url": "https://repo.maven.apache.org/maven2/org/jetbrains/kotlin/kotlin-compiler-runner/1.7.10/kotlin-compiler-runner-1.7.10.pom",
      "hash": "sha256-89mkg2r9Bc+qRDZscJ9G2LlCa4seetP45xyW4tCsymY="
    }
  },
  "org.jetbrains.kotlin:kotlin-build-common:1.7.10": {
    "kotlin-build-common-1.7.10.jar": {
      "url": "https://repo.maven.apache.org/maven2/org/jetbrains/kotlin/kotlin-build-common/1.7.10/kotlin-build-common-1.7.10.jar",
      "hash": "sha256-UQERPbIG7mX+hlzHzrK6KY/klvpV4/axrNcjSxEOmPc="
    },
    "kotlin-build-common-1.7.10.pom": {
      "url": "https://repo.maven.apache.org/maven2/org/jetbrains/kotlin/kotlin-build-common/1.7.10/kotlin-build-common-1.7.10.pom",
      "hash": "sha256-4p6L+h0bR5rFu0zJxMc9vdUNJ5EXUojj3VAFah6UIqc="
    }
  },
  "org.jetbrains.kotlin:kotlin-daemon-client:1.7.10": {
    "kotlin-daemon-client-1.7.10.jar": {
      "url": "https://repo.maven.apache.org/maven2/org/jetbrains/kotlin/kotlin-daemon-client/1.7.10/kotlin-daemon-client-1.7.10.jar",
      "hash": "sha256-XMJp+eGQpNIO6yGAKsjtMfWfntKQhCO5PmRdbXKiK2U="
    },
    "kotlin-daemon-client-1.7.10.pom": {
      "url": "https://repo.maven.apache.org/maven2/org/jetbrains/kotlin/kotlin-daemon-client/1.7.10/kotlin-daemon-client-1.7.10.pom",
      "hash": "sha256-tel1zKTGmGXK7/pWhIO2xNMKIQsXQDCIABM9X5NI/a0="
    }
  },
  "org.jetbrains.kotlin:kotlin-daemon-embeddable:1.7.10": {
    "kotlin-daemon-embeddable-1.7.10.jar": {
      "url": "https://repo.maven.apache.org/maven2/org/jetbrains/kotlin/kotlin-daemon-embeddable/1.7.10/kotlin-daemon-embeddable-1.7.10.jar",
      "hash": "sha256-d8Xzqx7WU6iZ6Wg1k3qdrzpG5Jb9+mkV/20gspU2GaQ="
    },
    "kotlin-daemon-embeddable-1.7.10.pom": {
      "url": "https://repo.maven.apache.org/maven2/org/jetbrains/kotlin/kotlin-daemon-embeddable/1.7.10/kotlin-daemon-embeddable-1.7.10.pom",
      "hash": "sha256-hrbEP5dK096Qbs7XDiqp325b+GqOClGV7DZ3UUerNVs="
    }
  },
  "org.jetbrains.kotlin:kotlin-stdlib:1.7.0": {
    "kotlin-stdlib-1.7.0.jar": {
      "url": "https://repo.maven.apache.org/maven2/org/jetbrains/kotlin/kotlin-stdlib/1.7.0/kotlin-stdlib-1.7.0.jar",
      "hash": "sha256-qojpYlV3lX8ySaRstuFm7gmzaeYA96EdFI0WsKbYfwU="
    },
    "kotlin-stdlib-1.7.0.pom": {
      "url": "https://repo.maven.apache.org/maven2/org/jetbrains/kotlin/kotlin-stdlib/1.7.0/kotlin-stdlib-1.7.0.pom",
      "hash": "sha256-CsWfu0zZGIqggUYASiUpXDdSCe+rkxJad/UDfpVldk4="
    },
    "kotlin-stdlib-1.7.0.jar.asc": {
      "url": "https://repo.maven.apache.org/maven2/org/jetbrains/kotlin/kotlin-stdlib/1.7.0/kotlin-stdlib-1.7.0.jar.asc",
      "hash": "sha256-FM49cDWVJitfkO0FX5VFpLMEC8Sz3hsfdgDuZ2qi3kQ="
    },
    "kotlin-stdlib-1.7.0.pom.asc": {
      "url": "https://repo.maven.apache.org/maven2/org/jetbrains/kotlin/kotlin-stdlib/1.7.0/kotlin-stdlib-1.7.0.pom.asc",
      "hash": "sha256-Di1c357/0El11fp1o0tZyI4a6zSQZAFq50S0MmAFy7E="
    }
  },
  "org.jetbrains.kotlin:kotlin-stdlib-common:1.7.0": {
    "kotlin-stdlib-common-1.7.0.jar": {
      "url": "https://repo.maven.apache.org/maven2/org/jetbrains/kotlin/kotlin-stdlib-common/1.7.0/kotlin-stdlib-common-1.7.0.jar",
      "hash": "sha256-Wcb/ZP6aZgSvzgPoqqdfg1hsYDCscfsLNO583v7TYY8="
    },
    "kotlin-stdlib-common-1.7.0.pom": {
      "url": "https://repo.maven.apache.org/maven2/org/jetbrains/kotlin/kotlin-stdlib-common/1.7.0/kotlin-stdlib-common-1.7.0.pom",
      "hash": "sha256-JhqZ5S596dKySKuJmKUEbOZB/h4oI39p3xUOxL6aMBo="
    },
    "kotlin-stdlib-common-1.7.0.jar.asc": {
      "url": "https://repo.maven.apache.org/maven2/org/jetbrains/kotlin/kotlin-stdlib-common/1.7.0/kotlin-stdlib-common-1.7.0.jar.asc",
      "hash": "sha256-N2NULX3eCiGESrDX8wlghcAPSmkBcond+p7Gn6+J+PA="
    },
    "kotlin-stdlib-common-1.7.0.pom.asc": {
      "url": "https://repo.maven.apache.org/maven2/org/jetbrains/kotlin/kotlin-stdlib-common/1.7.0/kotlin-stdlib-common-1.7.0.pom.asc",
      "hash": "sha256-ysJl1vgiOsnG4kWRW6+69If7Zog4YPXAWBtHNVhHkj0="
    }
  },
  "com.gradle.publish:plugin-publish-plugin:1.0.0": {
    "plugin-publish-plugin-1.0.0.jar": {
      "url": "https://plugins.gradle.org/m2/com/gradle/publish/plugin-publish-plugin/1.0.0/plugin-publish-plugin-1.0.0.jar",
      "hash": "sha256-NLgauh3AsY+aNbCijoALRgtt8QXcuSiTw6Dngna9dWw="
    },
    "plugin-publish-plugin-1.0.0.pom": {
      "url": "https://plugins.gradle.org/m2/com/gradle/publish/plugin-publish-plugin/1.0.0/plugin-publish-plugin-1.0.0.pom",
      "hash": "sha256-5byeUM/INIeDDE9heFsrPzP2F+5DB3WAcIg/ieQFoUM="
    },
    "plugin-publish-plugin-1.0.0.jar.asc": {
      "url": "https://plugins.gradle.org/m2/com/gradle/publish/plugin-publish-plugin/1.0.0/plugin-publish-plugin-1.0.0.jar.asc",
      "hash": "sha256-cpMqIt1X5q8QGR2d7Loyce/gcWkDUpk0daDEpjGknwc="
    },
    "plugin-publish-plugin-1.0.0.pom.asc": {
      "url": "https://plugins.gradle.org/m2/com/gradle/publish/plugin-publish-plugin/1.0.0/plugin-publish-plugin-1.0.0.pom.asc",
      "hash": "sha256-n8Y4uh58PKwPVH4UQxVTRZSeNS9gz7udY6O8PcLwviQ="
    }
  },
  "org.jetbrains.kotlin:kotlin-scripting-jvm-host:1.7.10": {
    "kotlin-scripting-jvm-host-1.7.10.jar": {
      "url": "https://repo.maven.apache.org/maven2/org/jetbrains/kotlin/kotlin-scripting-jvm-host/1.7.10/kotlin-scripting-jvm-host-1.7.10.jar",
      "hash": "sha256-ZarooNhUfo/gf2X/CeMnPSVGa6m38O4xV826YlF9ybg="
    },
    "kotlin-scripting-jvm-host-1.7.10.pom": {
      "url": "https://repo.maven.apache.org/maven2/org/jetbrains/kotlin/kotlin-scripting-jvm-host/1.7.10/kotlin-scripting-jvm-host-1.7.10.pom",
      "hash": "sha256-Ke07eKx4OavqHsNXC3MPqs9eW+XyTp3YPdLO5uR+Tw8="
    },
    "kotlin-scripting-jvm-host-1.7.10.jar.asc": {
      "url": "https://repo.maven.apache.org/maven2/org/jetbrains/kotlin/kotlin-scripting-jvm-host/1.7.10/kotlin-scripting-jvm-host-1.7.10.jar.asc",
      "hash": "sha256-hOPXyZHDCNs1ViyHn3bLx5XXtmdoNi4GSPA17gub3fE="
    },
    "kotlin-scripting-jvm-host-1.7.10.pom.asc": {
      "url": "https://repo.maven.apache.org/maven2/org/jetbrains/kotlin/kotlin-scripting-jvm-host/1.7.10/kotlin-scripting-jvm-host-1.7.10.pom.asc",
      "hash": "sha256-8iSUi4tZvmP6pjw/Aj7SvO48CtOQPE27F80jKYZ8Cuo="
    }
  },
  "org.jetbrains.kotlin:kotlin-sam-with-receiver-compiler-plugin:1.7.10": {
    "kotlin-sam-with-receiver-compiler-plugin-1.7.10.jar": {
      "url": "https://repo.maven.apache.org/maven2/org/jetbrains/kotlin/kotlin-sam-with-receiver-compiler-plugin/1.7.10/kotlin-sam-with-receiver-compiler-plugin-1.7.10.jar",
      "hash": "sha256-3bO5wCwjYowlI1EZ5qSWRQm97tN7NKAVwZXz5ACY0q4="
    },
    "kotlin-sam-with-receiver-compiler-plugin-1.7.10.pom": {
      "url": "https://repo.maven.apache.org/maven2/org/jetbrains/kotlin/kotlin-sam-with-receiver-compiler-plugin/1.7.10/kotlin-sam-with-receiver-compiler-plugin-1.7.10.pom",
      "hash": "sha256-YIg0Y+ntZIEKsjVll+6dUAF7k+QtcS86ClBC903HO7E="
    },
    "kotlin-sam-with-receiver-compiler-plugin-1.7.10.jar.asc": {
      "url": "https://repo.maven.apache.org/maven2/org/jetbrains/kotlin/kotlin-sam-with-receiver-compiler-plugin/1.7.10/kotlin-sam-with-receiver-compiler-plugin-1.7.10.jar.asc",
      "hash": "sha256-lOI3WHduzQ6TxZIDXwyYKbQERXVn+mG2Y92p/7aXpzo="
    },
    "kotlin-sam-with-receiver-compiler-plugin-1.7.10.pom.asc": {
      "url": "https://repo.maven.apache.org/maven2/org/jetbrains/kotlin/kotlin-sam-with-receiver-compiler-plugin/1.7.10/kotlin-sam-with-receiver-compiler-plugin-1.7.10.pom.asc",
      "hash": "sha256-VA3mG/YXpEB6l/7vbsER6eTi0WtNaiuf9mus2SLc7LU="
    }
  }
}
