{
  "org.gradle.kotlin.kotlin-dsl:org.gradle.kotlin.kotlin-dsl.gradle.plugin:5.2.0": {
    "org.gradle.kotlin.kotlin-dsl.gradle.plugin-5.2.0.pom": {
      "url": "https://plugins.gradle.org/m2/org/gradle/kotlin/kotlin-dsl/org.gradle.kotlin.kotlin-dsl.gradle.plugin/5.2.0/org.gradle.kotlin.kotlin-dsl.gradle.plugin-5.2.0.pom",
      "hash": "sha256-pXu0ObpCYKJW8tYIRx1wgRiQd6Ck3fsCjdGBe+W8Ejc="
    }
  },
  "org.gradle.kotlin.kotlin-dsl:org.gradle.kotlin.kotlin-dsl.gradle.plugin:6.4.2": {
    "org.gradle.kotlin.kotlin-dsl.gradle.plugin-6.4.2.pom": {
      "url": "https://plugins.gradle.org/m2/org/gradle/kotlin/kotlin-dsl/org.gradle.kotlin.kotlin-dsl.gradle.plugin/6.4.2/org.gradle.kotlin.kotlin-dsl.gradle.plugin-6.4.2.pom",
      "hash": "sha256-Xi2xvrvUHGTWc1VEsphssmofxmiX0ZCXnJC1C4fIXfo="
    }
  },
  "com.android.application:com.android.application.gradle.plugin:8.6.0": {
    "com.android.application.gradle.plugin-8.6.0.pom": {
      "url": "https://dl.google.com/dl/android/maven2/com/android/application/com.android.application.gradle.plugin/8.6.0/com.android.application.gradle.plugin-8.6.0.pom",
      "hash": "sha256-YxWsX/vL+59d2dTzc7RQTkFzz7X42fhcm0jDLQwaWJk="
    }
  },
  "com.android.application:com.android.application.gradle.plugin:8.7.0": {
    "com.android.application.gradle.plugin-8.7.0.pom": {
      "url": "https://dl.google.com/dl/android/maven2/com/android/application/com.android.application.gradle.plugin/8.7.0/com.android.application.gradle.plugin-8.7.0.pom",
      "hash": "sha256-7h5ZwC4JeVS67atxKbxn0cANSSfoAFPMLT2TB1hiPQU="
    }
  },
  "com.android.application:com.android.application.gradle.plugin:8.8.0": {
    "com.android.application.gradle.plugin-8.8.0.pom": {
      "url": "https://dl.google.com/dl/android/maven2/com/android/application/com.android.application.gradle.plugin/8.8.0/com.android.application.gradle.plugin-8.8.0.pom",
      "hash": "sha256-9Vt5jRKfLLRRxmlsIIIJ/0R7IDb1btIvWdtwx1wSLnM="
    }
  },
  "com.android.application:com.android.application.gradle.plugin:8.9.0": {
    "com.android.application.gradle.plugin-8.9.0.pom": {
      "url": "https://dl.google.com/dl/android/maven2/com/android/application/com.android.application.gradle.plugin/8.9.0/com.android.application.gradle.plugin-8.9.0.pom",
      "hash": "sha256-yIAhFucxoWxee2Qu5nXveRXXHRMrW0qn9K2fHXXBOtU="
    }
  },
  "com.android.application:com.android.application.gradle.plugin:8.10.0": {
    "com.android.application.gradle.plugin-8.10.0.pom": {
      "url": "https://dl.google.com/dl/android/maven2/com/android/application/com.android.application.gradle.plugin/8.10.0/com.android.application.gradle.plugin-8.10.0.pom",
      "hash": "sha256-2WPDIV9XhiE43r7pKNp+Q6xQ5PgjKymc0uhxwulBk34="
    }
  },
  "com.android.application:com.android.application.gradle.plugin:8.10.1": {
    "com.android.application.gradle.plugin-8.10.1.pom": {
      "url": "https://dl.google.com/dl/android/maven2/com/android/application/com.android.application.gradle.plugin/8.10.1/com.android.application.gradle.plugin-8.10.1.pom",
      "hash": "sha256-qSfr4qimjdyKaYN35rGVLMbKhEx4YidoeA+msNfKdb0="
    }
  },
  "com.android.application:com.android.application.gradle.plugin:8.12.3": {
    "com.android.application.gradle.plugin-8.12.3.pom": {
      "url": "https://dl.google.com/dl/android/maven2/com/android/application/com.android.application.gradle.plugin/8.12.3/com.android.application.gradle.plugin-8.12.3.pom",
      "hash": "sha256-vTQmiK+6uta6Q8P1Mrgv1e18KUwSdH6Sgn57XoOLwpQ="
    }
  },
  "com.android.application:com.android.application.gradle.plugin:9.2.1": {
    "com.android.application.gradle.plugin-9.2.1.pom": {
      "url": "https://dl.google.com/dl/android/maven2/com/android/application/com.android.application.gradle.plugin/9.2.1/com.android.application.gradle.plugin-9.2.1.pom",
      "hash": "sha256-uXtz3iezg9UHPZExTfqGc23aza5P5JjDs1vEnvFNnLI="
    }
  },
  "com.android.library:com.android.library.gradle.plugin:8.6.0": {
    "com.android.library.gradle.plugin-8.6.0.pom": {
      "url": "https://dl.google.com/dl/android/maven2/com/android/library/com.android.library.gradle.plugin/8.6.0/com.android.library.gradle.plugin-8.6.0.pom",
      "hash": "sha256-ZJ8Xz99RNegoDCQQk6QB5YaOWmdab9A95FQ9lI/vMKs="
    }
  },
  "com.android.library:com.android.library.gradle.plugin:8.7.0": {
    "com.android.library.gradle.plugin-8.7.0.pom": {
      "url": "https://dl.google.com/dl/android/maven2/com/android/library/com.android.library.gradle.plugin/8.7.0/com.android.library.gradle.plugin-8.7.0.pom",
      "hash": "sha256-qEI1Ny/YtfAS/MRRwaMWq9jVv/hFLnBVX1pHr2wabOY="
    }
  },
  "com.android.library:com.android.library.gradle.plugin:8.8.0": {
    "com.android.library.gradle.plugin-8.8.0.pom": {
      "url": "https://dl.google.com/dl/android/maven2/com/android/library/com.android.library.gradle.plugin/8.8.0/com.android.library.gradle.plugin-8.8.0.pom",
      "hash": "sha256-XnoS+DsGzPbMKeCDIErQp2tM/VhNslzhfygyqTdMGzE="
    }
  },
  "com.android.library:com.android.library.gradle.plugin:8.9.0": {
    "com.android.library.gradle.plugin-8.9.0.pom": {
      "url": "https://dl.google.com/dl/android/maven2/com/android/library/com.android.library.gradle.plugin/8.9.0/com.android.library.gradle.plugin-8.9.0.pom",
      "hash": "sha256-LO/qhCQCifN2mhPkE+wtYzF4FQdYX7c1895pmy9wgLM="
    }
  },
  "com.android.library:com.android.library.gradle.plugin:8.10.0": {
    "com.android.library.gradle.plugin-8.10.0.pom": {
      "url": "https://dl.google.com/dl/android/maven2/com/android/library/com.android.library.gradle.plugin/8.10.0/com.android.library.gradle.plugin-8.10.0.pom",
      "hash": "sha256-MhJo8KivD3cHKrTILRo8RInL7jrjRtBTTJ2HgAuCNG4="
    }
  },
  "com.android.library:com.android.library.gradle.plugin:8.10.1": {
    "com.android.library.gradle.plugin-8.10.1.pom": {
      "url": "https://dl.google.com/dl/android/maven2/com/android/library/com.android.library.gradle.plugin/8.10.1/com.android.library.gradle.plugin-8.10.1.pom",
      "hash": "sha256-Fe9Dl5UVriTUgHwm75sFCGnWx7zjBjwETlGIu1kK4H4="
    }
  },
  "com.android.library:com.android.library.gradle.plugin:8.12.3": {
    "com.android.library.gradle.plugin-8.12.3.pom": {
      "url": "https://dl.google.com/dl/android/maven2/com/android/library/com.android.library.gradle.plugin/8.12.3/com.android.library.gradle.plugin-8.12.3.pom",
      "hash": "sha256-mO8OH93Eej5FVWmG8GPPBvrJtDuzdx2RWHojUo8eHTo="
    }
  },
  "com.android.tools.build:gradle:8.6.0": {
    "gradle-8.6.0.pom": {
      "url": "https://dl.google.com/dl/android/maven2/com/android/tools/build/gradle/8.6.0/gradle-8.6.0.pom",
      "hash": "sha256-Y0gzgvrHtisB5/vkDurfYEkZoFfOHTslKYSolZYOd9c="
    }
  },
  "com.android.tools.build:gradle:8.7.0": {
    "gradle-8.7.0.pom": {
      "url": "https://dl.google.com/dl/android/maven2/com/android/tools/build/gradle/8.7.0/gradle-8.7.0.pom",
      "hash": "sha256-/W/cIMQKcXosG1+bLUtGNgWxTm4zmLMzEAvw867m69k="
    }
  },
  "com.android.tools.build:gradle:8.8.0": {
    "gradle-8.8.0.pom": {
      "url": "https://dl.google.com/dl/android/maven2/com/android/tools/build/gradle/8.8.0/gradle-8.8.0.pom",
      "hash": "sha256-5s/9sI+zN1J1PWbtEkOuYJjtHeIkTpx5zT8sZJqdaD4="
    }
  },
  "com.android.tools.build:gradle:8.9.0": {
    "gradle-8.9.0.pom": {
      "url": "https://dl.google.com/dl/android/maven2/com/android/tools/build/gradle/8.9.0/gradle-8.9.0.pom",
      "hash": "sha256-/nnw2EcpbSW0SrcxKjZo+cjvdXruBNC0raqbuGiG4EQ="
    }
  },
  "com.android.tools.build:gradle:8.10.0": {
    "gradle-8.10.0.pom": {
      "url": "https://dl.google.com/dl/android/maven2/com/android/tools/build/gradle/8.10.0/gradle-8.10.0.pom",
      "hash": "sha256-IG1jLK9ARC/2YsMUlRZj2fA/lEc3iIfkAaTuEfy5kLI="
    }
  },
  "com.android.tools.build:gradle:8.10.1": {
    "gradle-8.10.1.pom": {
      "url": "https://dl.google.com/dl/android/maven2/com/android/tools/build/gradle/8.10.1/gradle-8.10.1.pom",
      "hash": "sha256-s/0GpKeE8OozaL/b+MG2iLgtiJz5YA2hnwKjp81gFKw="
    }
  },
  "com.android.tools.build:gradle:8.12.3": {
    "gradle-8.12.3.pom": {
      "url": "https://dl.google.com/dl/android/maven2/com/android/tools/build/gradle/8.12.3/gradle-8.12.3.pom",
      "hash": "sha256-g6FEpSFEFs49iKidKQ5Ipdt/JasJV+QdYDK6ZSz1aAE="
    }
  },
  "com.android.tools.build:gradle:9.2.1": {
    "gradle-9.2.1.pom": {
      "url": "https://dl.google.com/dl/android/maven2/com/android/tools/build/gradle/9.2.1/gradle-9.2.1.pom",
      "hash": "sha256-mjU87RAWVq+u6abE/3HYSG6CTJXhG7lDIO08+CB8L9Y="
    }
  },
  "com.android.tools.lint:lint-gradle:31.6.0": {
    "lint-gradle-31.6.0.pom": {
      "url": "https://dl.google.com/dl/android/maven2/com/android/tools/lint/lint-gradle/31.6.0/lint-gradle-31.6.0.pom",
      "hash": "sha256-5j0Vfx/yv2jFHTFcdJ+b1ZLpR00DRUXOJRC5eDgccm4="
    }
  },
  "com.android.tools.lint:lint-gradle:31.7.0": {
    "lint-gradle-31.7.0.pom": {
      "url": "https://dl.google.com/dl/android/maven2/com/android/tools/lint/lint-gradle/31.7.0/lint-gradle-31.7.0.pom",
      "hash": "sha256-AWydc8mTk0Z4G3grHXIzSys7WLS/YR24jyvrXfJ2Kpg="
    }
  },
  "com.android.tools.lint:lint-gradle:31.8.0": {
    "lint-gradle-31.8.0.pom": {
      "url": "https://dl.google.com/dl/android/maven2/com/android/tools/lint/lint-gradle/31.8.0/lint-gradle-31.8.0.pom",
      "hash": "sha256-HcxV63hi8lELa2Z05F6FbQAICLAh77ig78u3FAuHF4U="
    }
  },
  "com.android.tools.lint:lint-gradle:31.9.0": {
    "lint-gradle-31.9.0.pom": {
      "url": "https://dl.google.com/dl/android/maven2/com/android/tools/lint/lint-gradle/31.9.0/lint-gradle-31.9.0.pom",
      "hash": "sha256-egW7WZjuWoXGbksRaPP3eOWt9/7eI+/IJgslXhzACE4="
    }
  },
  "com.android.tools.lint:lint-gradle:31.10.0": {
    "lint-gradle-31.10.0.pom": {
      "url": "https://dl.google.com/dl/android/maven2/com/android/tools/lint/lint-gradle/31.10.0/lint-gradle-31.10.0.pom",
      "hash": "sha256-SRQDZvzCM5sRvq4D0FT8zr6n/6al7fPXZ+yTMpQJI9A="
    }
  },
  "com.android.tools.lint:lint-gradle:31.10.1": {
    "lint-gradle-31.10.1.pom": {
      "url": "https://dl.google.com/dl/android/maven2/com/android/tools/lint/lint-gradle/31.10.1/lint-gradle-31.10.1.pom",
      "hash": "sha256-dIkTwh7N+IgeqSNWlnc5XjVCG5PYX5LqumUfRgj88G4="
    }
  },
  "com.android.tools.lint:lint-gradle:31.12.3": {
    "lint-gradle-31.12.3.pom": {
      "url": "https://dl.google.com/dl/android/maven2/com/android/tools/lint/lint-gradle/31.12.3/lint-gradle-31.12.3.pom",
      "hash": "sha256-cDKvU2pCqawiMG0Fz2/Xmrt04UzGu7h0bYXWNtdb8SU="
    }
  },
  "com.android.tools.lint:lint-gradle:31.13.0": {
    "lint-gradle-31.13.0.pom": {
      "url": "https://dl.google.com/dl/android/maven2/com/android/tools/lint/lint-gradle/31.13.0/lint-gradle-31.13.0.pom",
      "hash": "sha256-wldyxmVXyNl/Ov6VrdQ6UPDhqkvv5cbKfiKwXRMlssU="
    }
  },
  "org.jetbrains.kotlin.android:org.jetbrains.kotlin.android.gradle.plugin:2.0.0": {
    "org.jetbrains.kotlin.android.gradle.plugin-2.0.0.pom": {
      "url": "https://plugins.gradle.org/m2/org/jetbrains/kotlin/android/org.jetbrains.kotlin.android.gradle.plugin/2.0.0/org.jetbrains.kotlin.android.gradle.plugin-2.0.0.pom",
      "hash": "sha256-glSdA6b129Z6+wkB2Ld81ALsOrnWIjqR3mBL6t3c4fg="
    }
  },
  "org.jetbrains.kotlin.android:org.jetbrains.kotlin.android.gradle.plugin:2.0.21": {
    "org.jetbrains.kotlin.android.gradle.plugin-2.0.21.pom": {
      "url": "https://plugins.gradle.org/m2/org/jetbrains/kotlin/android/org.jetbrains.kotlin.android.gradle.plugin/2.0.21/org.jetbrains.kotlin.android.gradle.plugin-2.0.21.pom",
      "hash": "sha256-nYQQN8WWRNxbvoFOeS7Yd060hkbws6d5YE7lwbMH+Wk="
    }
  },
  "org.jetbrains.kotlin.android:org.jetbrains.kotlin.android.gradle.plugin:2.1.0": {
    "org.jetbrains.kotlin.android.gradle.plugin-2.1.0.pom": {
      "url": "https://plugins.gradle.org/m2/org/jetbrains/kotlin/android/org.jetbrains.kotlin.android.gradle.plugin/2.1.0/org.jetbrains.kotlin.android.gradle.plugin-2.1.0.pom",
      "hash": "sha256-luAHs+yyLMbZYX5BRIRTn+W3eyjmZZyMkWtP3fiWHO0="
    }
  },
  "org.jetbrains.kotlin.android:org.jetbrains.kotlin.android.gradle.plugin:2.1.21": {
    "org.jetbrains.kotlin.android.gradle.plugin-2.1.21.pom": {
      "url": "https://plugins.gradle.org/m2/org/jetbrains/kotlin/android/org.jetbrains.kotlin.android.gradle.plugin/2.1.21/org.jetbrains.kotlin.android.gradle.plugin-2.1.21.pom",
      "hash": "sha256-yQJ8PFvvM+juTV1hVDoQQ+lVK3nw861EUldPgCOc2DI="
    }
  },
  "org.jetbrains.kotlin.plugin.serialization:org.jetbrains.kotlin.plugin.serialization.gradle.plugin:2.0.0": {
    "org.jetbrains.kotlin.plugin.serialization.gradle.plugin-2.0.0.pom": {
      "url": "https://plugins.gradle.org/m2/org/jetbrains/kotlin/plugin/serialization/org.jetbrains.kotlin.plugin.serialization.gradle.plugin/2.0.0/org.jetbrains.kotlin.plugin.serialization.gradle.plugin-2.0.0.pom",
      "hash": "sha256-TcS7hPnqQKLQBoVIh6Ob+AAbklS2D8hVhpJAqXxyFmI="
    }
  },
  "org.jetbrains.kotlin.plugin.serialization:org.jetbrains.kotlin.plugin.serialization.gradle.plugin:2.1.0": {
    "org.jetbrains.kotlin.plugin.serialization.gradle.plugin-2.1.0.pom": {
      "url": "https://plugins.gradle.org/m2/org/jetbrains/kotlin/plugin/serialization/org.jetbrains.kotlin.plugin.serialization.gradle.plugin/2.1.0/org.jetbrains.kotlin.plugin.serialization.gradle.plugin-2.1.0.pom",
      "hash": "sha256-DhNlO2nJN6z/dPLQdvUvCVhVJzp0+5L6H7q/w4rAeKo="
    }
  },
  "org.jetbrains.kotlin.plugin.serialization:org.jetbrains.kotlin.plugin.serialization.gradle.plugin:2.1.21": {
    "org.jetbrains.kotlin.plugin.serialization.gradle.plugin-2.1.21.pom": {
      "url": "https://plugins.gradle.org/m2/org/jetbrains/kotlin/plugin/serialization/org.jetbrains.kotlin.plugin.serialization.gradle.plugin/2.1.21/org.jetbrains.kotlin.plugin.serialization.gradle.plugin-2.1.21.pom",
      "hash": "sha256-X5lVwimv4qtP70Bnu1qdZdRHStTwBcqDk481HfSPCTY="
    }
  },
  "org.gradle.toolchains.foojay-resolver-convention:org.gradle.toolchains.foojay-resolver-convention.gradle.plugin:0.8.0": {
    "org.gradle.toolchains.foojay-resolver-convention.gradle.plugin-0.8.0.pom": {
      "url": "https://plugins.gradle.org/m2/org/gradle/toolchains/foojay-resolver-convention/org.gradle.toolchains.foojay-resolver-convention.gradle.plugin/0.8.0/org.gradle.toolchains.foojay-resolver-convention.gradle.plugin-0.8.0.pom",
      "hash": "sha256-O2ciN72cwejoyobvWnkgpnj2nQTS9L+9DFouedRcXLU="
    }
  },
  "org.gradle.toolchains.foojay-resolver-convention:org.gradle.toolchains.foojay-resolver-convention.gradle.plugin:1.0.0": {
    "org.gradle.toolchains.foojay-resolver-convention.gradle.plugin-1.0.0.pom": {
      "url": "https://plugins.gradle.org/m2/org/gradle/toolchains/foojay-resolver-convention/org.gradle.toolchains.foojay-resolver-convention.gradle.plugin/1.0.0/org.gradle.toolchains.foojay-resolver-convention.gradle.plugin-1.0.0.pom",
      "hash": "sha256-8TMkmhh1Suah0nAdANhJsa+6ewaD3bX8GxinAHHOwvo="
    }
  },
  "de.undercouch:gradle-download-task:5.6.0": {
    "gradle-download-task-5.6.0.pom": {
      "url": "https://repo.maven.apache.org/maven2/de/undercouch/gradle-download-task/5.6.0/gradle-download-task-5.6.0.pom",
      "hash": "sha256-RqMBkMaLY9AegKQEQJfCULu8MgmkXw3FpNDioe1bgKc="
    }
  }
}
