{
  "org.gradle.buildtool.internal:configuration-cache-report:1.16": {
    "configuration-cache-report-1.16.jar": {
      "url": "https://repo.gradle.org/gradle/public/org/gradle/buildtool/internal/configuration-cache-report/1.16/configuration-cache-report-1.16.jar",
      "hash": "sha256-dN/PbD0L6BOAmTNhKlBsk2q28Dq6q1Vt1+7Zb1XXtGY="
    },
    "configuration-cache-report-1.16.jar.asc": {
      "url": "https://repo.gradle.org/gradle/public/org/gradle/buildtool/internal/configuration-cache-report/1.16/configuration-cache-report-1.16.jar.asc",
      "hash": "sha256-h5NkcKr8flLPXas9phenXNXHKutz+pIhfwXg7yqZ/BQ="
    },
    "configuration-cache-report-1.16.pom": {
      "url": "https://repo.gradle.org/gradle/public/org/gradle/buildtool/internal/configuration-cache-report/1.16/configuration-cache-report-1.16.pom",
      "hash": "sha256-62PWVOmX79tFXQeY1OUg3CVbaFFt9WIwUqEQfWAMBCE="
    },
    "configuration-cache-report-1.16.pom.asc": {
      "url": "https://repo.gradle.org/gradle/public/org/gradle/buildtool/internal/configuration-cache-report/1.16/configuration-cache-report-1.16.pom.asc",
      "hash": "sha256-oIEeMsCfVWkVtPV3B3WYHa7aVFji4yn5qRx8uNt0oas="
    }
  }
}
